PODS:
  - AFNetworking (2.6.3):
    - AFNetworking/NSURLConnection (= 2.6.3)
    - AFNetworking/NSURLSession (= 2.6.3)
    - AFNetworking/Reachability (= 2.6.3)
    - AFNetworking/Security (= 2.6.3)
    - AFNetworking/Serialization (= 2.6.3)
    - AFNetworking/UIKit (= 2.6.3)
  - AFNetworking/NSURLConnection (2.6.3):
    - AFNetworking/Reachability
    - AFNetworking/Security
    - AFNetworking/Serialization
  - AFNetworking/NSURLSession (2.6.3):
    - AFNetworking/Reachability
    - AFNetworking/Security
    - AFNetworking/Serialization
  - AFNetworking/Reachability (2.6.3)
  - AFNetworking/Security (2.6.3)
  - AFNetworking/Serialization (2.6.3)
  - AFNetworking/UIKit (2.6.3):
    - AFNetworking/NSURLConnection
    - AFNetworking/NSURLSession
  - Alamofire (4.0.1)
  - DGElasticPullToRefresh (1.1)
  - FMDB (2.6.2):
    - FMDB/standard (= 2.6.2)
  - FMDB/standard (2.6.2)
  - FontAwesome.swift (1.0.0)
  - LDProgressView (1.2.1)
  - LTInfiniteScrollViewSwift (0.4.0)
  - Masonry (1.0.2)
  - PKHUD (4.0.0)
  - SDWebImage (3.8.2):
    - SDWebImage/Core (= 3.8.2)
  - SDWebImage/Core (3.8.2)
  - TDImageColors (0.3.1)

DEPENDENCIES:
  - AFNetworking (= 2.6.3)
  - Alamofire (~> 4.0)
  - DGElasticPullToRefresh
  - FMDB
  - FontAwesome.swift
  - LDProgressView (>= 1.1)
  - LTInfiniteScrollViewSwift
  - Masonry
  - PKHUD (~> 4.0)
  - SDWebImage
  - TDImageColors (~> 0.2)

SPEC CHECKSUMS:
  AFNetworking: cb8d14a848e831097108418f5d49217339d4eb60
  Alamofire: 7682d43245de14874acd142ec137b144aa1dd335
  DGElasticPullToRefresh: 28f11a6026302a90f8ffebbc6e24748e584dddd3
  FMDB: 854a0341b4726e53276f2a8996f06f1b80f9259a
  FontAwesome.swift: 2d32a3d62195343c2004b7c9043294ed2948553a
  LDProgressView: f6afc7c30d2a9edf33001515f3189338567a32d2
  LTInfiniteScrollViewSwift: 726501ddfedca36d1513f058f11284d6ccc7c949
  Masonry: 7c429b56da9d4ee0bbb3ed77a5ea710d6a5df39e
  PKHUD: 2bb45c936bb8afa39f3cd33ec14e8cc89f624255
  SDWebImage: 098e97e6176540799c27e804c96653ee0833d13c
  TDImageColors: 73feaadb478d4ffa9c3d5c09e2621f8768aa02f9

PODFILE CHECKSUM: 5012805c4d76f572c0e79cef24fba7cd4cababb5

COCOAPODS: 1.1.1
