PODS:
  - AFNetworking (2.6.3):
    - AFNetworking/NSURLConnection (= 2.6.3)
    - AFNetworking/NSURLSession (= 2.6.3)
    - AFNetworking/Reachability (= 2.6.3)
    - AFNetworking/Security (= 2.6.3)
    - AFNetworking/Serialization (= 2.6.3)
    - AFNetworking/UIKit (= 2.6.3)
  - AFNetworking/NSURLConnection (2.6.3):
    - AFNetworking/Reachability
    - AFNetworking/Security
    - AFNetworking/Serialization
  - AFNetworking/NSURLSession (2.6.3):
    - AFNetworking/Reachability
    - AFNetworking/Security
    - AFNetworking/Serialization
  - AFNetworking/Reachability (2.6.3)
  - AFNetworking/Security (2.6.3)
  - AFNetworking/Serialization (2.6.3)
  - AFNetworking/UIKit (2.6.3):
    - AFNetworking/NSURLConnection
    - AFNetworking/NSURLSession
  - Alamofire (4.5.1)
  - AMap3DMap (5.4.0):
    - AMapFoundation (~> 1.3)
  - AMapFoundation (1.4.2)
  - AMapLocation (2.5.0):
    - AMapFoundation (~> 1.4)
  - AMapNavi (5.3.0):
    - AMap3DMap (>= 5.3.0)
    - AMapFoundation (~> 1.4)
  - AMapSearch (5.4.0):
    - AMapFoundation (~> 1.4)
  - FMDB (2.7.2):
    - FMDB/standard (= 2.7.2)
  - FMDB/standard (2.7.2)
  - FontAwesome.swift (1.3.1)
  - LDProgressView (1.2.1)
  - mob_sharesdk (4.0.4):
    - mob_sharesdk/ShareSDK (= 4.0.4)
    - MOBFoundation
  - mob_sharesdk/ShareSDK (4.0.4):
    - MOBFoundation
  - mob_sharesdk/ShareSDKPlatforms/WeChat (4.0.4):
    - MOBFoundation
  - MOBFoundation (3.0.6)
  - PINCache (3.0.1-beta.5):
    - PINCache/Arc-exception-safe (= 3.0.1-beta.5)
    - PINCache/Core (= 3.0.1-beta.5)
  - PINCache/Arc-exception-safe (3.0.1-beta.5):
    - PINCache/Core
  - PINCache/Core (3.0.1-beta.5):
    - PINOperation (= 1.0.3)
  - PINOperation (1.0.3)
  - PINRemoteImage/Core (3.0.0-beta.12):
    - PINOperation
  - PINRemoteImage/iOS (3.0.0-beta.12):
    - PINRemoteImage/Core
  - PINRemoteImage/PINCache (3.0.0-beta.12):
    - PINCache (= 3.0.1-beta.5)
    - PINRemoteImage/Core
  - PKHUD (5.0.0)
  - PullToRefreshKit (0.7.0)
  - SCLAlertView (0.7.0)
  - SCLAlertView-Objective-C (1.1.2)
  - SDWebImage (4.2.1):
    - SDWebImage/Core (= 4.2.1)
  - SDWebImage/Core (4.2.1)
  - SVProgressHUD (2.2.2)
  - TDImageColors (0.3.1)
  - Texture (2.5.1):
    - Texture/PINRemoteImage (= 2.5.1)
  - Texture/Core (2.5.1)
  - Texture/PINRemoteImage (2.5.1):
    - PINRemoteImage/iOS (= 3.0.0-beta.12)
    - PINRemoteImage/PINCache
    - Texture/Core
  - Then (2.2.1)
  - UMengAnalytics-NO-IDFA (4.2.5)

DEPENDENCIES:
  - AFNetworking (= 2.6.3)
  - Alamofire (~> 4.5)
  - AMapLocation
  - AMapNavi
  - AMapSearch
  - FMDB
  - FontAwesome.swift
  - LDProgressView (>= 1.1)
  - mob_sharesdk
  - mob_sharesdk/ShareSDKPlatforms/WeChat
  - PKHUD (~> 5.0)
  - PullToRefreshKit
  - SCLAlertView
  - SCLAlertView-Objective-C
  - SDWebImage
  - SVProgressHUD
  - TDImageColors (~> 0.2)
  - Texture (>= 2.0)
  - Then (~> 2.1)
  - UMengAnalytics-NO-IDFA

SPEC CHECKSUMS:
  AFNetworking: cb8d14a848e831097108418f5d49217339d4eb60
  Alamofire: 2d95912bf4c34f164fdfc335872e8c312acaea4a
  AMap3DMap: 3eb906ac6b9d488413ab26c24f67eca4b4ad4641
  AMapFoundation: 6c0471c9a6a0ad17dad46e3d800ad56ca170f82a
  AMapLocation: d02bd8c0081b0bc51b2e4cf89925ef57448263c9
  AMapNavi: 3f553beb42afdc4c18b2ca8137f9363038d8783d
  AMapSearch: 97042f81c1c8ea8adc4b1dadf1b1a688210aa141
  FMDB: 6198a90e7b6900cfc046e6bc0ef6ebb7be9236aa
  FontAwesome.swift: 050a75c6b94db0b082f39bde5b111c5c64d62a83
  LDProgressView: f6afc7c30d2a9edf33001515f3189338567a32d2
  mob_sharesdk: b3ac49261b0e56d9e305d473c70bcde2e3a6e8ff
  MOBFoundation: 6f6ec1c2513278551f1a808b5692e983d99e5069
  PINCache: 98e7b1ef782824ad231ade51987c218b758c30d8
  PINOperation: ac23db44796d4a564ecf9b5ea7163510f579b71d
  PINRemoteImage: 0cefe720c2612960bd360710efbd6c73a1991d5f
  PKHUD: 3c001512c6e002091184197a8de7a20420786e3b
  PullToRefreshKit: 8a1de4451090e30094f266393cb4642d4a47d899
  SCLAlertView: 8a14ffc40590c619e183eed2298b854385f30be1
  SCLAlertView-Objective-C: 0e54351fa4f98a5c7c6ad3727e6dbb46784534e5
  SDWebImage: 1fa4c9edf525b744f002db89f3f5a38b3cd4c541
  SVProgressHUD: 59b2d3dabacbd051576d21d32293ca7228dc18b0
  TDImageColors: 73feaadb478d4ffa9c3d5c09e2621f8768aa02f9
  Texture: c3f06e344aa091667b7a56002e525cde674d021a
  Then: 665607ef49c6c3f66c722cd02b7b53745a622f49
  UMengAnalytics-NO-IDFA: 16666e32edce5be44ae5b14aaaa7f3582e09d6ab

PODFILE CHECKSUM: 4f5075db9bd20dd084db1a03d2c0d3c75a788720

COCOAPODS: 1.1.1
