// !$*UTF8*$!
{
	archiveVersion = 1;
	classes = {
	};
	objectVersion = 46;
	objects = {

/* Begin PBXBuildFile section */
		3C5813001BA7EFA00091E4FC /* PCNaviController.m in Sources */ = {isa = PBXBuildFile; fileRef = 3C5812FF1BA7EFA00091E4FC /* PCNaviController.m */; };
		3CA224F41BAFB2080028387F /* AFSoundPlayback.m in Sources */ = {isa = PBXBuildFile; fileRef = 3CA224EB1BAFB2080028387F /* AFSoundPlayback.m */; };
		3CA224F51BAFB2080028387F /* AFSoundItem.m in Sources */ = {isa = PBXBuildFile; fileRef = 3CA224ED1BAFB2080028387F /* AFSoundItem.m */; };
		3CA224F61BAFB2080028387F /* AFSoundQueue.m in Sources */ = {isa = PBXBuildFile; fileRef = 3CA224EF1BAFB2080028387F /* AFSoundQueue.m */; };
		3CA224F71BAFB2080028387F /* AFSoundRecord.m in Sources */ = {isa = PBXBuildFile; fileRef = 3CA224F11BAFB2080028387F /* AFSoundRecord.m */; };
		3CA224F81BAFB2080028387F /* NSTimer+AFSoundManager.m in Sources */ = {isa = PBXBuildFile; fileRef = 3CA224F31BAFB2080028387F /* NSTimer+AFSoundManager.m */; };
		3CA224FE1BAFDCDC0028387F /* CoreMedia.framework in Frameworks */ = {isa = PBXBuildFile; fileRef = 3CA224FD1BAFDCDC0028387F /* CoreMedia.framework */; };
		3CA225001BAFDD140028387F /* point1sec.mp3 in Resources */ = {isa = PBXBuildFile; fileRef = 3CA224FF1BAFDD140028387F /* point1sec.mp3 */; };
		3CB2E2F81BA7B26800805D4F /* main.m in Sources */ = {isa = PBXBuildFile; fileRef = 3CB2E2F71BA7B26800805D4F /* main.m */; };
		3CB2E2FB1BA7B26800805D4F /* AppDelegate.m in Sources */ = {isa = PBXBuildFile; fileRef = 3CB2E2FA1BA7B26800805D4F /* AppDelegate.m */; };
		3CB2E2FE1BA7B26800805D4F /* ViewController.m in Sources */ = {isa = PBXBuildFile; fileRef = 3CB2E2FD1BA7B26800805D4F /* ViewController.m */; };
		3CB2E3011BA7B26800805D4F /* Main.storyboard in Resources */ = {isa = PBXBuildFile; fileRef = 3CB2E2FF1BA7B26800805D4F /* Main.storyboard */; };
		3CB2E3031BA7B26800805D4F /* Images.xcassets in Resources */ = {isa = PBXBuildFile; fileRef = 3CB2E3021BA7B26800805D4F /* Images.xcassets */; };
		3CB2E3061BA7B26800805D4F /* LaunchScreen.xib in Resources */ = {isa = PBXBuildFile; fileRef = 3CB2E3041BA7B26800805D4F /* LaunchScreen.xib */; };
		3CB2E3121BA7B26800805D4F /* PoTunesTests.m in Sources */ = {isa = PBXBuildFile; fileRef = 3CB2E3111BA7B26800805D4F /* PoTunesTests.m */; };
		3CB2E3281BA7CA5D00805D4F /* PCArticleCell.m in Sources */ = {isa = PBXBuildFile; fileRef = 3CB2E3211BA7CA5D00805D4F /* PCArticleCell.m */; };
		3CB2E3291BA7CA5D00805D4F /* LDProgressView.m in Sources */ = {isa = PBXBuildFile; fileRef = 3CB2E3231BA7CA5D00805D4F /* LDProgressView.m */; };
		3CB2E32A1BA7CA5D00805D4F /* PCLabel.m in Sources */ = {isa = PBXBuildFile; fileRef = 3CB2E3251BA7CA5D00805D4F /* PCLabel.m */; };
		3CB2E32B1BA7CA5D00805D4F /* PCButton.m in Sources */ = {isa = PBXBuildFile; fileRef = 3CB2E3271BA7CA5D00805D4F /* PCButton.m */; };
		3CB2E32F1BA7CB7A00805D4F /* UIColor+RGBValues.m in Sources */ = {isa = PBXBuildFile; fileRef = 3CB2E32E1BA7CB7A00805D4F /* UIColor+RGBValues.m */; };
		3CB2E3341BA7CC0700805D4F /* UIImage+Reflection.m in Sources */ = {isa = PBXBuildFile; fileRef = 3CB2E3311BA7CC0700805D4F /* UIImage+Reflection.m */; };
		3CB2E3351BA7CC0700805D4F /* UIView+Geometry.m in Sources */ = {isa = PBXBuildFile; fileRef = 3CB2E3331BA7CC0700805D4F /* UIView+Geometry.m */; };
		3CB2E3391BA7CCF900805D4F /* PCArticleViewController.m in Sources */ = {isa = PBXBuildFile; fileRef = 3CB2E3381BA7CCF900805D4F /* PCArticleViewController.m */; };
		3CB2E34C1BA7CD7C00805D4F /* UIScrollView+MJExtension.m in Sources */ = {isa = PBXBuildFile; fileRef = 3CB2E33D1BA7CD7C00805D4F /* UIScrollView+MJExtension.m */; };
		3CB2E34D1BA7CD7C00805D4F /* UIScrollView+MJRefresh.m in Sources */ = {isa = PBXBuildFile; fileRef = 3CB2E33F1BA7CD7C00805D4F /* UIScrollView+MJRefresh.m */; };
		3CB2E34E1BA7CD7C00805D4F /* UIView+MJExtension.m in Sources */ = {isa = PBXBuildFile; fileRef = 3CB2E3411BA7CD7C00805D4F /* UIView+MJExtension.m */; };
		3CB2E34F1BA7CD7C00805D4F /* MJRefresh.bundle in Resources */ = {isa = PBXBuildFile; fileRef = 3CB2E3421BA7CD7C00805D4F /* MJRefresh.bundle */; };
		3CB2E3501BA7CD7C00805D4F /* MJRefreshBaseView.m in Sources */ = {isa = PBXBuildFile; fileRef = 3CB2E3451BA7CD7C00805D4F /* MJRefreshBaseView.m */; };
		3CB2E3511BA7CD7C00805D4F /* MJRefreshConst.m in Sources */ = {isa = PBXBuildFile; fileRef = 3CB2E3471BA7CD7C00805D4F /* MJRefreshConst.m */; };
		3CB2E3521BA7CD7C00805D4F /* MJRefreshFooterView.m in Sources */ = {isa = PBXBuildFile; fileRef = 3CB2E3491BA7CD7C00805D4F /* MJRefreshFooterView.m */; };
		3CB2E3531BA7CD7C00805D4F /* MJRefreshHeaderView.m in Sources */ = {isa = PBXBuildFile; fileRef = 3CB2E34B1BA7CD7C00805D4F /* MJRefreshHeaderView.m */; };
		3CB2E3571BA7CE1A00805D4F /* PCNavigationController.m in Sources */ = {isa = PBXBuildFile; fileRef = 3CB2E3561BA7CE1A00805D4F /* PCNavigationController.m */; };
		3CB2E37A1BA7CE4000805D4F /* MKAnnotationView+WebCache.m in Sources */ = {isa = PBXBuildFile; fileRef = 3CB2E35A1BA7CE4000805D4F /* MKAnnotationView+WebCache.m */; };
		3CB2E37B1BA7CE4000805D4F /* NSData+ImageContentType.m in Sources */ = {isa = PBXBuildFile; fileRef = 3CB2E35C1BA7CE4000805D4F /* NSData+ImageContentType.m */; };
		3CB2E37C1BA7CE4000805D4F /* SDImageCache.m in Sources */ = {isa = PBXBuildFile; fileRef = 3CB2E35E1BA7CE4000805D4F /* SDImageCache.m */; };
		3CB2E37D1BA7CE4000805D4F /* SDWebImageCompat.m in Sources */ = {isa = PBXBuildFile; fileRef = 3CB2E3601BA7CE4000805D4F /* SDWebImageCompat.m */; };
		3CB2E37E1BA7CE4000805D4F /* SDWebImageDecoder.m in Sources */ = {isa = PBXBuildFile; fileRef = 3CB2E3621BA7CE4000805D4F /* SDWebImageDecoder.m */; };
		3CB2E37F1BA7CE4000805D4F /* SDWebImageDownloader.m in Sources */ = {isa = PBXBuildFile; fileRef = 3CB2E3641BA7CE4000805D4F /* SDWebImageDownloader.m */; };
		3CB2E3801BA7CE4000805D4F /* SDWebImageDownloaderOperation.m in Sources */ = {isa = PBXBuildFile; fileRef = 3CB2E3661BA7CE4000805D4F /* SDWebImageDownloaderOperation.m */; };
		3CB2E3811BA7CE4000805D4F /* SDWebImageManager.m in Sources */ = {isa = PBXBuildFile; fileRef = 3CB2E3681BA7CE4000805D4F /* SDWebImageManager.m */; };
		3CB2E3821BA7CE4000805D4F /* SDWebImagePrefetcher.m in Sources */ = {isa = PBXBuildFile; fileRef = 3CB2E36B1BA7CE4000805D4F /* SDWebImagePrefetcher.m */; };
		3CB2E3831BA7CE4000805D4F /* UIButton+WebCache.m in Sources */ = {isa = PBXBuildFile; fileRef = 3CB2E36D1BA7CE4000805D4F /* UIButton+WebCache.m */; };
		3CB2E3841BA7CE4000805D4F /* UIImage+GIF.m in Sources */ = {isa = PBXBuildFile; fileRef = 3CB2E36F1BA7CE4000805D4F /* UIImage+GIF.m */; };
		3CB2E3851BA7CE4000805D4F /* UIImage+MultiFormat.m in Sources */ = {isa = PBXBuildFile; fileRef = 3CB2E3711BA7CE4000805D4F /* UIImage+MultiFormat.m */; };
		3CB2E3861BA7CE4000805D4F /* UIImage+WebP.m in Sources */ = {isa = PBXBuildFile; fileRef = 3CB2E3731BA7CE4000805D4F /* UIImage+WebP.m */; };
		3CB2E3871BA7CE4000805D4F /* UIImageView+HighlightedWebCache.m in Sources */ = {isa = PBXBuildFile; fileRef = 3CB2E3751BA7CE4000805D4F /* UIImageView+HighlightedWebCache.m */; };
		3CB2E3881BA7CE4000805D4F /* UIImageView+WebCache.m in Sources */ = {isa = PBXBuildFile; fileRef = 3CB2E3771BA7CE4000805D4F /* UIImageView+WebCache.m */; };
		3CB2E3891BA7CE4000805D4F /* UIView+WebCacheOperation.m in Sources */ = {isa = PBXBuildFile; fileRef = 3CB2E3791BA7CE4000805D4F /* UIView+WebCacheOperation.m */; };
		3CB2E3901BA7CEEE00805D4F /* MBProgressHUD.bundle in Resources */ = {isa = PBXBuildFile; fileRef = 3CB2E38B1BA7CEEE00805D4F /* MBProgressHUD.bundle */; };
		3CB2E3911BA7CEEE00805D4F /* MBProgressHUD.m in Sources */ = {isa = PBXBuildFile; fileRef = 3CB2E38D1BA7CEEE00805D4F /* MBProgressHUD.m */; };
		3CB2E3921BA7CEEE00805D4F /* MBProgressHUD+MJ.m in Sources */ = {isa = PBXBuildFile; fileRef = 3CB2E38F1BA7CEEE00805D4F /* MBProgressHUD+MJ.m */; };
		3CB2E3A71BA7CF0D00805D4F /* AFHTTPRequestOperation.m in Sources */ = {isa = PBXBuildFile; fileRef = 3CB2E3951BA7CF0D00805D4F /* AFHTTPRequestOperation.m */; };
		3CB2E3A81BA7CF0D00805D4F /* AFHTTPRequestOperationManager.m in Sources */ = {isa = PBXBuildFile; fileRef = 3CB2E3971BA7CF0D00805D4F /* AFHTTPRequestOperationManager.m */; };
		3CB2E3A91BA7CF0D00805D4F /* AFHTTPSessionManager.m in Sources */ = {isa = PBXBuildFile; fileRef = 3CB2E3991BA7CF0D00805D4F /* AFHTTPSessionManager.m */; };
		3CB2E3AA1BA7CF0D00805D4F /* AFNetworkReachabilityManager.m in Sources */ = {isa = PBXBuildFile; fileRef = 3CB2E39C1BA7CF0D00805D4F /* AFNetworkReachabilityManager.m */; };
		3CB2E3AB1BA7CF0D00805D4F /* AFSecurityPolicy.m in Sources */ = {isa = PBXBuildFile; fileRef = 3CB2E39E1BA7CF0D00805D4F /* AFSecurityPolicy.m */; };
		3CB2E3AC1BA7CF0D00805D4F /* AFURLConnectionOperation.m in Sources */ = {isa = PBXBuildFile; fileRef = 3CB2E3A01BA7CF0D00805D4F /* AFURLConnectionOperation.m */; };
		3CB2E3AD1BA7CF0D00805D4F /* AFURLRequestSerialization.m in Sources */ = {isa = PBXBuildFile; fileRef = 3CB2E3A21BA7CF0D00805D4F /* AFURLRequestSerialization.m */; };
		3CB2E3AE1BA7CF0D00805D4F /* AFURLResponseSerialization.m in Sources */ = {isa = PBXBuildFile; fileRef = 3CB2E3A41BA7CF0D00805D4F /* AFURLResponseSerialization.m */; };
		3CB2E3AF1BA7CF0D00805D4F /* AFURLSessionManager.m in Sources */ = {isa = PBXBuildFile; fileRef = 3CB2E3A61BA7CF0D00805D4F /* AFURLSessionManager.m */; };
		3CB2E3B11BA7CF2200805D4F /* BebasNeue.otf in Resources */ = {isa = PBXBuildFile; fileRef = 3CB2E3B01BA7CF2200805D4F /* BebasNeue.otf */; };
		3CB2E3B91BA7CF7000805D4F /* PCSong.m in Sources */ = {isa = PBXBuildFile; fileRef = 3CB2E3B41BA7CF7000805D4F /* PCSong.m */; };
		3CB2E3BA1BA7CF7000805D4F /* PCPlaylist.m in Sources */ = {isa = PBXBuildFile; fileRef = 3CB2E3B61BA7CF7000805D4F /* PCPlaylist.m */; };
		3CB2E3BB1BA7CF7000805D4F /* PCArticle.m in Sources */ = {isa = PBXBuildFile; fileRef = 3CB2E3B81BA7CF7000805D4F /* PCArticle.m */; };
		3CB2E3BF1BA7CFBA00805D4F /* PCDownloadViewController.m in Sources */ = {isa = PBXBuildFile; fileRef = 3CB2E3BE1BA7CFBA00805D4F /* PCDownloadViewController.m */; };
		3CB2E3C31BA7CFF000805D4F /* PCMyMusicViewController.m in Sources */ = {isa = PBXBuildFile; fileRef = 3CB2E3C21BA7CFF000805D4F /* PCMyMusicViewController.m */; };
		3CB2E3C81BA7D0FC00805D4F /* Reachability.m in Sources */ = {isa = PBXBuildFile; fileRef = 3CB2E3C71BA7D0FC00805D4F /* Reachability.m */; };
		3CB2E3D81BA7D11E00805D4F /* FSAudioController.m in Sources */ = {isa = PBXBuildFile; fileRef = 3CB2E3CB1BA7D11E00805D4F /* FSAudioController.m */; };
		3CB2E3D91BA7D11E00805D4F /* FSAudioStream.mm in Sources */ = {isa = PBXBuildFile; fileRef = 3CB2E3CD1BA7D11E00805D4F /* FSAudioStream.mm */; };
		3CB2E3DA1BA7D11E00805D4F /* FSCheckContentTypeRequest.m in Sources */ = {isa = PBXBuildFile; fileRef = 3CB2E3CF1BA7D11E00805D4F /* FSCheckContentTypeRequest.m */; };
		3CB2E3DB1BA7D11E00805D4F /* FSParsePlaylistRequest.m in Sources */ = {isa = PBXBuildFile; fileRef = 3CB2E3D11BA7D11E00805D4F /* FSParsePlaylistRequest.m */; };
		3CB2E3DC1BA7D11E00805D4F /* FSParseRssPodcastFeedRequest.m in Sources */ = {isa = PBXBuildFile; fileRef = 3CB2E3D31BA7D11E00805D4F /* FSParseRssPodcastFeedRequest.m */; };
		3CB2E3DD1BA7D11E00805D4F /* FSPlaylistItem.m in Sources */ = {isa = PBXBuildFile; fileRef = 3CB2E3D51BA7D11E00805D4F /* FSPlaylistItem.m */; };
		3CB2E3DE1BA7D11E00805D4F /* FSXMLHttpRequest.m in Sources */ = {isa = PBXBuildFile; fileRef = 3CB2E3D71BA7D11E00805D4F /* FSXMLHttpRequest.m */; };
		3CB2E3F21BA7D13B00805D4F /* audio_queue.cpp in Sources */ = {isa = PBXBuildFile; fileRef = 3CB2E3E01BA7D13B00805D4F /* audio_queue.cpp */; };
		3CB2E3F31BA7D13B00805D4F /* audio_stream.cpp in Sources */ = {isa = PBXBuildFile; fileRef = 3CB2E3E21BA7D13B00805D4F /* audio_stream.cpp */; };
		3CB2E3F41BA7D13B00805D4F /* caching_stream.cpp in Sources */ = {isa = PBXBuildFile; fileRef = 3CB2E3E41BA7D13B00805D4F /* caching_stream.cpp */; };
		3CB2E3F51BA7D13B00805D4F /* file_output.cpp in Sources */ = {isa = PBXBuildFile; fileRef = 3CB2E3E61BA7D13B00805D4F /* file_output.cpp */; };
		3CB2E3F61BA7D13B00805D4F /* file_stream.cpp in Sources */ = {isa = PBXBuildFile; fileRef = 3CB2E3E81BA7D13B00805D4F /* file_stream.cpp */; };
		3CB2E3F71BA7D13B00805D4F /* http_stream.cpp in Sources */ = {isa = PBXBuildFile; fileRef = 3CB2E3EA1BA7D13B00805D4F /* http_stream.cpp */; };
		3CB2E3F81BA7D13B00805D4F /* id3_parser.cpp in Sources */ = {isa = PBXBuildFile; fileRef = 3CB2E3EC1BA7D13B00805D4F /* id3_parser.cpp */; };
		3CB2E3F91BA7D13B00805D4F /* input_stream.cpp in Sources */ = {isa = PBXBuildFile; fileRef = 3CB2E3EE1BA7D13B00805D4F /* input_stream.cpp */; };
		3CB2E3FA1BA7D13B00805D4F /* stream_configuration.cpp in Sources */ = {isa = PBXBuildFile; fileRef = 3CB2E3F01BA7D13B00805D4F /* stream_configuration.cpp */; };
		3CB2E3FC1BA7D18900805D4F /* CFNetwork.framework in Frameworks */ = {isa = PBXBuildFile; fileRef = 3CB2E3FB1BA7D18900805D4F /* CFNetwork.framework */; };
		3CB2E3FE1BA7D19300805D4F /* AudioToolbox.framework in Frameworks */ = {isa = PBXBuildFile; fileRef = 3CB2E3FD1BA7D19300805D4F /* AudioToolbox.framework */; };
		3CB2E4001BA7D1B300805D4F /* AVFoundation.framework in Frameworks */ = {isa = PBXBuildFile; fileRef = 3CB2E3FF1BA7D1B300805D4F /* AVFoundation.framework */; };
		3CB2E4021BA7D1BC00805D4F /* libxml2.2.dylib in Frameworks */ = {isa = PBXBuildFile; fileRef = 3CB2E4011BA7D1BC00805D4F /* libxml2.2.dylib */; };
		3CB2E4041BA7D1CB00805D4F /* MediaPlayer.framework in Frameworks */ = {isa = PBXBuildFile; fileRef = 3CB2E4031BA7D1CB00805D4F /* MediaPlayer.framework */; };
		3CB2E40C1BA7D32E00805D4F /* LEColorPicker.m in Sources */ = {isa = PBXBuildFile; fileRef = 3CB2E4091BA7D32E00805D4F /* LEColorPicker.m */; };
		3CB2E40D1BA7D32E00805D4F /* UIColor+YUVSpace.m in Sources */ = {isa = PBXBuildFile; fileRef = 3CB2E40B1BA7D32E00805D4F /* UIColor+YUVSpace.m */; };
		3CB2E4321BA7D36A00805D4F /* PCBaiduNavController.m in Sources */ = {isa = PBXBuildFile; fileRef = 3CB2E4251BA7D36A00805D4F /* PCBaiduNavController.m */; };
		3CB2E4371BA7D39400805D4F /* PCSettingViewController.m in Sources */ = {isa = PBXBuildFile; fileRef = 3CB2E4361BA7D39400805D4F /* PCSettingViewController.m */; };
		3CB2E43B1BA7D42200805D4F /* AMapNaviKit.framework in Frameworks */ = {isa = PBXBuildFile; fileRef = 3CB2E4381BA7D42200805D4F /* AMapNaviKit.framework */; };
		3CB2E43C1BA7D42200805D4F /* AMapSearchKit.framework in Frameworks */ = {isa = PBXBuildFile; fileRef = 3CB2E4391BA7D42200805D4F /* AMapSearchKit.framework */; };
		3CB2E43D1BA7D42200805D4F /* iflyMSC.framework in Frameworks */ = {isa = PBXBuildFile; fileRef = 3CB2E43A1BA7D42200805D4F /* iflyMSC.framework */; };
		3CB2E4411BA7D44E00805D4F /* PCArticleDetailViewController.m in Sources */ = {isa = PBXBuildFile; fileRef = 3CB2E4401BA7D44E00805D4F /* PCArticleDetailViewController.m */; };
		3CB2E44E1BA7D46C00805D4F /* FMDatabase.m in Sources */ = {isa = PBXBuildFile; fileRef = 3CB2E4441BA7D46C00805D4F /* FMDatabase.m */; };
		3CB2E44F1BA7D46C00805D4F /* FMDatabaseAdditions.m in Sources */ = {isa = PBXBuildFile; fileRef = 3CB2E4461BA7D46C00805D4F /* FMDatabaseAdditions.m */; };
		3CB2E4501BA7D46C00805D4F /* FMDatabasePool.m in Sources */ = {isa = PBXBuildFile; fileRef = 3CB2E4481BA7D46C00805D4F /* FMDatabasePool.m */; };
		3CB2E4511BA7D46C00805D4F /* FMDatabaseQueue.m in Sources */ = {isa = PBXBuildFile; fileRef = 3CB2E44A1BA7D46C00805D4F /* FMDatabaseQueue.m */; };
		3CB2E4521BA7D46C00805D4F /* FMResultSet.m in Sources */ = {isa = PBXBuildFile; fileRef = 3CB2E44D1BA7D46C00805D4F /* FMResultSet.m */; };
		3CB2E4541BA7D49100805D4F /* libsqlite3.0.dylib in Frameworks */ = {isa = PBXBuildFile; fileRef = 3CB2E4531BA7D49100805D4F /* libsqlite3.0.dylib */; };
		3CB2E4561BA7D4E600805D4F /* libz.1.2.5.dylib in Frameworks */ = {isa = PBXBuildFile; fileRef = 3CB2E4551BA7D4E600805D4F /* libz.1.2.5.dylib */; };
		3CB2E4581BA7D4F200805D4F /* libstdc++.6.0.9.dylib in Frameworks */ = {isa = PBXBuildFile; fileRef = 3CB2E4571BA7D4F200805D4F /* libstdc++.6.0.9.dylib */; };
		3CB2E45A1BA7D4FA00805D4F /* AddressBook.framework in Frameworks */ = {isa = PBXBuildFile; fileRef = 3CB2E4591BA7D4FA00805D4F /* AddressBook.framework */; };
		3CB2E45D1BA7D53E00805D4F /* AMap.bundle in Resources */ = {isa = PBXBuildFile; fileRef = 3CB2E45B1BA7D53E00805D4F /* AMap.bundle */; };
		3CB2E45E1BA7D53E00805D4F /* AMapNavi.bundle in Resources */ = {isa = PBXBuildFile; fileRef = 3CB2E45C1BA7D53E00805D4F /* AMapNavi.bundle */; };
		3CCA14F01BA8080700D45C52 /* SharedMapView.m in Sources */ = {isa = PBXBuildFile; fileRef = 3CCA14EF1BA8080700D45C52 /* SharedMapView.m */; };
		3CF7AFBC1BAA997D00F764BD /* GeocodeAnnotation.m in Sources */ = {isa = PBXBuildFile; fileRef = 3CF7AFBB1BAA997D00F764BD /* GeocodeAnnotation.m */; };
		3CF7AFBF1BAAA14000F764BD /* CommonUtility.m in Sources */ = {isa = PBXBuildFile; fileRef = 3CF7AFBE1BAAA14000F764BD /* CommonUtility.m */; };
		3CF7AFC21BAAA19500F764BD /* LineDashPolyline.m in Sources */ = {isa = PBXBuildFile; fileRef = 3CF7AFC11BAAA19500F764BD /* LineDashPolyline.m */; };
/* End PBXBuildFile section */

/* Begin PBXContainerItemProxy section */
		3CB2E30C1BA7B26800805D4F /* PBXContainerItemProxy */ = {
			isa = PBXContainerItemProxy;
			containerPortal = 3CB2E2EA1BA7B26800805D4F /* Project object */;
			proxyType = 1;
			remoteGlobalIDString = 3CB2E2F11BA7B26800805D4F;
			remoteInfo = PoTunes;
		};
/* End PBXContainerItemProxy section */

/* Begin PBXFileReference section */
		3C5812FE1BA7EFA00091E4FC /* PCNaviController.h */ = {isa = PBXFileReference; fileEncoding = 4; lastKnownFileType = sourcecode.c.h; path = PCNaviController.h; sourceTree = "<group>"; };
		3C5812FF1BA7EFA00091E4FC /* PCNaviController.m */ = {isa = PBXFileReference; fileEncoding = 4; lastKnownFileType = sourcecode.c.objc; path = PCNaviController.m; sourceTree = "<group>"; };
		3CA224E91BAFB2080028387F /* AFSoundManager.h */ = {isa = PBXFileReference; fileEncoding = 4; lastKnownFileType = sourcecode.c.h; path = AFSoundManager.h; sourceTree = "<group>"; };
		3CA224EA1BAFB2080028387F /* AFSoundPlayback.h */ = {isa = PBXFileReference; fileEncoding = 4; lastKnownFileType = sourcecode.c.h; path = AFSoundPlayback.h; sourceTree = "<group>"; };
		3CA224EB1BAFB2080028387F /* AFSoundPlayback.m */ = {isa = PBXFileReference; fileEncoding = 4; lastKnownFileType = sourcecode.c.objc; path = AFSoundPlayback.m; sourceTree = "<group>"; };
		3CA224EC1BAFB2080028387F /* AFSoundItem.h */ = {isa = PBXFileReference; fileEncoding = 4; lastKnownFileType = sourcecode.c.h; path = AFSoundItem.h; sourceTree = "<group>"; };
		3CA224ED1BAFB2080028387F /* AFSoundItem.m */ = {isa = PBXFileReference; fileEncoding = 4; lastKnownFileType = sourcecode.c.objc; path = AFSoundItem.m; sourceTree = "<group>"; };
		3CA224EE1BAFB2080028387F /* AFSoundQueue.h */ = {isa = PBXFileReference; fileEncoding = 4; lastKnownFileType = sourcecode.c.h; path = AFSoundQueue.h; sourceTree = "<group>"; };
		3CA224EF1BAFB2080028387F /* AFSoundQueue.m */ = {isa = PBXFileReference; fileEncoding = 4; lastKnownFileType = sourcecode.c.objc; path = AFSoundQueue.m; sourceTree = "<group>"; };
		3CA224F01BAFB2080028387F /* AFSoundRecord.h */ = {isa = PBXFileReference; fileEncoding = 4; lastKnownFileType = sourcecode.c.h; path = AFSoundRecord.h; sourceTree = "<group>"; };
		3CA224F11BAFB2080028387F /* AFSoundRecord.m */ = {isa = PBXFileReference; fileEncoding = 4; lastKnownFileType = sourcecode.c.objc; path = AFSoundRecord.m; sourceTree = "<group>"; };
		3CA224F21BAFB2080028387F /* NSTimer+AFSoundManager.h */ = {isa = PBXFileReference; fileEncoding = 4; lastKnownFileType = sourcecode.c.h; path = "NSTimer+AFSoundManager.h"; sourceTree = "<group>"; };
		3CA224F31BAFB2080028387F /* NSTimer+AFSoundManager.m */ = {isa = PBXFileReference; fileEncoding = 4; lastKnownFileType = sourcecode.c.objc; path = "NSTimer+AFSoundManager.m"; sourceTree = "<group>"; };
		3CA224FD1BAFDCDC0028387F /* CoreMedia.framework */ = {isa = PBXFileReference; lastKnownFileType = wrapper.framework; name = CoreMedia.framework; path = System/Library/Frameworks/CoreMedia.framework; sourceTree = SDKROOT; };
		3CA224FF1BAFDD140028387F /* point1sec.mp3 */ = {isa = PBXFileReference; lastKnownFileType = audio.mp3; path = point1sec.mp3; sourceTree = "<group>"; };
		3CB2E2F21BA7B26800805D4F /* PoTunes.app */ = {isa = PBXFileReference; explicitFileType = wrapper.application; includeInIndex = 0; path = PoTunes.app; sourceTree = BUILT_PRODUCTS_DIR; };
		3CB2E2F61BA7B26800805D4F /* Info.plist */ = {isa = PBXFileReference; lastKnownFileType = text.plist.xml; path = Info.plist; sourceTree = "<group>"; };
		3CB2E2F71BA7B26800805D4F /* main.m */ = {isa = PBXFileReference; lastKnownFileType = sourcecode.c.objc; path = main.m; sourceTree = "<group>"; };
		3CB2E2F91BA7B26800805D4F /* AppDelegate.h */ = {isa = PBXFileReference; lastKnownFileType = sourcecode.c.h; path = AppDelegate.h; sourceTree = "<group>"; };
		3CB2E2FA1BA7B26800805D4F /* AppDelegate.m */ = {isa = PBXFileReference; lastKnownFileType = sourcecode.c.objc; path = AppDelegate.m; sourceTree = "<group>"; };
		3CB2E2FC1BA7B26800805D4F /* ViewController.h */ = {isa = PBXFileReference; lastKnownFileType = sourcecode.c.h; path = ViewController.h; sourceTree = "<group>"; };
		3CB2E2FD1BA7B26800805D4F /* ViewController.m */ = {isa = PBXFileReference; lastKnownFileType = sourcecode.c.objc; path = ViewController.m; sourceTree = "<group>"; };
		3CB2E3001BA7B26800805D4F /* Base */ = {isa = PBXFileReference; lastKnownFileType = file.storyboard; name = Base; path = Base.lproj/Main.storyboard; sourceTree = "<group>"; };
		3CB2E3021BA7B26800805D4F /* Images.xcassets */ = {isa = PBXFileReference; lastKnownFileType = folder.assetcatalog; path = Images.xcassets; sourceTree = "<group>"; };
		3CB2E3051BA7B26800805D4F /* Base */ = {isa = PBXFileReference; lastKnownFileType = file.xib; name = Base; path = Base.lproj/LaunchScreen.xib; sourceTree = "<group>"; };
		3CB2E30B1BA7B26800805D4F /* PoTunesTests.xctest */ = {isa = PBXFileReference; explicitFileType = wrapper.cfbundle; includeInIndex = 0; path = PoTunesTests.xctest; sourceTree = BUILT_PRODUCTS_DIR; };
		3CB2E3101BA7B26800805D4F /* Info.plist */ = {isa = PBXFileReference; lastKnownFileType = text.plist.xml; path = Info.plist; sourceTree = "<group>"; };
		3CB2E3111BA7B26800805D4F /* PoTunesTests.m */ = {isa = PBXFileReference; lastKnownFileType = sourcecode.c.objc; path = PoTunesTests.m; sourceTree = "<group>"; };
		3CB2E31C1BA7C93900805D4F /* Common.h */ = {isa = PBXFileReference; fileEncoding = 4; lastKnownFileType = sourcecode.c.h; path = Common.h; sourceTree = "<group>"; };
		3CB2E3201BA7CA5D00805D4F /* PCArticleCell.h */ = {isa = PBXFileReference; fileEncoding = 4; lastKnownFileType = sourcecode.c.h; path = PCArticleCell.h; sourceTree = "<group>"; };
		3CB2E3211BA7CA5D00805D4F /* PCArticleCell.m */ = {isa = PBXFileReference; fileEncoding = 4; lastKnownFileType = sourcecode.c.objc; path = PCArticleCell.m; sourceTree = "<group>"; };
		3CB2E3221BA7CA5D00805D4F /* LDProgressView.h */ = {isa = PBXFileReference; fileEncoding = 4; lastKnownFileType = sourcecode.c.h; path = LDProgressView.h; sourceTree = "<group>"; };
		3CB2E3231BA7CA5D00805D4F /* LDProgressView.m */ = {isa = PBXFileReference; fileEncoding = 4; lastKnownFileType = sourcecode.c.objc; path = LDProgressView.m; sourceTree = "<group>"; };
		3CB2E3241BA7CA5D00805D4F /* PCLabel.h */ = {isa = PBXFileReference; fileEncoding = 4; lastKnownFileType = sourcecode.c.h; path = PCLabel.h; sourceTree = "<group>"; };
		3CB2E3251BA7CA5D00805D4F /* PCLabel.m */ = {isa = PBXFileReference; fileEncoding = 4; lastKnownFileType = sourcecode.c.objc; path = PCLabel.m; sourceTree = "<group>"; };
		3CB2E3261BA7CA5D00805D4F /* PCButton.h */ = {isa = PBXFileReference; fileEncoding = 4; lastKnownFileType = sourcecode.c.h; path = PCButton.h; sourceTree = "<group>"; };
		3CB2E3271BA7CA5D00805D4F /* PCButton.m */ = {isa = PBXFileReference; fileEncoding = 4; lastKnownFileType = sourcecode.c.objc; path = PCButton.m; sourceTree = "<group>"; };
		3CB2E32D1BA7CB7A00805D4F /* UIColor+RGBValues.h */ = {isa = PBXFileReference; fileEncoding = 4; lastKnownFileType = sourcecode.c.h; path = "UIColor+RGBValues.h"; sourceTree = "<group>"; };
		3CB2E32E1BA7CB7A00805D4F /* UIColor+RGBValues.m */ = {isa = PBXFileReference; fileEncoding = 4; lastKnownFileType = sourcecode.c.objc; path = "UIColor+RGBValues.m"; sourceTree = "<group>"; };
		3CB2E3301BA7CC0700805D4F /* UIImage+Reflection.h */ = {isa = PBXFileReference; fileEncoding = 4; lastKnownFileType = sourcecode.c.h; path = "UIImage+Reflection.h"; sourceTree = "<group>"; };
		3CB2E3311BA7CC0700805D4F /* UIImage+Reflection.m */ = {isa = PBXFileReference; fileEncoding = 4; lastKnownFileType = sourcecode.c.objc; path = "UIImage+Reflection.m"; sourceTree = "<group>"; };
		3CB2E3321BA7CC0700805D4F /* UIView+Geometry.h */ = {isa = PBXFileReference; fileEncoding = 4; lastKnownFileType = sourcecode.c.h; path = "UIView+Geometry.h"; sourceTree = "<group>"; };
		3CB2E3331BA7CC0700805D4F /* UIView+Geometry.m */ = {isa = PBXFileReference; fileEncoding = 4; lastKnownFileType = sourcecode.c.objc; path = "UIView+Geometry.m"; sourceTree = "<group>"; };
		3CB2E3371BA7CCF900805D4F /* PCArticleViewController.h */ = {isa = PBXFileReference; fileEncoding = 4; lastKnownFileType = sourcecode.c.h; path = PCArticleViewController.h; sourceTree = "<group>"; };
		3CB2E3381BA7CCF900805D4F /* PCArticleViewController.m */ = {isa = PBXFileReference; fileEncoding = 4; lastKnownFileType = sourcecode.c.objc; path = PCArticleViewController.m; sourceTree = "<group>"; };
		3CB2E33C1BA7CD7C00805D4F /* UIScrollView+MJExtension.h */ = {isa = PBXFileReference; fileEncoding = 4; lastKnownFileType = sourcecode.c.h; path = "UIScrollView+MJExtension.h"; sourceTree = "<group>"; };
		3CB2E33D1BA7CD7C00805D4F /* UIScrollView+MJExtension.m */ = {isa = PBXFileReference; fileEncoding = 4; lastKnownFileType = sourcecode.c.objc; path = "UIScrollView+MJExtension.m"; sourceTree = "<group>"; };
		3CB2E33E1BA7CD7C00805D4F /* UIScrollView+MJRefresh.h */ = {isa = PBXFileReference; fileEncoding = 4; lastKnownFileType = sourcecode.c.h; path = "UIScrollView+MJRefresh.h"; sourceTree = "<group>"; };
		3CB2E33F1BA7CD7C00805D4F /* UIScrollView+MJRefresh.m */ = {isa = PBXFileReference; fileEncoding = 4; lastKnownFileType = sourcecode.c.objc; path = "UIScrollView+MJRefresh.m"; sourceTree = "<group>"; };
		3CB2E3401BA7CD7C00805D4F /* UIView+MJExtension.h */ = {isa = PBXFileReference; fileEncoding = 4; lastKnownFileType = sourcecode.c.h; path = "UIView+MJExtension.h"; sourceTree = "<group>"; };
		3CB2E3411BA7CD7C00805D4F /* UIView+MJExtension.m */ = {isa = PBXFileReference; fileEncoding = 4; lastKnownFileType = sourcecode.c.objc; path = "UIView+MJExtension.m"; sourceTree = "<group>"; };
		3CB2E3421BA7CD7C00805D4F /* MJRefresh.bundle */ = {isa = PBXFileReference; lastKnownFileType = "wrapper.plug-in"; path = MJRefresh.bundle; sourceTree = "<group>"; };
		3CB2E3431BA7CD7C00805D4F /* MJRefresh.h */ = {isa = PBXFileReference; fileEncoding = 4; lastKnownFileType = sourcecode.c.h; path = MJRefresh.h; sourceTree = "<group>"; };
		3CB2E3441BA7CD7C00805D4F /* MJRefreshBaseView.h */ = {isa = PBXFileReference; fileEncoding = 4; lastKnownFileType = sourcecode.c.h; path = MJRefreshBaseView.h; sourceTree = "<group>"; };
		3CB2E3451BA7CD7C00805D4F /* MJRefreshBaseView.m */ = {isa = PBXFileReference; fileEncoding = 4; lastKnownFileType = sourcecode.c.objc; path = MJRefreshBaseView.m; sourceTree = "<group>"; };
		3CB2E3461BA7CD7C00805D4F /* MJRefreshConst.h */ = {isa = PBXFileReference; fileEncoding = 4; lastKnownFileType = sourcecode.c.h; path = MJRefreshConst.h; sourceTree = "<group>"; };
		3CB2E3471BA7CD7C00805D4F /* MJRefreshConst.m */ = {isa = PBXFileReference; fileEncoding = 4; lastKnownFileType = sourcecode.c.objc; path = MJRefreshConst.m; sourceTree = "<group>"; };
		3CB2E3481BA7CD7C00805D4F /* MJRefreshFooterView.h */ = {isa = PBXFileReference; fileEncoding = 4; lastKnownFileType = sourcecode.c.h; path = MJRefreshFooterView.h; sourceTree = "<group>"; };
		3CB2E3491BA7CD7C00805D4F /* MJRefreshFooterView.m */ = {isa = PBXFileReference; fileEncoding = 4; lastKnownFileType = sourcecode.c.objc; path = MJRefreshFooterView.m; sourceTree = "<group>"; };
		3CB2E34A1BA7CD7C00805D4F /* MJRefreshHeaderView.h */ = {isa = PBXFileReference; fileEncoding = 4; lastKnownFileType = sourcecode.c.h; path = MJRefreshHeaderView.h; sourceTree = "<group>"; };
		3CB2E34B1BA7CD7C00805D4F /* MJRefreshHeaderView.m */ = {isa = PBXFileReference; fileEncoding = 4; lastKnownFileType = sourcecode.c.objc; path = MJRefreshHeaderView.m; sourceTree = "<group>"; };
		3CB2E3551BA7CE1A00805D4F /* PCNavigationController.h */ = {isa = PBXFileReference; fileEncoding = 4; lastKnownFileType = sourcecode.c.h; path = PCNavigationController.h; sourceTree = "<group>"; };
		3CB2E3561BA7CE1A00805D4F /* PCNavigationController.m */ = {isa = PBXFileReference; fileEncoding = 4; lastKnownFileType = sourcecode.c.objc; path = PCNavigationController.m; sourceTree = "<group>"; };
		3CB2E3591BA7CE4000805D4F /* MKAnnotationView+WebCache.h */ = {isa = PBXFileReference; fileEncoding = 4; lastKnownFileType = sourcecode.c.h; path = "MKAnnotationView+WebCache.h"; sourceTree = "<group>"; };
		3CB2E35A1BA7CE4000805D4F /* MKAnnotationView+WebCache.m */ = {isa = PBXFileReference; fileEncoding = 4; lastKnownFileType = sourcecode.c.objc; path = "MKAnnotationView+WebCache.m"; sourceTree = "<group>"; };
		3CB2E35B1BA7CE4000805D4F /* NSData+ImageContentType.h */ = {isa = PBXFileReference; fileEncoding = 4; lastKnownFileType = sourcecode.c.h; path = "NSData+ImageContentType.h"; sourceTree = "<group>"; };
		3CB2E35C1BA7CE4000805D4F /* NSData+ImageContentType.m */ = {isa = PBXFileReference; fileEncoding = 4; lastKnownFileType = sourcecode.c.objc; path = "NSData+ImageContentType.m"; sourceTree = "<group>"; };
		3CB2E35D1BA7CE4000805D4F /* SDImageCache.h */ = {isa = PBXFileReference; fileEncoding = 4; lastKnownFileType = sourcecode.c.h; path = SDImageCache.h; sourceTree = "<group>"; };
		3CB2E35E1BA7CE4000805D4F /* SDImageCache.m */ = {isa = PBXFileReference; fileEncoding = 4; lastKnownFileType = sourcecode.c.objc; path = SDImageCache.m; sourceTree = "<group>"; };
		3CB2E35F1BA7CE4000805D4F /* SDWebImageCompat.h */ = {isa = PBXFileReference; fileEncoding = 4; lastKnownFileType = sourcecode.c.h; path = SDWebImageCompat.h; sourceTree = "<group>"; };
		3CB2E3601BA7CE4000805D4F /* SDWebImageCompat.m */ = {isa = PBXFileReference; fileEncoding = 4; lastKnownFileType = sourcecode.c.objc; path = SDWebImageCompat.m; sourceTree = "<group>"; };
		3CB2E3611BA7CE4000805D4F /* SDWebImageDecoder.h */ = {isa = PBXFileReference; fileEncoding = 4; lastKnownFileType = sourcecode.c.h; path = SDWebImageDecoder.h; sourceTree = "<group>"; };
		3CB2E3621BA7CE4000805D4F /* SDWebImageDecoder.m */ = {isa = PBXFileReference; fileEncoding = 4; lastKnownFileType = sourcecode.c.objc; path = SDWebImageDecoder.m; sourceTree = "<group>"; };
		3CB2E3631BA7CE4000805D4F /* SDWebImageDownloader.h */ = {isa = PBXFileReference; fileEncoding = 4; lastKnownFileType = sourcecode.c.h; path = SDWebImageDownloader.h; sourceTree = "<group>"; };
		3CB2E3641BA7CE4000805D4F /* SDWebImageDownloader.m */ = {isa = PBXFileReference; fileEncoding = 4; lastKnownFileType = sourcecode.c.objc; path = SDWebImageDownloader.m; sourceTree = "<group>"; };
		3CB2E3651BA7CE4000805D4F /* SDWebImageDownloaderOperation.h */ = {isa = PBXFileReference; fileEncoding = 4; lastKnownFileType = sourcecode.c.h; path = SDWebImageDownloaderOperation.h; sourceTree = "<group>"; };
		3CB2E3661BA7CE4000805D4F /* SDWebImageDownloaderOperation.m */ = {isa = PBXFileReference; fileEncoding = 4; lastKnownFileType = sourcecode.c.objc; path = SDWebImageDownloaderOperation.m; sourceTree = "<group>"; };
		3CB2E3671BA7CE4000805D4F /* SDWebImageManager.h */ = {isa = PBXFileReference; fileEncoding = 4; lastKnownFileType = sourcecode.c.h; path = SDWebImageManager.h; sourceTree = "<group>"; };
		3CB2E3681BA7CE4000805D4F /* SDWebImageManager.m */ = {isa = PBXFileReference; fileEncoding = 4; lastKnownFileType = sourcecode.c.objc; path = SDWebImageManager.m; sourceTree = "<group>"; };
		3CB2E3691BA7CE4000805D4F /* SDWebImageOperation.h */ = {isa = PBXFileReference; fileEncoding = 4; lastKnownFileType = sourcecode.c.h; path = SDWebImageOperation.h; sourceTree = "<group>"; };
		3CB2E36A1BA7CE4000805D4F /* SDWebImagePrefetcher.h */ = {isa = PBXFileReference; fileEncoding = 4; lastKnownFileType = sourcecode.c.h; path = SDWebImagePrefetcher.h; sourceTree = "<group>"; };
		3CB2E36B1BA7CE4000805D4F /* SDWebImagePrefetcher.m */ = {isa = PBXFileReference; fileEncoding = 4; lastKnownFileType = sourcecode.c.objc; path = SDWebImagePrefetcher.m; sourceTree = "<group>"; };
		3CB2E36C1BA7CE4000805D4F /* UIButton+WebCache.h */ = {isa = PBXFileReference; fileEncoding = 4; lastKnownFileType = sourcecode.c.h; path = "UIButton+WebCache.h"; sourceTree = "<group>"; };
		3CB2E36D1BA7CE4000805D4F /* UIButton+WebCache.m */ = {isa = PBXFileReference; fileEncoding = 4; lastKnownFileType = sourcecode.c.objc; path = "UIButton+WebCache.m"; sourceTree = "<group>"; };
		3CB2E36E1BA7CE4000805D4F /* UIImage+GIF.h */ = {isa = PBXFileReference; fileEncoding = 4; lastKnownFileType = sourcecode.c.h; path = "UIImage+GIF.h"; sourceTree = "<group>"; };
		3CB2E36F1BA7CE4000805D4F /* UIImage+GIF.m */ = {isa = PBXFileReference; fileEncoding = 4; lastKnownFileType = sourcecode.c.objc; path = "UIImage+GIF.m"; sourceTree = "<group>"; };
		3CB2E3701BA7CE4000805D4F /* UIImage+MultiFormat.h */ = {isa = PBXFileReference; fileEncoding = 4; lastKnownFileType = sourcecode.c.h; path = "UIImage+MultiFormat.h"; sourceTree = "<group>"; };
		3CB2E3711BA7CE4000805D4F /* UIImage+MultiFormat.m */ = {isa = PBXFileReference; fileEncoding = 4; lastKnownFileType = sourcecode.c.objc; path = "UIImage+MultiFormat.m"; sourceTree = "<group>"; };
		3CB2E3721BA7CE4000805D4F /* UIImage+WebP.h */ = {isa = PBXFileReference; fileEncoding = 4; lastKnownFileType = sourcecode.c.h; path = "UIImage+WebP.h"; sourceTree = "<group>"; };
		3CB2E3731BA7CE4000805D4F /* UIImage+WebP.m */ = {isa = PBXFileReference; fileEncoding = 4; lastKnownFileType = sourcecode.c.objc; path = "UIImage+WebP.m"; sourceTree = "<group>"; };
		3CB2E3741BA7CE4000805D4F /* UIImageView+HighlightedWebCache.h */ = {isa = PBXFileReference; fileEncoding = 4; lastKnownFileType = sourcecode.c.h; path = "UIImageView+HighlightedWebCache.h"; sourceTree = "<group>"; };
		3CB2E3751BA7CE4000805D4F /* UIImageView+HighlightedWebCache.m */ = {isa = PBXFileReference; fileEncoding = 4; lastKnownFileType = sourcecode.c.objc; path = "UIImageView+HighlightedWebCache.m"; sourceTree = "<group>"; };
		3CB2E3761BA7CE4000805D4F /* UIImageView+WebCache.h */ = {isa = PBXFileReference; fileEncoding = 4; lastKnownFileType = sourcecode.c.h; path = "UIImageView+WebCache.h"; sourceTree = "<group>"; };
		3CB2E3771BA7CE4000805D4F /* UIImageView+WebCache.m */ = {isa = PBXFileReference; fileEncoding = 4; lastKnownFileType = sourcecode.c.objc; path = "UIImageView+WebCache.m"; sourceTree = "<group>"; };
		3CB2E3781BA7CE4000805D4F /* UIView+WebCacheOperation.h */ = {isa = PBXFileReference; fileEncoding = 4; lastKnownFileType = sourcecode.c.h; path = "UIView+WebCacheOperation.h"; sourceTree = "<group>"; };
		3CB2E3791BA7CE4000805D4F /* UIView+WebCacheOperation.m */ = {isa = PBXFileReference; fileEncoding = 4; lastKnownFileType = sourcecode.c.objc; path = "UIView+WebCacheOperation.m"; sourceTree = "<group>"; };
		3CB2E38B1BA7CEEE00805D4F /* MBProgressHUD.bundle */ = {isa = PBXFileReference; lastKnownFileType = "wrapper.plug-in"; path = MBProgressHUD.bundle; sourceTree = "<group>"; };
		3CB2E38C1BA7CEEE00805D4F /* MBProgressHUD.h */ = {isa = PBXFileReference; fileEncoding = 4; lastKnownFileType = sourcecode.c.h; path = MBProgressHUD.h; sourceTree = "<group>"; };
		3CB2E38D1BA7CEEE00805D4F /* MBProgressHUD.m */ = {isa = PBXFileReference; fileEncoding = 4; lastKnownFileType = sourcecode.c.objc; path = MBProgressHUD.m; sourceTree = "<group>"; };
		3CB2E38E1BA7CEEE00805D4F /* MBProgressHUD+MJ.h */ = {isa = PBXFileReference; fileEncoding = 4; lastKnownFileType = sourcecode.c.h; path = "MBProgressHUD+MJ.h"; sourceTree = "<group>"; };
		3CB2E38F1BA7CEEE00805D4F /* MBProgressHUD+MJ.m */ = {isa = PBXFileReference; fileEncoding = 4; lastKnownFileType = sourcecode.c.objc; path = "MBProgressHUD+MJ.m"; sourceTree = "<group>"; };
		3CB2E3941BA7CF0D00805D4F /* AFHTTPRequestOperation.h */ = {isa = PBXFileReference; fileEncoding = 4; lastKnownFileType = sourcecode.c.h; path = AFHTTPRequestOperation.h; sourceTree = "<group>"; };
		3CB2E3951BA7CF0D00805D4F /* AFHTTPRequestOperation.m */ = {isa = PBXFileReference; fileEncoding = 4; lastKnownFileType = sourcecode.c.objc; path = AFHTTPRequestOperation.m; sourceTree = "<group>"; };
		3CB2E3961BA7CF0D00805D4F /* AFHTTPRequestOperationManager.h */ = {isa = PBXFileReference; fileEncoding = 4; lastKnownFileType = sourcecode.c.h; path = AFHTTPRequestOperationManager.h; sourceTree = "<group>"; };
		3CB2E3971BA7CF0D00805D4F /* AFHTTPRequestOperationManager.m */ = {isa = PBXFileReference; fileEncoding = 4; lastKnownFileType = sourcecode.c.objc; path = AFHTTPRequestOperationManager.m; sourceTree = "<group>"; };
		3CB2E3981BA7CF0D00805D4F /* AFHTTPSessionManager.h */ = {isa = PBXFileReference; fileEncoding = 4; lastKnownFileType = sourcecode.c.h; path = AFHTTPSessionManager.h; sourceTree = "<group>"; };
		3CB2E3991BA7CF0D00805D4F /* AFHTTPSessionManager.m */ = {isa = PBXFileReference; fileEncoding = 4; lastKnownFileType = sourcecode.c.objc; path = AFHTTPSessionManager.m; sourceTree = "<group>"; };
		3CB2E39A1BA7CF0D00805D4F /* AFNetworking.h */ = {isa = PBXFileReference; fileEncoding = 4; lastKnownFileType = sourcecode.c.h; path = AFNetworking.h; sourceTree = "<group>"; };
		3CB2E39B1BA7CF0D00805D4F /* AFNetworkReachabilityManager.h */ = {isa = PBXFileReference; fileEncoding = 4; lastKnownFileType = sourcecode.c.h; path = AFNetworkReachabilityManager.h; sourceTree = "<group>"; };
		3CB2E39C1BA7CF0D00805D4F /* AFNetworkReachabilityManager.m */ = {isa = PBXFileReference; fileEncoding = 4; lastKnownFileType = sourcecode.c.objc; path = AFNetworkReachabilityManager.m; sourceTree = "<group>"; };
		3CB2E39D1BA7CF0D00805D4F /* AFSecurityPolicy.h */ = {isa = PBXFileReference; fileEncoding = 4; lastKnownFileType = sourcecode.c.h; path = AFSecurityPolicy.h; sourceTree = "<group>"; };
		3CB2E39E1BA7CF0D00805D4F /* AFSecurityPolicy.m */ = {isa = PBXFileReference; fileEncoding = 4; lastKnownFileType = sourcecode.c.objc; path = AFSecurityPolicy.m; sourceTree = "<group>"; };
		3CB2E39F1BA7CF0D00805D4F /* AFURLConnectionOperation.h */ = {isa = PBXFileReference; fileEncoding = 4; lastKnownFileType = sourcecode.c.h; path = AFURLConnectionOperation.h; sourceTree = "<group>"; };
		3CB2E3A01BA7CF0D00805D4F /* AFURLConnectionOperation.m */ = {isa = PBXFileReference; fileEncoding = 4; lastKnownFileType = sourcecode.c.objc; path = AFURLConnectionOperation.m; sourceTree = "<group>"; };
		3CB2E3A11BA7CF0D00805D4F /* AFURLRequestSerialization.h */ = {isa = PBXFileReference; fileEncoding = 4; lastKnownFileType = sourcecode.c.h; path = AFURLRequestSerialization.h; sourceTree = "<group>"; };
		3CB2E3A21BA7CF0D00805D4F /* AFURLRequestSerialization.m */ = {isa = PBXFileReference; fileEncoding = 4; lastKnownFileType = sourcecode.c.objc; path = AFURLRequestSerialization.m; sourceTree = "<group>"; };
		3CB2E3A31BA7CF0D00805D4F /* AFURLResponseSerialization.h */ = {isa = PBXFileReference; fileEncoding = 4; lastKnownFileType = sourcecode.c.h; path = AFURLResponseSerialization.h; sourceTree = "<group>"; };
		3CB2E3A41BA7CF0D00805D4F /* AFURLResponseSerialization.m */ = {isa = PBXFileReference; fileEncoding = 4; lastKnownFileType = sourcecode.c.objc; path = AFURLResponseSerialization.m; sourceTree = "<group>"; };
		3CB2E3A51BA7CF0D00805D4F /* AFURLSessionManager.h */ = {isa = PBXFileReference; fileEncoding = 4; lastKnownFileType = sourcecode.c.h; path = AFURLSessionManager.h; sourceTree = "<group>"; };
		3CB2E3A61BA7CF0D00805D4F /* AFURLSessionManager.m */ = {isa = PBXFileReference; fileEncoding = 4; lastKnownFileType = sourcecode.c.objc; path = AFURLSessionManager.m; sourceTree = "<group>"; };
		3CB2E3B01BA7CF2200805D4F /* BebasNeue.otf */ = {isa = PBXFileReference; lastKnownFileType = file; path = BebasNeue.otf; sourceTree = "<group>"; };
		3CB2E3B31BA7CF7000805D4F /* PCSong.h */ = {isa = PBXFileReference; fileEncoding = 4; lastKnownFileType = sourcecode.c.h; path = PCSong.h; sourceTree = "<group>"; };
		3CB2E3B41BA7CF7000805D4F /* PCSong.m */ = {isa = PBXFileReference; fileEncoding = 4; lastKnownFileType = sourcecode.c.objc; path = PCSong.m; sourceTree = "<group>"; };
		3CB2E3B51BA7CF7000805D4F /* PCPlaylist.h */ = {isa = PBXFileReference; fileEncoding = 4; lastKnownFileType = sourcecode.c.h; path = PCPlaylist.h; sourceTree = "<group>"; };
		3CB2E3B61BA7CF7000805D4F /* PCPlaylist.m */ = {isa = PBXFileReference; fileEncoding = 4; lastKnownFileType = sourcecode.c.objc; path = PCPlaylist.m; sourceTree = "<group>"; };
		3CB2E3B71BA7CF7000805D4F /* PCArticle.h */ = {isa = PBXFileReference; fileEncoding = 4; lastKnownFileType = sourcecode.c.h; path = PCArticle.h; sourceTree = "<group>"; };
		3CB2E3B81BA7CF7000805D4F /* PCArticle.m */ = {isa = PBXFileReference; fileEncoding = 4; lastKnownFileType = sourcecode.c.objc; path = PCArticle.m; sourceTree = "<group>"; };
		3CB2E3BD1BA7CFBA00805D4F /* PCDownloadViewController.h */ = {isa = PBXFileReference; fileEncoding = 4; lastKnownFileType = sourcecode.c.h; path = PCDownloadViewController.h; sourceTree = "<group>"; };
		3CB2E3BE1BA7CFBA00805D4F /* PCDownloadViewController.m */ = {isa = PBXFileReference; fileEncoding = 4; lastKnownFileType = sourcecode.c.objc; path = PCDownloadViewController.m; sourceTree = "<group>"; };
		3CB2E3C11BA7CFF000805D4F /* PCMyMusicViewController.h */ = {isa = PBXFileReference; fileEncoding = 4; lastKnownFileType = sourcecode.c.h; path = PCMyMusicViewController.h; sourceTree = "<group>"; };
		3CB2E3C21BA7CFF000805D4F /* PCMyMusicViewController.m */ = {isa = PBXFileReference; fileEncoding = 4; lastKnownFileType = sourcecode.c.objc; path = PCMyMusicViewController.m; sourceTree = "<group>"; };
		3CB2E3C61BA7D0FC00805D4F /* Reachability.h */ = {isa = PBXFileReference; fileEncoding = 4; lastKnownFileType = sourcecode.c.h; path = Reachability.h; sourceTree = "<group>"; };
		3CB2E3C71BA7D0FC00805D4F /* Reachability.m */ = {isa = PBXFileReference; fileEncoding = 4; lastKnownFileType = sourcecode.c.objc; path = Reachability.m; sourceTree = "<group>"; };
		3CB2E3CA1BA7D11E00805D4F /* FSAudioController.h */ = {isa = PBXFileReference; fileEncoding = 4; lastKnownFileType = sourcecode.c.h; path = FSAudioController.h; sourceTree = "<group>"; };
		3CB2E3CB1BA7D11E00805D4F /* FSAudioController.m */ = {isa = PBXFileReference; fileEncoding = 4; lastKnownFileType = sourcecode.c.objc; path = FSAudioController.m; sourceTree = "<group>"; };
		3CB2E3CC1BA7D11E00805D4F /* FSAudioStream.h */ = {isa = PBXFileReference; fileEncoding = 4; lastKnownFileType = sourcecode.c.h; path = FSAudioStream.h; sourceTree = "<group>"; };
		3CB2E3CD1BA7D11E00805D4F /* FSAudioStream.mm */ = {isa = PBXFileReference; fileEncoding = 4; lastKnownFileType = sourcecode.cpp.objcpp; path = FSAudioStream.mm; sourceTree = "<group>"; };
		3CB2E3CE1BA7D11E00805D4F /* FSCheckContentTypeRequest.h */ = {isa = PBXFileReference; fileEncoding = 4; lastKnownFileType = sourcecode.c.h; path = FSCheckContentTypeRequest.h; sourceTree = "<group>"; };
		3CB2E3CF1BA7D11E00805D4F /* FSCheckContentTypeRequest.m */ = {isa = PBXFileReference; fileEncoding = 4; lastKnownFileType = sourcecode.c.objc; path = FSCheckContentTypeRequest.m; sourceTree = "<group>"; };
		3CB2E3D01BA7D11E00805D4F /* FSParsePlaylistRequest.h */ = {isa = PBXFileReference; fileEncoding = 4; lastKnownFileType = sourcecode.c.h; path = FSParsePlaylistRequest.h; sourceTree = "<group>"; };
		3CB2E3D11BA7D11E00805D4F /* FSParsePlaylistRequest.m */ = {isa = PBXFileReference; fileEncoding = 4; lastKnownFileType = sourcecode.c.objc; path = FSParsePlaylistRequest.m; sourceTree = "<group>"; };
		3CB2E3D21BA7D11E00805D4F /* FSParseRssPodcastFeedRequest.h */ = {isa = PBXFileReference; fileEncoding = 4; lastKnownFileType = sourcecode.c.h; path = FSParseRssPodcastFeedRequest.h; sourceTree = "<group>"; };
		3CB2E3D31BA7D11E00805D4F /* FSParseRssPodcastFeedRequest.m */ = {isa = PBXFileReference; fileEncoding = 4; lastKnownFileType = sourcecode.c.objc; path = FSParseRssPodcastFeedRequest.m; sourceTree = "<group>"; };
		3CB2E3D41BA7D11E00805D4F /* FSPlaylistItem.h */ = {isa = PBXFileReference; fileEncoding = 4; lastKnownFileType = sourcecode.c.h; path = FSPlaylistItem.h; sourceTree = "<group>"; };
		3CB2E3D51BA7D11E00805D4F /* FSPlaylistItem.m */ = {isa = PBXFileReference; fileEncoding = 4; lastKnownFileType = sourcecode.c.objc; path = FSPlaylistItem.m; sourceTree = "<group>"; };
		3CB2E3D61BA7D11E00805D4F /* FSXMLHttpRequest.h */ = {isa = PBXFileReference; fileEncoding = 4; lastKnownFileType = sourcecode.c.h; path = FSXMLHttpRequest.h; sourceTree = "<group>"; };
		3CB2E3D71BA7D11E00805D4F /* FSXMLHttpRequest.m */ = {isa = PBXFileReference; fileEncoding = 4; lastKnownFileType = sourcecode.c.objc; path = FSXMLHttpRequest.m; sourceTree = "<group>"; };
		3CB2E3E01BA7D13B00805D4F /* audio_queue.cpp */ = {isa = PBXFileReference; fileEncoding = 4; lastKnownFileType = sourcecode.cpp.cpp; path = audio_queue.cpp; sourceTree = "<group>"; };
		3CB2E3E11BA7D13B00805D4F /* audio_queue.h */ = {isa = PBXFileReference; fileEncoding = 4; lastKnownFileType = sourcecode.c.h; path = audio_queue.h; sourceTree = "<group>"; };
		3CB2E3E21BA7D13B00805D4F /* audio_stream.cpp */ = {isa = PBXFileReference; fileEncoding = 4; lastKnownFileType = sourcecode.cpp.cpp; path = audio_stream.cpp; sourceTree = "<group>"; };
		3CB2E3E31BA7D13B00805D4F /* audio_stream.h */ = {isa = PBXFileReference; fileEncoding = 4; lastKnownFileType = sourcecode.c.h; path = audio_stream.h; sourceTree = "<group>"; };
		3CB2E3E41BA7D13B00805D4F /* caching_stream.cpp */ = {isa = PBXFileReference; fileEncoding = 4; lastKnownFileType = sourcecode.cpp.cpp; path = caching_stream.cpp; sourceTree = "<group>"; };
		3CB2E3E51BA7D13B00805D4F /* caching_stream.h */ = {isa = PBXFileReference; fileEncoding = 4; lastKnownFileType = sourcecode.c.h; path = caching_stream.h; sourceTree = "<group>"; };
		3CB2E3E61BA7D13B00805D4F /* file_output.cpp */ = {isa = PBXFileReference; fileEncoding = 4; lastKnownFileType = sourcecode.cpp.cpp; path = file_output.cpp; sourceTree = "<group>"; };
		3CB2E3E71BA7D13B00805D4F /* file_output.h */ = {isa = PBXFileReference; fileEncoding = 4; lastKnownFileType = sourcecode.c.h; path = file_output.h; sourceTree = "<group>"; };
		3CB2E3E81BA7D13B00805D4F /* file_stream.cpp */ = {isa = PBXFileReference; fileEncoding = 4; lastKnownFileType = sourcecode.cpp.cpp; path = file_stream.cpp; sourceTree = "<group>"; };
		3CB2E3E91BA7D13B00805D4F /* file_stream.h */ = {isa = PBXFileReference; fileEncoding = 4; lastKnownFileType = sourcecode.c.h; path = file_stream.h; sourceTree = "<group>"; };
		3CB2E3EA1BA7D13B00805D4F /* http_stream.cpp */ = {isa = PBXFileReference; fileEncoding = 4; lastKnownFileType = sourcecode.cpp.cpp; path = http_stream.cpp; sourceTree = "<group>"; };
		3CB2E3EB1BA7D13B00805D4F /* http_stream.h */ = {isa = PBXFileReference; fileEncoding = 4; lastKnownFileType = sourcecode.c.h; path = http_stream.h; sourceTree = "<group>"; };
		3CB2E3EC1BA7D13B00805D4F /* id3_parser.cpp */ = {isa = PBXFileReference; fileEncoding = 4; lastKnownFileType = sourcecode.cpp.cpp; path = id3_parser.cpp; sourceTree = "<group>"; };
		3CB2E3ED1BA7D13B00805D4F /* id3_parser.h */ = {isa = PBXFileReference; fileEncoding = 4; lastKnownFileType = sourcecode.c.h; path = id3_parser.h; sourceTree = "<group>"; };
		3CB2E3EE1BA7D13B00805D4F /* input_stream.cpp */ = {isa = PBXFileReference; fileEncoding = 4; lastKnownFileType = sourcecode.cpp.cpp; path = input_stream.cpp; sourceTree = "<group>"; };
		3CB2E3EF1BA7D13B00805D4F /* input_stream.h */ = {isa = PBXFileReference; fileEncoding = 4; lastKnownFileType = sourcecode.c.h; path = input_stream.h; sourceTree = "<group>"; };
		3CB2E3F01BA7D13B00805D4F /* stream_configuration.cpp */ = {isa = PBXFileReference; fileEncoding = 4; lastKnownFileType = sourcecode.cpp.cpp; path = stream_configuration.cpp; sourceTree = "<group>"; };
		3CB2E3F11BA7D13B00805D4F /* stream_configuration.h */ = {isa = PBXFileReference; fileEncoding = 4; lastKnownFileType = sourcecode.c.h; path = stream_configuration.h; sourceTree = "<group>"; };
		3CB2E3FB1BA7D18900805D4F /* CFNetwork.framework */ = {isa = PBXFileReference; lastKnownFileType = wrapper.framework; name = CFNetwork.framework; path = System/Library/Frameworks/CFNetwork.framework; sourceTree = SDKROOT; };
		3CB2E3FD1BA7D19300805D4F /* AudioToolbox.framework */ = {isa = PBXFileReference; lastKnownFileType = wrapper.framework; name = AudioToolbox.framework; path = System/Library/Frameworks/AudioToolbox.framework; sourceTree = SDKROOT; };
		3CB2E3FF1BA7D1B300805D4F /* AVFoundation.framework */ = {isa = PBXFileReference; lastKnownFileType = wrapper.framework; name = AVFoundation.framework; path = System/Library/Frameworks/AVFoundation.framework; sourceTree = SDKROOT; };
		3CB2E4011BA7D1BC00805D4F /* libxml2.2.dylib */ = {isa = PBXFileReference; lastKnownFileType = "compiled.mach-o.dylib"; name = libxml2.2.dylib; path = usr/lib/libxml2.2.dylib; sourceTree = SDKROOT; };
		3CB2E4031BA7D1CB00805D4F /* MediaPlayer.framework */ = {isa = PBXFileReference; lastKnownFileType = wrapper.framework; name = MediaPlayer.framework; path = System/Library/Frameworks/MediaPlayer.framework; sourceTree = SDKROOT; };
		3CB2E4061BA7D28600805D4F /* FreeStreamerMobile-Prefix.pch */ = {isa = PBXFileReference; fileEncoding = 4; lastKnownFileType = sourcecode.c.h; path = "FreeStreamerMobile-Prefix.pch"; sourceTree = "<group>"; };
		3CB2E4081BA7D32E00805D4F /* LEColorPicker.h */ = {isa = PBXFileReference; fileEncoding = 4; lastKnownFileType = sourcecode.c.h; path = LEColorPicker.h; sourceTree = "<group>"; };
		3CB2E4091BA7D32E00805D4F /* LEColorPicker.m */ = {isa = PBXFileReference; fileEncoding = 4; lastKnownFileType = sourcecode.c.objc; path = LEColorPicker.m; sourceTree = "<group>"; };
		3CB2E40A1BA7D32E00805D4F /* UIColor+YUVSpace.h */ = {isa = PBXFileReference; fileEncoding = 4; lastKnownFileType = sourcecode.c.h; path = "UIColor+YUVSpace.h"; sourceTree = "<group>"; };
		3CB2E40B1BA7D32E00805D4F /* UIColor+YUVSpace.m */ = {isa = PBXFileReference; fileEncoding = 4; lastKnownFileType = sourcecode.c.objc; path = "UIColor+YUVSpace.m"; sourceTree = "<group>"; };
		3CB2E4241BA7D36A00805D4F /* PCBaiduNavController.h */ = {isa = PBXFileReference; fileEncoding = 4; lastKnownFileType = sourcecode.c.h; path = PCBaiduNavController.h; sourceTree = "<group>"; };
		3CB2E4251BA7D36A00805D4F /* PCBaiduNavController.m */ = {isa = PBXFileReference; fileEncoding = 4; lastKnownFileType = sourcecode.c.objc; path = PCBaiduNavController.m; sourceTree = "<group>"; };
		3CB2E4351BA7D39400805D4F /* PCSettingViewController.h */ = {isa = PBXFileReference; fileEncoding = 4; lastKnownFileType = sourcecode.c.h; path = PCSettingViewController.h; sourceTree = "<group>"; };
		3CB2E4361BA7D39400805D4F /* PCSettingViewController.m */ = {isa = PBXFileReference; fileEncoding = 4; lastKnownFileType = sourcecode.c.objc; path = PCSettingViewController.m; sourceTree = "<group>"; };
		3CB2E4381BA7D42200805D4F /* AMapNaviKit.framework */ = {isa = PBXFileReference; lastKnownFileType = wrapper.framework; path = AMapNaviKit.framework; sourceTree = "<group>"; };
		3CB2E4391BA7D42200805D4F /* AMapSearchKit.framework */ = {isa = PBXFileReference; lastKnownFileType = wrapper.framework; path = AMapSearchKit.framework; sourceTree = "<group>"; };
		3CB2E43A1BA7D42200805D4F /* iflyMSC.framework */ = {isa = PBXFileReference; lastKnownFileType = wrapper.framework; path = iflyMSC.framework; sourceTree = "<group>"; };
		3CB2E43F1BA7D44E00805D4F /* PCArticleDetailViewController.h */ = {isa = PBXFileReference; fileEncoding = 4; lastKnownFileType = sourcecode.c.h; path = PCArticleDetailViewController.h; sourceTree = "<group>"; };
		3CB2E4401BA7D44E00805D4F /* PCArticleDetailViewController.m */ = {isa = PBXFileReference; fileEncoding = 4; lastKnownFileType = sourcecode.c.objc; path = PCArticleDetailViewController.m; sourceTree = "<group>"; };
		3CB2E4431BA7D46C00805D4F /* FMDatabase.h */ = {isa = PBXFileReference; fileEncoding = 4; lastKnownFileType = sourcecode.c.h; path = FMDatabase.h; sourceTree = "<group>"; };
		3CB2E4441BA7D46C00805D4F /* FMDatabase.m */ = {isa = PBXFileReference; fileEncoding = 4; lastKnownFileType = sourcecode.c.objc; path = FMDatabase.m; sourceTree = "<group>"; };
		3CB2E4451BA7D46C00805D4F /* FMDatabaseAdditions.h */ = {isa = PBXFileReference; fileEncoding = 4; lastKnownFileType = sourcecode.c.h; path = FMDatabaseAdditions.h; sourceTree = "<group>"; };
		3CB2E4461BA7D46C00805D4F /* FMDatabaseAdditions.m */ = {isa = PBXFileReference; fileEncoding = 4; lastKnownFileType = sourcecode.c.objc; path = FMDatabaseAdditions.m; sourceTree = "<group>"; };
		3CB2E4471BA7D46C00805D4F /* FMDatabasePool.h */ = {isa = PBXFileReference; fileEncoding = 4; lastKnownFileType = sourcecode.c.h; path = FMDatabasePool.h; sourceTree = "<group>"; };
		3CB2E4481BA7D46C00805D4F /* FMDatabasePool.m */ = {isa = PBXFileReference; fileEncoding = 4; lastKnownFileType = sourcecode.c.objc; path = FMDatabasePool.m; sourceTree = "<group>"; };
		3CB2E4491BA7D46C00805D4F /* FMDatabaseQueue.h */ = {isa = PBXFileReference; fileEncoding = 4; lastKnownFileType = sourcecode.c.h; path = FMDatabaseQueue.h; sourceTree = "<group>"; };
		3CB2E44A1BA7D46C00805D4F /* FMDatabaseQueue.m */ = {isa = PBXFileReference; fileEncoding = 4; lastKnownFileType = sourcecode.c.objc; path = FMDatabaseQueue.m; sourceTree = "<group>"; };
		3CB2E44B1BA7D46C00805D4F /* FMDB.h */ = {isa = PBXFileReference; fileEncoding = 4; lastKnownFileType = sourcecode.c.h; path = FMDB.h; sourceTree = "<group>"; };
		3CB2E44C1BA7D46C00805D4F /* FMResultSet.h */ = {isa = PBXFileReference; fileEncoding = 4; lastKnownFileType = sourcecode.c.h; path = FMResultSet.h; sourceTree = "<group>"; };
		3CB2E44D1BA7D46C00805D4F /* FMResultSet.m */ = {isa = PBXFileReference; fileEncoding = 4; lastKnownFileType = sourcecode.c.objc; path = FMResultSet.m; sourceTree = "<group>"; };
		3CB2E4531BA7D49100805D4F /* libsqlite3.0.dylib */ = {isa = PBXFileReference; lastKnownFileType = "compiled.mach-o.dylib"; name = libsqlite3.0.dylib; path = usr/lib/libsqlite3.0.dylib; sourceTree = SDKROOT; };
		3CB2E4551BA7D4E600805D4F /* libz.1.2.5.dylib */ = {isa = PBXFileReference; lastKnownFileType = "compiled.mach-o.dylib"; name = libz.1.2.5.dylib; path = usr/lib/libz.1.2.5.dylib; sourceTree = SDKROOT; };
		3CB2E4571BA7D4F200805D4F /* libstdc++.6.0.9.dylib */ = {isa = PBXFileReference; lastKnownFileType = "compiled.mach-o.dylib"; name = "libstdc++.6.0.9.dylib"; path = "usr/lib/libstdc++.6.0.9.dylib"; sourceTree = SDKROOT; };
		3CB2E4591BA7D4FA00805D4F /* AddressBook.framework */ = {isa = PBXFileReference; lastKnownFileType = wrapper.framework; name = AddressBook.framework; path = System/Library/Frameworks/AddressBook.framework; sourceTree = SDKROOT; };
		3CB2E45B1BA7D53E00805D4F /* AMap.bundle */ = {isa = PBXFileReference; lastKnownFileType = "wrapper.plug-in"; name = AMap.bundle; path = AMapNaviKit.framework/Versions/1.3.1.cf2678a/Resources/AMap.bundle; sourceTree = "<group>"; };
		3CB2E45C1BA7D53E00805D4F /* AMapNavi.bundle */ = {isa = PBXFileReference; lastKnownFileType = "wrapper.plug-in"; name = AMapNavi.bundle; path = AMapNaviKit.framework/Versions/1.3.1.cf2678a/Resources/AMapNavi.bundle; sourceTree = "<group>"; };
		3CCA14EE1BA8080700D45C52 /* SharedMapView.h */ = {isa = PBXFileReference; fileEncoding = 4; lastKnownFileType = sourcecode.c.h; path = SharedMapView.h; sourceTree = "<group>"; };
		3CCA14EF1BA8080700D45C52 /* SharedMapView.m */ = {isa = PBXFileReference; fileEncoding = 4; lastKnownFileType = sourcecode.c.objc; path = SharedMapView.m; sourceTree = "<group>"; };
		3CF7AFBA1BAA997D00F764BD /* GeocodeAnnotation.h */ = {isa = PBXFileReference; fileEncoding = 4; lastKnownFileType = sourcecode.c.h; path = GeocodeAnnotation.h; sourceTree = "<group>"; };
		3CF7AFBB1BAA997D00F764BD /* GeocodeAnnotation.m */ = {isa = PBXFileReference; fileEncoding = 4; lastKnownFileType = sourcecode.c.objc; path = GeocodeAnnotation.m; sourceTree = "<group>"; };
		3CF7AFBD1BAAA14000F764BD /* CommonUtility.h */ = {isa = PBXFileReference; fileEncoding = 4; lastKnownFileType = sourcecode.c.h; path = CommonUtility.h; sourceTree = "<group>"; };
		3CF7AFBE1BAAA14000F764BD /* CommonUtility.m */ = {isa = PBXFileReference; fileEncoding = 4; lastKnownFileType = sourcecode.c.objc; path = CommonUtility.m; sourceTree = "<group>"; };
		3CF7AFC01BAAA19500F764BD /* LineDashPolyline.h */ = {isa = PBXFileReference; fileEncoding = 4; lastKnownFileType = sourcecode.c.h; path = LineDashPolyline.h; sourceTree = "<group>"; };
		3CF7AFC11BAAA19500F764BD /* LineDashPolyline.m */ = {isa = PBXFileReference; fileEncoding = 4; lastKnownFileType = sourcecode.c.objc; path = LineDashPolyline.m; sourceTree = "<group>"; };
/* End PBXFileReference section */

/* Begin PBXFrameworksBuildPhase section */
		3CB2E2EF1BA7B26800805D4F /* Frameworks */ = {
			isa = PBXFrameworksBuildPhase;
			buildActionMask = 2147483647;
			files = (
				3CA224FE1BAFDCDC0028387F /* CoreMedia.framework in Frameworks */,
				3CB2E45A1BA7D4FA00805D4F /* AddressBook.framework in Frameworks */,
				3CB2E4581BA7D4F200805D4F /* libstdc++.6.0.9.dylib in Frameworks */,
				3CB2E4561BA7D4E600805D4F /* libz.1.2.5.dylib in Frameworks */,
				3CB2E4541BA7D49100805D4F /* libsqlite3.0.dylib in Frameworks */,
				3CB2E43B1BA7D42200805D4F /* AMapNaviKit.framework in Frameworks */,
				3CB2E43C1BA7D42200805D4F /* AMapSearchKit.framework in Frameworks */,
				3CB2E43D1BA7D42200805D4F /* iflyMSC.framework in Frameworks */,
				3CB2E4041BA7D1CB00805D4F /* MediaPlayer.framework in Frameworks */,
				3CB2E4021BA7D1BC00805D4F /* libxml2.2.dylib in Frameworks */,
				3CB2E4001BA7D1B300805D4F /* AVFoundation.framework in Frameworks */,
				3CB2E3FE1BA7D19300805D4F /* AudioToolbox.framework in Frameworks */,
				3CB2E3FC1BA7D18900805D4F /* CFNetwork.framework in Frameworks */,
			);
			runOnlyForDeploymentPostprocessing = 0;
		};
		3CB2E3081BA7B26800805D4F /* Frameworks */ = {
			isa = PBXFrameworksBuildPhase;
			buildActionMask = 2147483647;
			files = (
			);
			runOnlyForDeploymentPostprocessing = 0;
		};
/* End PBXFrameworksBuildPhase section */

/* Begin PBXGroup section */
		3CA224E81BAFB1FA0028387F /* AFSoundManager */ = {
			isa = PBXGroup;
			children = (
				3CA224E91BAFB2080028387F /* AFSoundManager.h */,
				3CA224EA1BAFB2080028387F /* AFSoundPlayback.h */,
				3CA224EB1BAFB2080028387F /* AFSoundPlayback.m */,
				3CA224EC1BAFB2080028387F /* AFSoundItem.h */,
				3CA224ED1BAFB2080028387F /* AFSoundItem.m */,
				3CA224EE1BAFB2080028387F /* AFSoundQueue.h */,
				3CA224EF1BAFB2080028387F /* AFSoundQueue.m */,
				3CA224F01BAFB2080028387F /* AFSoundRecord.h */,
				3CA224F11BAFB2080028387F /* AFSoundRecord.m */,
				3CA224F21BAFB2080028387F /* NSTimer+AFSoundManager.h */,
				3CA224F31BAFB2080028387F /* NSTimer+AFSoundManager.m */,
			);
			name = AFSoundManager;
			sourceTree = "<group>";
		};
		3CB2E2E91BA7B26800805D4F = {
			isa = PBXGroup;
			children = (
				3CA224FD1BAFDCDC0028387F /* CoreMedia.framework */,
				3CB2E2F41BA7B26800805D4F /* PoTunes */,
				3CB2E30E1BA7B26800805D4F /* PoTunesTests */,
				3CB2E2F31BA7B26800805D4F /* Products */,
			);
			sourceTree = "<group>";
		};
		3CB2E2F31BA7B26800805D4F /* Products */ = {
			isa = PBXGroup;
			children = (
				3CB2E2F21BA7B26800805D4F /* PoTunes.app */,
				3CB2E30B1BA7B26800805D4F /* PoTunesTests.xctest */,
			);
			name = Products;
			sourceTree = "<group>";
		};
		3CB2E2F41BA7B26800805D4F /* PoTunes */ = {
			isa = PBXGroup;
			children = (
				3CB2E4051BA7D1D200805D4F /* 框架 */,
				3CB2E3B21BA7CF6100805D4F /* Model */,
				3CB2E33A1BA7CD4D00805D4F /* 三方库 */,
				3CB2E31F1BA7CA4500805D4F /* Views */,
				3CB2E31D1BA7C96A00805D4F /* Controllers */,
				3CB2E31B1BA7C92300805D4F /* Others */,
				3CB2E2F91BA7B26800805D4F /* AppDelegate.h */,
				3CB2E2FA1BA7B26800805D4F /* AppDelegate.m */,
				3CB2E2FF1BA7B26800805D4F /* Main.storyboard */,
				3CB2E4061BA7D28600805D4F /* FreeStreamerMobile-Prefix.pch */,
				3CB2E3021BA7B26800805D4F /* Images.xcassets */,
				3CB2E3041BA7B26800805D4F /* LaunchScreen.xib */,
				3CB2E2F51BA7B26800805D4F /* Supporting Files */,
			);
			path = PoTunes;
			sourceTree = "<group>";
		};
		3CB2E2F51BA7B26800805D4F /* Supporting Files */ = {
			isa = PBXGroup;
			children = (
				3CA224FF1BAFDD140028387F /* point1sec.mp3 */,
				3CB2E2F61BA7B26800805D4F /* Info.plist */,
				3CB2E2F71BA7B26800805D4F /* main.m */,
			);
			name = "Supporting Files";
			sourceTree = "<group>";
		};
		3CB2E30E1BA7B26800805D4F /* PoTunesTests */ = {
			isa = PBXGroup;
			children = (
				3CB2E3111BA7B26800805D4F /* PoTunesTests.m */,
				3CB2E30F1BA7B26800805D4F /* Supporting Files */,
			);
			path = PoTunesTests;
			sourceTree = "<group>";
		};
		3CB2E30F1BA7B26800805D4F /* Supporting Files */ = {
			isa = PBXGroup;
			children = (
				3CB2E3101BA7B26800805D4F /* Info.plist */,
			);
			name = "Supporting Files";
			sourceTree = "<group>";
		};
		3CB2E31B1BA7C92300805D4F /* Others */ = {
			isa = PBXGroup;
			children = (
				3CB2E3B01BA7CF2200805D4F /* BebasNeue.otf */,
				3CB2E32C1BA7CB5D00805D4F /* Category */,
				3CB2E31C1BA7C93900805D4F /* Common.h */,
			);
			name = Others;
			sourceTree = "<group>";
		};
		3CB2E31D1BA7C96A00805D4F /* Controllers */ = {
			isa = PBXGroup;
			children = (
				3CB2E43E1BA7D44100805D4F /* 歌曲列表页 */,
				3CB2E4341BA7D38400805D4F /* 设置页 */,
				3CB2E40F1BA7D35B00805D4F /* 高德导航页 */,
				3CB2E3C01BA7CFE500805D4F /* 已下载专辑页 */,
				3CB2E3BC1BA7CFAA00805D4F /* 已下载歌曲页 */,
				3CB2E3541BA7CE0B00805D4F /* 导航控制器 */,
				3CB2E3361BA7CCE300805D4F /* 文章列表页 */,
				3CB2E31E1BA7C97C00805D4F /* 首页 */,
			);
			name = Controllers;
			sourceTree = "<group>";
		};
		3CB2E31E1BA7C97C00805D4F /* 首页 */ = {
			isa = PBXGroup;
			children = (
				3CB2E2FC1BA7B26800805D4F /* ViewController.h */,
				3CB2E2FD1BA7B26800805D4F /* ViewController.m */,
			);
			name = "首页";
			sourceTree = "<group>";
		};
		3CB2E31F1BA7CA4500805D4F /* Views */ = {
			isa = PBXGroup;
			children = (
				3CCA14EE1BA8080700D45C52 /* SharedMapView.h */,
				3CCA14EF1BA8080700D45C52 /* SharedMapView.m */,
				3CB2E3201BA7CA5D00805D4F /* PCArticleCell.h */,
				3CB2E3211BA7CA5D00805D4F /* PCArticleCell.m */,
				3CB2E3221BA7CA5D00805D4F /* LDProgressView.h */,
				3CB2E3231BA7CA5D00805D4F /* LDProgressView.m */,
				3CB2E3241BA7CA5D00805D4F /* PCLabel.h */,
				3CB2E3251BA7CA5D00805D4F /* PCLabel.m */,
				3CB2E3261BA7CA5D00805D4F /* PCButton.h */,
				3CB2E3271BA7CA5D00805D4F /* PCButton.m */,
			);
			name = Views;
			sourceTree = "<group>";
		};
		3CB2E32C1BA7CB5D00805D4F /* Category */ = {
			isa = PBXGroup;
			children = (
				3CB2E3301BA7CC0700805D4F /* UIImage+Reflection.h */,
				3CB2E3311BA7CC0700805D4F /* UIImage+Reflection.m */,
				3CB2E3321BA7CC0700805D4F /* UIView+Geometry.h */,
				3CB2E3331BA7CC0700805D4F /* UIView+Geometry.m */,
				3CB2E32D1BA7CB7A00805D4F /* UIColor+RGBValues.h */,
				3CB2E32E1BA7CB7A00805D4F /* UIColor+RGBValues.m */,
			);
			name = Category;
			sourceTree = "<group>";
		};
		3CB2E3361BA7CCE300805D4F /* 文章列表页 */ = {
			isa = PBXGroup;
			children = (
				3CB2E3371BA7CCF900805D4F /* PCArticleViewController.h */,
				3CB2E3381BA7CCF900805D4F /* PCArticleViewController.m */,
			);
			name = "文章列表页";
			sourceTree = "<group>";
		};
		3CB2E33A1BA7CD4D00805D4F /* 三方库 */ = {
			isa = PBXGroup;
			children = (
				3CA224E81BAFB1FA0028387F /* AFSoundManager */,
				3CB2E4421BA7D45800805D4F /* FMDB */,
				3CB2E4071BA7D31E00805D4F /* LEColorPicker */,
				3CB2E3C41BA7D0A500805D4F /* FSAudioStreamer */,
				3CB2E3931BA7CEFF00805D4F /* AFNetworking */,
				3CB2E38A1BA7CEE100805D4F /* MBProgressHUD */,
				3CB2E3581BA7CE3400805D4F /* SDWebImage */,
				3CB2E33B1BA7CD6800805D4F /* MJRefresh */,
			);
			name = "三方库";
			sourceTree = "<group>";
		};
		3CB2E33B1BA7CD6800805D4F /* MJRefresh */ = {
			isa = PBXGroup;
			children = (
				3CB2E33C1BA7CD7C00805D4F /* UIScrollView+MJExtension.h */,
				3CB2E33D1BA7CD7C00805D4F /* UIScrollView+MJExtension.m */,
				3CB2E33E1BA7CD7C00805D4F /* UIScrollView+MJRefresh.h */,
				3CB2E33F1BA7CD7C00805D4F /* UIScrollView+MJRefresh.m */,
				3CB2E3401BA7CD7C00805D4F /* UIView+MJExtension.h */,
				3CB2E3411BA7CD7C00805D4F /* UIView+MJExtension.m */,
				3CB2E3421BA7CD7C00805D4F /* MJRefresh.bundle */,
				3CB2E3431BA7CD7C00805D4F /* MJRefresh.h */,
				3CB2E3441BA7CD7C00805D4F /* MJRefreshBaseView.h */,
				3CB2E3451BA7CD7C00805D4F /* MJRefreshBaseView.m */,
				3CB2E3461BA7CD7C00805D4F /* MJRefreshConst.h */,
				3CB2E3471BA7CD7C00805D4F /* MJRefreshConst.m */,
				3CB2E3481BA7CD7C00805D4F /* MJRefreshFooterView.h */,
				3CB2E3491BA7CD7C00805D4F /* MJRefreshFooterView.m */,
				3CB2E34A1BA7CD7C00805D4F /* MJRefreshHeaderView.h */,
				3CB2E34B1BA7CD7C00805D4F /* MJRefreshHeaderView.m */,
			);
			name = MJRefresh;
			sourceTree = "<group>";
		};
		3CB2E3541BA7CE0B00805D4F /* 导航控制器 */ = {
			isa = PBXGroup;
			children = (
				3CB2E3551BA7CE1A00805D4F /* PCNavigationController.h */,
				3CB2E3561BA7CE1A00805D4F /* PCNavigationController.m */,
			);
			name = "导航控制器";
			sourceTree = "<group>";
		};
		3CB2E3581BA7CE3400805D4F /* SDWebImage */ = {
			isa = PBXGroup;
			children = (
				3CB2E3591BA7CE4000805D4F /* MKAnnotationView+WebCache.h */,
				3CB2E35A1BA7CE4000805D4F /* MKAnnotationView+WebCache.m */,
				3CB2E35B1BA7CE4000805D4F /* NSData+ImageContentType.h */,
				3CB2E35C1BA7CE4000805D4F /* NSData+ImageContentType.m */,
				3CB2E35D1BA7CE4000805D4F /* SDImageCache.h */,
				3CB2E35E1BA7CE4000805D4F /* SDImageCache.m */,
				3CB2E35F1BA7CE4000805D4F /* SDWebImageCompat.h */,
				3CB2E3601BA7CE4000805D4F /* SDWebImageCompat.m */,
				3CB2E3611BA7CE4000805D4F /* SDWebImageDecoder.h */,
				3CB2E3621BA7CE4000805D4F /* SDWebImageDecoder.m */,
				3CB2E3631BA7CE4000805D4F /* SDWebImageDownloader.h */,
				3CB2E3641BA7CE4000805D4F /* SDWebImageDownloader.m */,
				3CB2E3651BA7CE4000805D4F /* SDWebImageDownloaderOperation.h */,
				3CB2E3661BA7CE4000805D4F /* SDWebImageDownloaderOperation.m */,
				3CB2E3671BA7CE4000805D4F /* SDWebImageManager.h */,
				3CB2E3681BA7CE4000805D4F /* SDWebImageManager.m */,
				3CB2E3691BA7CE4000805D4F /* SDWebImageOperation.h */,
				3CB2E36A1BA7CE4000805D4F /* SDWebImagePrefetcher.h */,
				3CB2E36B1BA7CE4000805D4F /* SDWebImagePrefetcher.m */,
				3CB2E36C1BA7CE4000805D4F /* UIButton+WebCache.h */,
				3CB2E36D1BA7CE4000805D4F /* UIButton+WebCache.m */,
				3CB2E36E1BA7CE4000805D4F /* UIImage+GIF.h */,
				3CB2E36F1BA7CE4000805D4F /* UIImage+GIF.m */,
				3CB2E3701BA7CE4000805D4F /* UIImage+MultiFormat.h */,
				3CB2E3711BA7CE4000805D4F /* UIImage+MultiFormat.m */,
				3CB2E3721BA7CE4000805D4F /* UIImage+WebP.h */,
				3CB2E3731BA7CE4000805D4F /* UIImage+WebP.m */,
				3CB2E3741BA7CE4000805D4F /* UIImageView+HighlightedWebCache.h */,
				3CB2E3751BA7CE4000805D4F /* UIImageView+HighlightedWebCache.m */,
				3CB2E3761BA7CE4000805D4F /* UIImageView+WebCache.h */,
				3CB2E3771BA7CE4000805D4F /* UIImageView+WebCache.m */,
				3CB2E3781BA7CE4000805D4F /* UIView+WebCacheOperation.h */,
				3CB2E3791BA7CE4000805D4F /* UIView+WebCacheOperation.m */,
			);
			name = SDWebImage;
			sourceTree = "<group>";
		};
		3CB2E38A1BA7CEE100805D4F /* MBProgressHUD */ = {
			isa = PBXGroup;
			children = (
				3CB2E38B1BA7CEEE00805D4F /* MBProgressHUD.bundle */,
				3CB2E38C1BA7CEEE00805D4F /* MBProgressHUD.h */,
				3CB2E38D1BA7CEEE00805D4F /* MBProgressHUD.m */,
				3CB2E38E1BA7CEEE00805D4F /* MBProgressHUD+MJ.h */,
				3CB2E38F1BA7CEEE00805D4F /* MBProgressHUD+MJ.m */,
			);
			name = MBProgressHUD;
			sourceTree = "<group>";
		};
		3CB2E3931BA7CEFF00805D4F /* AFNetworking */ = {
			isa = PBXGroup;
			children = (
				3CB2E3941BA7CF0D00805D4F /* AFHTTPRequestOperation.h */,
				3CB2E3951BA7CF0D00805D4F /* AFHTTPRequestOperation.m */,
				3CB2E3961BA7CF0D00805D4F /* AFHTTPRequestOperationManager.h */,
				3CB2E3971BA7CF0D00805D4F /* AFHTTPRequestOperationManager.m */,
				3CB2E3981BA7CF0D00805D4F /* AFHTTPSessionManager.h */,
				3CB2E3991BA7CF0D00805D4F /* AFHTTPSessionManager.m */,
				3CB2E39A1BA7CF0D00805D4F /* AFNetworking.h */,
				3CB2E39B1BA7CF0D00805D4F /* AFNetworkReachabilityManager.h */,
				3CB2E39C1BA7CF0D00805D4F /* AFNetworkReachabilityManager.m */,
				3CB2E39D1BA7CF0D00805D4F /* AFSecurityPolicy.h */,
				3CB2E39E1BA7CF0D00805D4F /* AFSecurityPolicy.m */,
				3CB2E39F1BA7CF0D00805D4F /* AFURLConnectionOperation.h */,
				3CB2E3A01BA7CF0D00805D4F /* AFURLConnectionOperation.m */,
				3CB2E3A11BA7CF0D00805D4F /* AFURLRequestSerialization.h */,
				3CB2E3A21BA7CF0D00805D4F /* AFURLRequestSerialization.m */,
				3CB2E3A31BA7CF0D00805D4F /* AFURLResponseSerialization.h */,
				3CB2E3A41BA7CF0D00805D4F /* AFURLResponseSerialization.m */,
				3CB2E3A51BA7CF0D00805D4F /* AFURLSessionManager.h */,
				3CB2E3A61BA7CF0D00805D4F /* AFURLSessionManager.m */,
			);
			name = AFNetworking;
			sourceTree = "<group>";
		};
		3CB2E3B21BA7CF6100805D4F /* Model */ = {
			isa = PBXGroup;
			children = (
				3CF7AFC01BAAA19500F764BD /* LineDashPolyline.h */,
				3CF7AFC11BAAA19500F764BD /* LineDashPolyline.m */,
				3CF7AFBD1BAAA14000F764BD /* CommonUtility.h */,
				3CF7AFBE1BAAA14000F764BD /* CommonUtility.m */,
				3CF7AFBA1BAA997D00F764BD /* GeocodeAnnotation.h */,
				3CF7AFBB1BAA997D00F764BD /* GeocodeAnnotation.m */,
				3CB2E3B31BA7CF7000805D4F /* PCSong.h */,
				3CB2E3B41BA7CF7000805D4F /* PCSong.m */,
				3CB2E3B51BA7CF7000805D4F /* PCPlaylist.h */,
				3CB2E3B61BA7CF7000805D4F /* PCPlaylist.m */,
				3CB2E3B71BA7CF7000805D4F /* PCArticle.h */,
				3CB2E3B81BA7CF7000805D4F /* PCArticle.m */,
			);
			name = Model;
			sourceTree = "<group>";
		};
		3CB2E3BC1BA7CFAA00805D4F /* 已下载歌曲页 */ = {
			isa = PBXGroup;
			children = (
				3CB2E3BD1BA7CFBA00805D4F /* PCDownloadViewController.h */,
				3CB2E3BE1BA7CFBA00805D4F /* PCDownloadViewController.m */,
			);
			name = "已下载歌曲页";
			sourceTree = "<group>";
		};
		3CB2E3C01BA7CFE500805D4F /* 已下载专辑页 */ = {
			isa = PBXGroup;
			children = (
				3CB2E3C11BA7CFF000805D4F /* PCMyMusicViewController.h */,
				3CB2E3C21BA7CFF000805D4F /* PCMyMusicViewController.m */,
			);
			name = "已下载专辑页";
			sourceTree = "<group>";
		};
		3CB2E3C41BA7D0A500805D4F /* FSAudioStreamer */ = {
			isa = PBXGroup;
			children = (
				3CB2E3DF1BA7D13000805D4F /* astreamer */,
				3CB2E3C91BA7D10C00805D4F /* Common */,
				3CB2E3C51BA7D0BD00805D4F /* Reachability */,
			);
			name = FSAudioStreamer;
			sourceTree = "<group>";
		};
		3CB2E3C51BA7D0BD00805D4F /* Reachability */ = {
			isa = PBXGroup;
			children = (
				3CB2E3C61BA7D0FC00805D4F /* Reachability.h */,
				3CB2E3C71BA7D0FC00805D4F /* Reachability.m */,
			);
			name = Reachability;
			sourceTree = "<group>";
		};
		3CB2E3C91BA7D10C00805D4F /* Common */ = {
			isa = PBXGroup;
			children = (
				3CB2E3CA1BA7D11E00805D4F /* FSAudioController.h */,
				3CB2E3CB1BA7D11E00805D4F /* FSAudioController.m */,
				3CB2E3CC1BA7D11E00805D4F /* FSAudioStream.h */,
				3CB2E3CD1BA7D11E00805D4F /* FSAudioStream.mm */,
				3CB2E3CE1BA7D11E00805D4F /* FSCheckContentTypeRequest.h */,
				3CB2E3CF1BA7D11E00805D4F /* FSCheckContentTypeRequest.m */,
				3CB2E3D01BA7D11E00805D4F /* FSParsePlaylistRequest.h */,
				3CB2E3D11BA7D11E00805D4F /* FSParsePlaylistRequest.m */,
				3CB2E3D21BA7D11E00805D4F /* FSParseRssPodcastFeedRequest.h */,
				3CB2E3D31BA7D11E00805D4F /* FSParseRssPodcastFeedRequest.m */,
				3CB2E3D41BA7D11E00805D4F /* FSPlaylistItem.h */,
				3CB2E3D51BA7D11E00805D4F /* FSPlaylistItem.m */,
				3CB2E3D61BA7D11E00805D4F /* FSXMLHttpRequest.h */,
				3CB2E3D71BA7D11E00805D4F /* FSXMLHttpRequest.m */,
			);
			name = Common;
			sourceTree = "<group>";
		};
		3CB2E3DF1BA7D13000805D4F /* astreamer */ = {
			isa = PBXGroup;
			children = (
				3CB2E3E01BA7D13B00805D4F /* audio_queue.cpp */,
				3CB2E3E11BA7D13B00805D4F /* audio_queue.h */,
				3CB2E3E21BA7D13B00805D4F /* audio_stream.cpp */,
				3CB2E3E31BA7D13B00805D4F /* audio_stream.h */,
				3CB2E3E41BA7D13B00805D4F /* caching_stream.cpp */,
				3CB2E3E51BA7D13B00805D4F /* caching_stream.h */,
				3CB2E3E61BA7D13B00805D4F /* file_output.cpp */,
				3CB2E3E71BA7D13B00805D4F /* file_output.h */,
				3CB2E3E81BA7D13B00805D4F /* file_stream.cpp */,
				3CB2E3E91BA7D13B00805D4F /* file_stream.h */,
				3CB2E3EA1BA7D13B00805D4F /* http_stream.cpp */,
				3CB2E3EB1BA7D13B00805D4F /* http_stream.h */,
				3CB2E3EC1BA7D13B00805D4F /* id3_parser.cpp */,
				3CB2E3ED1BA7D13B00805D4F /* id3_parser.h */,
				3CB2E3EE1BA7D13B00805D4F /* input_stream.cpp */,
				3CB2E3EF1BA7D13B00805D4F /* input_stream.h */,
				3CB2E3F01BA7D13B00805D4F /* stream_configuration.cpp */,
				3CB2E3F11BA7D13B00805D4F /* stream_configuration.h */,
			);
			name = astreamer;
			sourceTree = "<group>";
		};
		3CB2E4051BA7D1D200805D4F /* 框架 */ = {
			isa = PBXGroup;
			children = (
				3CB2E45B1BA7D53E00805D4F /* AMap.bundle */,
				3CB2E45C1BA7D53E00805D4F /* AMapNavi.bundle */,
				3CB2E4591BA7D4FA00805D4F /* AddressBook.framework */,
				3CB2E4571BA7D4F200805D4F /* libstdc++.6.0.9.dylib */,
				3CB2E4551BA7D4E600805D4F /* libz.1.2.5.dylib */,
				3CB2E4531BA7D49100805D4F /* libsqlite3.0.dylib */,
				3CB2E4381BA7D42200805D4F /* AMapNaviKit.framework */,
				3CB2E4391BA7D42200805D4F /* AMapSearchKit.framework */,
				3CB2E43A1BA7D42200805D4F /* iflyMSC.framework */,
				3CB2E4031BA7D1CB00805D4F /* MediaPlayer.framework */,
				3CB2E4011BA7D1BC00805D4F /* libxml2.2.dylib */,
				3CB2E3FF1BA7D1B300805D4F /* AVFoundation.framework */,
				3CB2E3FD1BA7D19300805D4F /* AudioToolbox.framework */,
				3CB2E3FB1BA7D18900805D4F /* CFNetwork.framework */,
			);
			name = "框架";
			sourceTree = "<group>";
		};
		3CB2E4071BA7D31E00805D4F /* LEColorPicker */ = {
			isa = PBXGroup;
			children = (
				3CB2E4081BA7D32E00805D4F /* LEColorPicker.h */,
				3CB2E4091BA7D32E00805D4F /* LEColorPicker.m */,
				3CB2E40A1BA7D32E00805D4F /* UIColor+YUVSpace.h */,
				3CB2E40B1BA7D32E00805D4F /* UIColor+YUVSpace.m */,
			);
			name = LEColorPicker;
			sourceTree = "<group>";
		};
		3CB2E40F1BA7D35B00805D4F /* 高德导航页 */ = {
			isa = PBXGroup;
			children = (
				3C5812FE1BA7EFA00091E4FC /* PCNaviController.h */,
				3C5812FF1BA7EFA00091E4FC /* PCNaviController.m */,
				3CB2E4241BA7D36A00805D4F /* PCBaiduNavController.h */,
				3CB2E4251BA7D36A00805D4F /* PCBaiduNavController.m */,
			);
			name = "高德导航页";
			sourceTree = "<group>";
		};
		3CB2E4341BA7D38400805D4F /* 设置页 */ = {
			isa = PBXGroup;
			children = (
				3CB2E4351BA7D39400805D4F /* PCSettingViewController.h */,
				3CB2E4361BA7D39400805D4F /* PCSettingViewController.m */,
			);
			name = "设置页";
			sourceTree = "<group>";
		};
		3CB2E43E1BA7D44100805D4F /* 歌曲列表页 */ = {
			isa = PBXGroup;
			children = (
				3CB2E43F1BA7D44E00805D4F /* PCArticleDetailViewController.h */,
				3CB2E4401BA7D44E00805D4F /* PCArticleDetailViewController.m */,
			);
			name = "歌曲列表页";
			sourceTree = "<group>";
		};
		3CB2E4421BA7D45800805D4F /* FMDB */ = {
			isa = PBXGroup;
			children = (
				3CB2E4431BA7D46C00805D4F /* FMDatabase.h */,
				3CB2E4441BA7D46C00805D4F /* FMDatabase.m */,
				3CB2E4451BA7D46C00805D4F /* FMDatabaseAdditions.h */,
				3CB2E4461BA7D46C00805D4F /* FMDatabaseAdditions.m */,
				3CB2E4471BA7D46C00805D4F /* FMDatabasePool.h */,
				3CB2E4481BA7D46C00805D4F /* FMDatabasePool.m */,
				3CB2E4491BA7D46C00805D4F /* FMDatabaseQueue.h */,
				3CB2E44A1BA7D46C00805D4F /* FMDatabaseQueue.m */,
				3CB2E44B1BA7D46C00805D4F /* FMDB.h */,
				3CB2E44C1BA7D46C00805D4F /* FMResultSet.h */,
				3CB2E44D1BA7D46C00805D4F /* FMResultSet.m */,
			);
			name = FMDB;
			sourceTree = "<group>";
		};
/* End PBXGroup section */

/* Begin PBXNativeTarget section */
		3CB2E2F11BA7B26800805D4F /* PoTunes */ = {
			isa = PBXNativeTarget;
			buildConfigurationList = 3CB2E3151BA7B26800805D4F /* Build configuration list for PBXNativeTarget "PoTunes" */;
			buildPhases = (
				3CB2E2EE1BA7B26800805D4F /* Sources */,
				3CB2E2EF1BA7B26800805D4F /* Frameworks */,
				3CB2E2F01BA7B26800805D4F /* Resources */,
			);
			buildRules = (
			);
			dependencies = (
			);
			name = PoTunes;
			productName = PoTunes;
			productReference = 3CB2E2F21BA7B26800805D4F /* PoTunes.app */;
			productType = "com.apple.product-type.application";
		};
		3CB2E30A1BA7B26800805D4F /* PoTunesTests */ = {
			isa = PBXNativeTarget;
			buildConfigurationList = 3CB2E3181BA7B26800805D4F /* Build configuration list for PBXNativeTarget "PoTunesTests" */;
			buildPhases = (
				3CB2E3071BA7B26800805D4F /* Sources */,
				3CB2E3081BA7B26800805D4F /* Frameworks */,
				3CB2E3091BA7B26800805D4F /* Resources */,
			);
			buildRules = (
			);
			dependencies = (
				3CB2E30D1BA7B26800805D4F /* PBXTargetDependency */,
			);
			name = PoTunesTests;
			productName = PoTunesTests;
			productReference = 3CB2E30B1BA7B26800805D4F /* PoTunesTests.xctest */;
			productType = "com.apple.product-type.bundle.unit-test";
		};
/* End PBXNativeTarget section */

/* Begin PBXProject section */
		3CB2E2EA1BA7B26800805D4F /* Project object */ = {
			isa = PBXProject;
			attributes = {
				LastUpgradeCheck = 0640;
				ORGANIZATIONNAME = Purchas;
				TargetAttributes = {
					3CB2E2F11BA7B26800805D4F = {
						CreatedOnToolsVersion = 6.4;
						SystemCapabilities = {
							com.apple.BackgroundModes = {
								enabled = 1;
							};
						};
					};
					3CB2E30A1BA7B26800805D4F = {
						CreatedOnToolsVersion = 6.4;
						TestTargetID = 3CB2E2F11BA7B26800805D4F;
					};
				};
			};
			buildConfigurationList = 3CB2E2ED1BA7B26800805D4F /* Build configuration list for PBXProject "PoTunes" */;
			compatibilityVersion = "Xcode 3.2";
			developmentRegion = English;
			hasScannedForEncodings = 0;
			knownRegions = (
				en,
				Base,
			);
			mainGroup = 3CB2E2E91BA7B26800805D4F;
			productRefGroup = 3CB2E2F31BA7B26800805D4F /* Products */;
			projectDirPath = "";
			projectRoot = "";
			targets = (
				3CB2E2F11BA7B26800805D4F /* PoTunes */,
				3CB2E30A1BA7B26800805D4F /* PoTunesTests */,
			);
		};
/* End PBXProject section */

/* Begin PBXResourcesBuildPhase section */
		3CB2E2F01BA7B26800805D4F /* Resources */ = {
			isa = PBXResourcesBuildPhase;
			buildActionMask = 2147483647;
			files = (
				3CB2E45D1BA7D53E00805D4F /* AMap.bundle in Resources */,
				3CB2E45E1BA7D53E00805D4F /* AMapNavi.bundle in Resources */,
				3CB2E3011BA7B26800805D4F /* Main.storyboard in Resources */,
				3CB2E3061BA7B26800805D4F /* LaunchScreen.xib in Resources */,
				3CB2E3B11BA7CF2200805D4F /* BebasNeue.otf in Resources */,
				3CB2E3901BA7CEEE00805D4F /* MBProgressHUD.bundle in Resources */,
				3CA225001BAFDD140028387F /* point1sec.mp3 in Resources */,
				3CB2E34F1BA7CD7C00805D4F /* MJRefresh.bundle in Resources */,
				3CB2E3031BA7B26800805D4F /* Images.xcassets in Resources */,
			);
			runOnlyForDeploymentPostprocessing = 0;
		};
		3CB2E3091BA7B26800805D4F /* Resources */ = {
			isa = PBXResourcesBuildPhase;
			buildActionMask = 2147483647;
			files = (
			);
			runOnlyForDeploymentPostprocessing = 0;
		};
/* End PBXResourcesBuildPhase section */

/* Begin PBXSourcesBuildPhase section */
		3CB2E2EE1BA7B26800805D4F /* Sources */ = {
			isa = PBXSourcesBuildPhase;
			buildActionMask = 2147483647;
			files = (
				3CB2E34C1BA7CD7C00805D4F /* UIScrollView+MJExtension.m in Sources */,
				3CB2E3C31BA7CFF000805D4F /* PCMyMusicViewController.m in Sources */,
				3CB2E3821BA7CE4000805D4F /* SDWebImagePrefetcher.m in Sources */,
				3CB2E4501BA7D46C00805D4F /* FMDatabasePool.m in Sources */,
				3CB2E3A71BA7CF0D00805D4F /* AFHTTPRequestOperation.m in Sources */,
				3CB2E3351BA7CC0700805D4F /* UIView+Geometry.m in Sources */,
				3CB2E3861BA7CE4000805D4F /* UIImage+WebP.m in Sources */,
				3CB2E3881BA7CE4000805D4F /* UIImageView+WebCache.m in Sources */,
				3CB2E3801BA7CE4000805D4F /* SDWebImageDownloaderOperation.m in Sources */,
				3CA224F71BAFB2080028387F /* AFSoundRecord.m in Sources */,
				3CB2E3AD1BA7CF0D00805D4F /* AFURLRequestSerialization.m in Sources */,
				3CB2E3A91BA7CF0D00805D4F /* AFHTTPSessionManager.m in Sources */,
				3CA224F51BAFB2080028387F /* AFSoundItem.m in Sources */,
				3CB2E3DC1BA7D11E00805D4F /* FSParseRssPodcastFeedRequest.m in Sources */,
				3CB2E3F61BA7D13B00805D4F /* file_stream.cpp in Sources */,
				3CB2E2FE1BA7B26800805D4F /* ViewController.m in Sources */,
				3CB2E3D81BA7D11E00805D4F /* FSAudioController.m in Sources */,
				3CB2E3871BA7CE4000805D4F /* UIImageView+HighlightedWebCache.m in Sources */,
				3CB2E3AC1BA7CF0D00805D4F /* AFURLConnectionOperation.m in Sources */,
				3CB2E3BB1BA7CF7000805D4F /* PCArticle.m in Sources */,
				3CB2E3BA1BA7CF7000805D4F /* PCPlaylist.m in Sources */,
				3CB2E3501BA7CD7C00805D4F /* MJRefreshBaseView.m in Sources */,
				3CB2E4371BA7D39400805D4F /* PCSettingViewController.m in Sources */,
				3CB2E3921BA7CEEE00805D4F /* MBProgressHUD+MJ.m in Sources */,
				3CB2E37E1BA7CE4000805D4F /* SDWebImageDecoder.m in Sources */,
				3CF7AFBC1BAA997D00F764BD /* GeocodeAnnotation.m in Sources */,
				3CB2E3D91BA7D11E00805D4F /* FSAudioStream.mm in Sources */,
				3CB2E3F51BA7D13B00805D4F /* file_output.cpp in Sources */,
				3CB2E37B1BA7CE4000805D4F /* NSData+ImageContentType.m in Sources */,
				3CB2E34E1BA7CD7C00805D4F /* UIView+MJExtension.m in Sources */,
				3CB2E3341BA7CC0700805D4F /* UIImage+Reflection.m in Sources */,
				3CA224F41BAFB2080028387F /* AFSoundPlayback.m in Sources */,
				3CB2E37C1BA7CE4000805D4F /* SDImageCache.m in Sources */,
				3CB2E3F41BA7D13B00805D4F /* caching_stream.cpp in Sources */,
				3CB2E3F71BA7D13B00805D4F /* http_stream.cpp in Sources */,
				3CB2E3AE1BA7CF0D00805D4F /* AFURLResponseSerialization.m in Sources */,
				3CB2E44E1BA7D46C00805D4F /* FMDatabase.m in Sources */,
				3CB2E3DA1BA7D11E00805D4F /* FSCheckContentTypeRequest.m in Sources */,
				3CA224F61BAFB2080028387F /* AFSoundQueue.m in Sources */,
				3C5813001BA7EFA00091E4FC /* PCNaviController.m in Sources */,
				3CB2E4511BA7D46C00805D4F /* FMDatabaseQueue.m in Sources */,
				3CB2E3531BA7CD7C00805D4F /* MJRefreshHeaderView.m in Sources */,
				3CF7AFBF1BAAA14000F764BD /* CommonUtility.m in Sources */,
				3CB2E3B91BA7CF7000805D4F /* PCSong.m in Sources */,
				3CB2E32F1BA7CB7A00805D4F /* UIColor+RGBValues.m in Sources */,
				3CB2E3C81BA7D0FC00805D4F /* Reachability.m in Sources */,
				3CB2E3F31BA7D13B00805D4F /* audio_stream.cpp in Sources */,
				3CB2E3811BA7CE4000805D4F /* SDWebImageManager.m in Sources */,
				3CB2E3F81BA7D13B00805D4F /* id3_parser.cpp in Sources */,
				3CB2E3891BA7CE4000805D4F /* UIView+WebCacheOperation.m in Sources */,
				3CB2E3A81BA7CF0D00805D4F /* AFHTTPRequestOperationManager.m in Sources */,
				3CB2E3FA1BA7D13B00805D4F /* stream_configuration.cpp in Sources */,
				3CCA14F01BA8080700D45C52 /* SharedMapView.m in Sources */,
				3CB2E32B1BA7CA5D00805D4F /* PCButton.m in Sources */,
				3CB2E40C1BA7D32E00805D4F /* LEColorPicker.m in Sources */,
				3CB2E3DD1BA7D11E00805D4F /* FSPlaylistItem.m in Sources */,
				3CB2E3DB1BA7D11E00805D4F /* FSParsePlaylistRequest.m in Sources */,
				3CB2E3BF1BA7CFBA00805D4F /* PCDownloadViewController.m in Sources */,
				3CB2E3521BA7CD7C00805D4F /* MJRefreshFooterView.m in Sources */,
				3CB2E3511BA7CD7C00805D4F /* MJRefreshConst.m in Sources */,
				3CB2E3DE1BA7D11E00805D4F /* FSXMLHttpRequest.m in Sources */,
				3CB2E37F1BA7CE4000805D4F /* SDWebImageDownloader.m in Sources */,
				3CB2E3841BA7CE4000805D4F /* UIImage+GIF.m in Sources */,
				3CB2E4521BA7D46C00805D4F /* FMResultSet.m in Sources */,
				3CB2E32A1BA7CA5D00805D4F /* PCLabel.m in Sources */,
				3CB2E3AB1BA7CF0D00805D4F /* AFSecurityPolicy.m in Sources */,
				3CB2E3281BA7CA5D00805D4F /* PCArticleCell.m in Sources */,
				3CB2E37A1BA7CE4000805D4F /* MKAnnotationView+WebCache.m in Sources */,
				3CB2E34D1BA7CD7C00805D4F /* UIScrollView+MJRefresh.m in Sources */,
				3CB2E3F91BA7D13B00805D4F /* input_stream.cpp in Sources */,
				3CB2E3571BA7CE1A00805D4F /* PCNavigationController.m in Sources */,
				3CB2E3851BA7CE4000805D4F /* UIImage+MultiFormat.m in Sources */,
				3CB2E3F21BA7D13B00805D4F /* audio_queue.cpp in Sources */,
				3CB2E3AA1BA7CF0D00805D4F /* AFNetworkReachabilityManager.m in Sources */,
				3CB2E4411BA7D44E00805D4F /* PCArticleDetailViewController.m in Sources */,
				3CB2E3391BA7CCF900805D4F /* PCArticleViewController.m in Sources */,
				3CB2E37D1BA7CE4000805D4F /* SDWebImageCompat.m in Sources */,
				3CF7AFC21BAAA19500F764BD /* LineDashPolyline.m in Sources */,
				3CB2E4321BA7D36A00805D4F /* PCBaiduNavController.m in Sources */,
				3CB2E40D1BA7D32E00805D4F /* UIColor+YUVSpace.m in Sources */,
				3CB2E3911BA7CEEE00805D4F /* MBProgressHUD.m in Sources */,
				3CB2E44F1BA7D46C00805D4F /* FMDatabaseAdditions.m in Sources */,
				3CB2E2FB1BA7B26800805D4F /* AppDelegate.m in Sources */,
				3CB2E3291BA7CA5D00805D4F /* LDProgressView.m in Sources */,
				3CA224F81BAFB2080028387F /* NSTimer+AFSoundManager.m in Sources */,
				3CB2E3831BA7CE4000805D4F /* UIButton+WebCache.m in Sources */,
				3CB2E2F81BA7B26800805D4F /* main.m in Sources */,
				3CB2E3AF1BA7CF0D00805D4F /* AFURLSessionManager.m in Sources */,
			);
			runOnlyForDeploymentPostprocessing = 0;
		};
		3CB2E3071BA7B26800805D4F /* Sources */ = {
			isa = PBXSourcesBuildPhase;
			buildActionMask = 2147483647;
			files = (
				3CB2E3121BA7B26800805D4F /* PoTunesTests.m in Sources */,
			);
			runOnlyForDeploymentPostprocessing = 0;
		};
/* End PBXSourcesBuildPhase section */

/* Begin PBXTargetDependency section */
		3CB2E30D1BA7B26800805D4F /* PBXTargetDependency */ = {
			isa = PBXTargetDependency;
			target = 3CB2E2F11BA7B26800805D4F /* PoTunes */;
			targetProxy = 3CB2E30C1BA7B26800805D4F /* PBXContainerItemProxy */;
		};
/* End PBXTargetDependency section */

/* Begin PBXVariantGroup section */
		3CB2E2FF1BA7B26800805D4F /* Main.storyboard */ = {
			isa = PBXVariantGroup;
			children = (
				3CB2E3001BA7B26800805D4F /* Base */,
			);
			name = Main.storyboard;
			sourceTree = "<group>";
		};
		3CB2E3041BA7B26800805D4F /* LaunchScreen.xib */ = {
			isa = PBXVariantGroup;
			children = (
				3CB2E3051BA7B26800805D4F /* Base */,
			);
			name = LaunchScreen.xib;
			sourceTree = "<group>";
		};
/* End PBXVariantGroup section */

/* Begin XCBuildConfiguration section */
		3CB2E3131BA7B26800805D4F /* Debug */ = {
			isa = XCBuildConfiguration;
			buildSettings = {
				ALWAYS_SEARCH_USER_PATHS = NO;
				CLANG_CXX_LANGUAGE_STANDARD = "gnu++0x";
				CLANG_CXX_LIBRARY = "libc++";
				CLANG_ENABLE_MODULES = YES;
				CLANG_ENABLE_OBJC_ARC = YES;
				CLANG_WARN_BOOL_CONVERSION = YES;
				CLANG_WARN_CONSTANT_CONVERSION = YES;
				CLANG_WARN_DIRECT_OBJC_ISA_USAGE = YES_ERROR;
				CLANG_WARN_EMPTY_BODY = YES;
				CLANG_WARN_ENUM_CONVERSION = YES;
				CLANG_WARN_INT_CONVERSION = YES;
				CLANG_WARN_OBJC_ROOT_CLASS = YES_ERROR;
				CLANG_WARN_UNREACHABLE_CODE = YES;
				CLANG_WARN__DUPLICATE_METHOD_MATCH = YES;
				"CODE_SIGN_IDENTITY[sdk=iphoneos*]" = "iPhone Developer";
				COPY_PHASE_STRIP = NO;
				DEBUG_INFORMATION_FORMAT = "dwarf-with-dsym";
				ENABLE_STRICT_OBJC_MSGSEND = YES;
				GCC_C_LANGUAGE_STANDARD = gnu99;
				GCC_DYNAMIC_NO_PIC = NO;
				GCC_NO_COMMON_BLOCKS = YES;
				GCC_OPTIMIZATION_LEVEL = 0;
				GCC_PREPROCESSOR_DEFINITIONS = (
					"DEBUG=1",
					"$(inherited)",
				);
				GCC_SYMBOLS_PRIVATE_EXTERN = NO;
				GCC_WARN_64_TO_32_BIT_CONVERSION = YES;
				GCC_WARN_ABOUT_RETURN_TYPE = YES_ERROR;
				GCC_WARN_UNDECLARED_SELECTOR = YES;
				GCC_WARN_UNINITIALIZED_AUTOS = YES_AGGRESSIVE;
				GCC_WARN_UNUSED_FUNCTION = YES;
				GCC_WARN_UNUSED_VARIABLE = YES;
				IPHONEOS_DEPLOYMENT_TARGET = 8.4;
				MTL_ENABLE_DEBUG_INFO = YES;
				ONLY_ACTIVE_ARCH = YES;
				SDKROOT = iphoneos;
			};
			name = Debug;
		};
		3CB2E3141BA7B26800805D4F /* Release */ = {
			isa = XCBuildConfiguration;
			buildSettings = {
				ALWAYS_SEARCH_USER_PATHS = NO;
				CLANG_CXX_LANGUAGE_STANDARD = "gnu++0x";
				CLANG_CXX_LIBRARY = "libc++";
				CLANG_ENABLE_MODULES = YES;
				CLANG_ENABLE_OBJC_ARC = YES;
				CLANG_WARN_BOOL_CONVERSION = YES;
				CLANG_WARN_CONSTANT_CONVERSION = YES;
				CLANG_WARN_DIRECT_OBJC_ISA_USAGE = YES_ERROR;
				CLANG_WARN_EMPTY_BODY = YES;
				CLANG_WARN_ENUM_CONVERSION = YES;
				CLANG_WARN_INT_CONVERSION = YES;
				CLANG_WARN_OBJC_ROOT_CLASS = YES_ERROR;
				CLANG_WARN_UNREACHABLE_CODE = YES;
				CLANG_WARN__DUPLICATE_METHOD_MATCH = YES;
				"CODE_SIGN_IDENTITY[sdk=iphoneos*]" = "iPhone Developer";
				COPY_PHASE_STRIP = NO;
				DEBUG_INFORMATION_FORMAT = "dwarf-with-dsym";
				ENABLE_NS_ASSERTIONS = NO;
				ENABLE_STRICT_OBJC_MSGSEND = YES;
				GCC_C_LANGUAGE_STANDARD = gnu99;
				GCC_NO_COMMON_BLOCKS = YES;
				GCC_WARN_64_TO_32_BIT_CONVERSION = YES;
				GCC_WARN_ABOUT_RETURN_TYPE = YES_ERROR;
				GCC_WARN_UNDECLARED_SELECTOR = YES;
				GCC_WARN_UNINITIALIZED_AUTOS = YES_AGGRESSIVE;
				GCC_WARN_UNUSED_FUNCTION = YES;
				GCC_WARN_UNUSED_VARIABLE = YES;
				IPHONEOS_DEPLOYMENT_TARGET = 8.4;
				MTL_ENABLE_DEBUG_INFO = NO;
				SDKROOT = iphoneos;
				VALIDATE_PRODUCT = YES;
			};
			name = Release;
		};
		3CB2E3161BA7B26800805D4F /* Debug */ = {
			isa = XCBuildConfiguration;
			buildSettings = {
				ASSETCATALOG_COMPILER_APPICON_NAME = AppIcon;
				CODE_SIGN_IDENTITY = "iPhone Developer: PengCheng Zhao (2P9E2Y5942)";
				ENABLE_BITCODE = YES;
				FRAMEWORK_SEARCH_PATHS = (
					"$(inherited)",
					"$(PROJECT_DIR)/PoTunes",
				);
				GCC_PRECOMPILE_PREFIX_HEADER = YES;
				GCC_PREFIX_HEADER = "$(SRCROOT)/PoTunes/FreeStreamerMobile-Prefix.pch";
				HEADER_SEARCH_PATHS = (
					"$(inherited)",
					/Applications/Xcode.app/Contents/Developer/Toolchains/XcodeDefault.xctoolchain/usr/include,
					"$(SDKROOT)/usr/include/libxml2",
				);
				INFOPLIST_FILE = PoTunes/Info.plist;
				IPHONEOS_DEPLOYMENT_TARGET = 7.1;
				LD_RUNPATH_SEARCH_PATHS = "$(inherited) @executable_path/Frameworks";
				OTHER_LDFLAGS = "-ObjC";
				PRODUCT_NAME = "$(TARGET_NAME)";
			};
			name = Debug;
		};
		3CB2E3171BA7B26800805D4F /* Release */ = {
			isa = XCBuildConfiguration;
			buildSettings = {
				ASSETCATALOG_COMPILER_APPICON_NAME = AppIcon;
				CODE_SIGN_IDENTITY = "iPhone Developer: PengCheng Zhao (2P9E2Y5942)";
				ENABLE_BITCODE = YES;
				FRAMEWORK_SEARCH_PATHS = (
					"$(inherited)",
					"$(PROJECT_DIR)/PoTunes",
				);
				GCC_PRECOMPILE_PREFIX_HEADER = YES;
				GCC_PREFIX_HEADER = "$(SRCROOT)/PoTunes/FreeStreamerMobile-Prefix.pch";
				HEADER_SEARCH_PATHS = (
					"$(inherited)",
					/Applications/Xcode.app/Contents/Developer/Toolchains/XcodeDefault.xctoolchain/usr/include,
					"$(SDKROOT)/usr/include/libxml2",
				);
				INFOPLIST_FILE = PoTunes/Info.plist;
				IPHONEOS_DEPLOYMENT_TARGET = 7.1;
				LD_RUNPATH_SEARCH_PATHS = "$(inherited) @executable_path/Frameworks";
				OTHER_LDFLAGS = "-ObjC";
				PRODUCT_NAME = "$(TARGET_NAME)";
			};
			name = Release;
		};
		3CB2E3191BA7B26800805D4F /* Debug */ = {
			isa = XCBuildConfiguration;
			buildSettings = {
				BUNDLE_LOADER = "$(TEST_HOST)";
				FRAMEWORK_SEARCH_PATHS = (
					"$(SDKROOT)/Developer/Library/Frameworks",
					"$(inherited)",
				);
				GCC_PREPROCESSOR_DEFINITIONS = (
					"DEBUG=1",
					"$(inherited)",
				);
				INFOPLIST_FILE = PoTunesTests/Info.plist;
				LD_RUNPATH_SEARCH_PATHS = "$(inherited) @executable_path/Frameworks @loader_path/Frameworks";
				PRODUCT_NAME = "$(TARGET_NAME)";
				TEST_HOST = "$(BUILT_PRODUCTS_DIR)/PoTunes.app/PoTunes";
			};
			name = Debug;
		};
		3CB2E31A1BA7B26800805D4F /* Release */ = {
			isa = XCBuildConfiguration;
			buildSettings = {
				BUNDLE_LOADER = "$(TEST_HOST)";
				FRAMEWORK_SEARCH_PATHS = (
					"$(SDKROOT)/Developer/Library/Frameworks",
					"$(inherited)",
				);
				INFOPLIST_FILE = PoTunesTests/Info.plist;
				LD_RUNPATH_SEARCH_PATHS = "$(inherited) @executable_path/Frameworks @loader_path/Frameworks";
				PRODUCT_NAME = "$(TARGET_NAME)";
				TEST_HOST = "$(BUILT_PRODUCTS_DIR)/PoTunes.app/PoTunes";
			};
			name = Release;
		};
/* End XCBuildConfiguration section */

/* Begin XCConfigurationList section */
		3CB2E2ED1BA7B26800805D4F /* Build configuration list for PBXProject "PoTunes" */ = {
			isa = XCConfigurationList;
			buildConfigurations = (
				3CB2E3131BA7B26800805D4F /* Debug */,
				3CB2E3141BA7B26800805D4F /* Release */,
			);
			defaultConfigurationIsVisible = 0;
			defaultConfigurationName = Release;
		};
		3CB2E3151BA7B26800805D4F /* Build configuration list for PBXNativeTarget "PoTunes" */ = {
			isa = XCConfigurationList;
			buildConfigurations = (
				3CB2E3161BA7B26800805D4F /* Debug */,
				3CB2E3171BA7B26800805D4F /* Release */,
			);
			defaultConfigurationIsVisible = 0;
			defaultConfigurationName = Release;
		};
		3CB2E3181BA7B26800805D4F /* Build configuration list for PBXNativeTarget "PoTunesTests" */ = {
			isa = XCConfigurationList;
			buildConfigurations = (
				3CB2E3191BA7B26800805D4F /* Debug */,
				3CB2E31A1BA7B26800805D4F /* Release */,
			);
			defaultConfigurationIsVisible = 0;
			defaultConfigurationName = Release;
		};
/* End XCConfigurationList section */
	};
	rootObject = 3CB2E2EA1BA7B26800805D4F /* Project object */;
}
