// !$*UTF8*$!
{
	archiveVersion = 1;
	classes = {
	};
	objectVersion = 46;
	objects = {

/* Begin PBXBuildFile section */
		17E37971ECD9FCACBAFB3599 /* Pods_____.framework in Frameworks */ = {isa = PBXBuildFile; fileRef = AEEF67891B1F3F39F233DA7F /* Pods_____.framework */; };
		3C0A1A961DD5B35400E90306 /* MainScrollview.swift in Sources */ = {isa = PBXBuildFile; fileRef = 3C0A1A951DD5B35400E90306 /* MainScrollview.swift */; };
		3C0A1A981DD5B5B000E90306 /* MainPageControl.swift in Sources */ = {isa = PBXBuildFile; fileRef = 3C0A1A971DD5B5B000E90306 /* MainPageControl.swift */; };
		3C0A1A9A1DD5B72000E90306 /* MainControllers.swift in Sources */ = {isa = PBXBuildFile; fileRef = 3C0A1A991DD5B72000E90306 /* MainControllers.swift */; };
		3C12F1D81E0A68B90084753F /* DrivingCalculateController.swift in Sources */ = {isa = PBXBuildFile; fileRef = 3C12F1D71E0A68B90084753F /* DrivingCalculateController.swift */; };
		3C12F1DA1E0A711D0084753F /* NaviPointAnnotation.swift in Sources */ = {isa = PBXBuildFile; fileRef = 3C12F1D91E0A711D0084753F /* NaviPointAnnotation.swift */; };
		3C12F1DC1E0A75680084753F /* RouteCollectionViewCell.swift in Sources */ = {isa = PBXBuildFile; fileRef = 3C12F1DB1E0A75680084753F /* RouteCollectionViewCell.swift */; };
		3C12F1DE1E0A7F720084753F /* SelectableOverlay.swift in Sources */ = {isa = PBXBuildFile; fileRef = 3C12F1DD1E0A7F720084753F /* SelectableOverlay.swift */; };
		3C12F1E01E0A83000084753F /* PreferenceView.swift in Sources */ = {isa = PBXBuildFile; fileRef = 3C12F1DF1E0A83000084753F /* PreferenceView.swift */; };
		3C155EAE1DD4284000375469 /* PlaylistController.swift in Sources */ = {isa = PBXBuildFile; fileRef = 3C155EA81DD4284000375469 /* PlaylistController.swift */; };
		3C155EAF1DD4284000375469 /* Playlist.swift in Sources */ = {isa = PBXBuildFile; fileRef = 3C155EAA1DD4284000375469 /* Playlist.swift */; };
		3C155EB21DD428A100375469 /* PlaylistCell.swift in Sources */ = {isa = PBXBuildFile; fileRef = 3C155EB11DD428A100375469 /* PlaylistCell.swift */; };
		3C155EBD1DD42A1C00375469 /* AlbumDownloadController.swift in Sources */ = {isa = PBXBuildFile; fileRef = 3C155EBC1DD42A1C00375469 /* AlbumDownloadController.swift */; };
		3C155EC31DD43A7A00375469 /* DownloadedCell.swift in Sources */ = {isa = PBXBuildFile; fileRef = 3C155EC21DD43A7A00375469 /* DownloadedCell.swift */; };
		3C155ED51DD448F000375469 /* NavigationController.swift in Sources */ = {isa = PBXBuildFile; fileRef = 3C155ED41DD448F000375469 /* NavigationController.swift */; };
		3C155ED71DD449AD00375469 /* NaviController.swift in Sources */ = {isa = PBXBuildFile; fileRef = 3C155ED61DD449AD00375469 /* NaviController.swift */; };
		3C155EDE1DD44A6400375469 /* SettingController.swift in Sources */ = {isa = PBXBuildFile; fileRef = 3C155EDD1DD44A6400375469 /* SettingController.swift */; };
		3C23480F1DF6B4C100D3B915 /* MapController.swift in Sources */ = {isa = PBXBuildFile; fileRef = 3C23480E1DF6B4C100D3B915 /* MapController.swift */; };
		3C24C5A71E11046000D67545 /* DriveNaviViewController.swift in Sources */ = {isa = PBXBuildFile; fileRef = 3C24C5A61E11046000D67545 /* DriveNaviViewController.swift */; };
		3C24C5AA1E1104A700D67545 /* MoreMenuView.m in Sources */ = {isa = PBXBuildFile; fileRef = 3C24C5A91E1104A700D67545 /* MoreMenuView.m */; };
		3C24C5AC1E13958900D67545 /* UserGuideController.swift in Sources */ = {isa = PBXBuildFile; fileRef = 3C24C5AB1E13958900D67545 /* UserGuideController.swift */; };
		3C24CEDB1DD30D2F007C862C /* Main.swift in Sources */ = {isa = PBXBuildFile; fileRef = 3C24CED81DD30D2F007C862C /* Main.swift */; };
		3C24CEEB1DD32038007C862C /* Reflect.swift in Sources */ = {isa = PBXBuildFile; fileRef = 3C24CEEA1DD32038007C862C /* Reflect.swift */; };
		3C26B5721C4FD2AA0037893F /* AudioToolbox.framework in Frameworks */ = {isa = PBXBuildFile; fileRef = 3CB2E3FD1BA7D19300805D4F /* AudioToolbox.framework */; };
		3C2EA2BF1DE5A8F2004AE511 /* DownloadingController.swift in Sources */ = {isa = PBXBuildFile; fileRef = 3C2EA2BE1DE5A8F2004AE511 /* DownloadingController.swift */; };
		3C2EA2C51DE80AF8004AE511 /* OperationButton.swift in Sources */ = {isa = PBXBuildFile; fileRef = 3C2EA2C41DE80AF8004AE511 /* OperationButton.swift */; };
		3C2EA2C71DE9B7DD004AE511 /* DownloadingCell.swift in Sources */ = {isa = PBXBuildFile; fileRef = 3C2EA2C61DE9B7DD004AE511 /* DownloadingCell.swift */; };
		3C2EA2CB1DE9CA7C004AE511 /* M13ProgressViewBar.m in Sources */ = {isa = PBXBuildFile; fileRef = 3C2EA2CA1DE9CA7C004AE511 /* M13ProgressViewBar.m */; };
		3C2EA2CE1DE9CAA8004AE511 /* M13ProgressView.m in Sources */ = {isa = PBXBuildFile; fileRef = 3C2EA2CD1DE9CAA8004AE511 /* M13ProgressView.m */; };
		3C329A371DF2D7F7001EC10B /* SingleRoute.swift in Sources */ = {isa = PBXBuildFile; fileRef = 3C329A361DF2D7F7001EC10B /* SingleRoute.swift */; };
		3C36F44F1E150F6A00BD447F /* LrcLabel.swift in Sources */ = {isa = PBXBuildFile; fileRef = 3C36F44E1E150F6A00BD447F /* LrcLabel.swift */; };
		3C3BD3181DDDA264007545DC /* DRNRealTimeBlurView.m in Sources */ = {isa = PBXBuildFile; fileRef = 3C3BD3141DDDA264007545DC /* DRNRealTimeBlurView.m */; };
		3C3BD3191DDDA264007545DC /* UIImage+BoxBlur.m in Sources */ = {isa = PBXBuildFile; fileRef = 3C3BD3161DDDA264007545DC /* UIImage+BoxBlur.m */; };
		3C434E841DEEAFDC00D4D076 /* LrcString.swift in Sources */ = {isa = PBXBuildFile; fileRef = 3C434E831DEEAFDC00D4D076 /* LrcString.swift */; };
		3C4A41B91DD9A508008CE37F /* PlayerController.swift in Sources */ = {isa = PBXBuildFile; fileRef = 3C4A41B81DD9A508008CE37F /* PlayerController.swift */; };
		3C4A41BB1DD9D350008CE37F /* TrackLabel.swift in Sources */ = {isa = PBXBuildFile; fileRef = 3C4A41BA1DD9D350008CE37F /* TrackLabel.swift */; };
		3C57B76A1DE448F200306ACB /* DownloadController.swift in Sources */ = {isa = PBXBuildFile; fileRef = 3C57B7691DE448F200306ACB /* DownloadController.swift */; };
		3C5813711BE4BFEA0012C689 /* guide.plist in Resources */ = {isa = PBXBuildFile; fileRef = 3C5813701BE4BFEA0012C689 /* guide.plist */; };
		3C77D24D1BE3D0F00029AB70 /* CoreTelephony.framework in Frameworks */ = {isa = PBXBuildFile; fileRef = 3C77D2421BE3BD8C0029AB70 /* CoreTelephony.framework */; };
		3C77D24E1BE3D1110029AB70 /* SystemConfiguration.framework in Frameworks */ = {isa = PBXBuildFile; fileRef = 3C77D2441BE3BD940029AB70 /* SystemConfiguration.framework */; };
		3C84DCCB1DD4909E0029D2E6 /* Track.swift in Sources */ = {isa = PBXBuildFile; fileRef = 3C84DCCA1DD4909E0029D2E6 /* Track.swift */; };
		3C8E35281DEAD3DC002D3AC7 /* TrackEncoding.swift in Sources */ = {isa = PBXBuildFile; fileRef = 3C8E35271DEAD3DC002D3AC7 /* TrackEncoding.swift */; };
		3C9641E41D670DCE00386ABB /* DarwinNotificationHelper.m in Sources */ = {isa = PBXBuildFile; fileRef = 3C9641E31D670DCE00386ABB /* DarwinNotificationHelper.m */; };
		3C9641E91D670E2200386ABB /* libWeChatSDK.a in Frameworks */ = {isa = PBXBuildFile; fileRef = 3C9641E61D670E2200386ABB /* libWeChatSDK.a */; };
		3C9641FA1D670FB800386ABB /* GeocodeAnnotation.m in Sources */ = {isa = PBXBuildFile; fileRef = 3C9641F71D670FB800386ABB /* GeocodeAnnotation.m */; };
		3C9641FE1D6712C500386ABB /* libBPush.a in Frameworks */ = {isa = PBXBuildFile; fileRef = 3C9641FD1D6712C500386ABB /* libBPush.a */; };
		3CA224FE1BAFDCDC0028387F /* CoreMedia.framework in Frameworks */ = {isa = PBXBuildFile; fileRef = 3CA224FD1BAFDCDC0028387F /* CoreMedia.framework */; };
		3CA3E5D11DE2AB5300CB36ED /* DBHelper.swift in Sources */ = {isa = PBXBuildFile; fileRef = 3CA3E5D01DE2AB5300CB36ED /* DBHelper.swift */; };
		3CB2E2F81BA7B26800805D4F /* main.m in Sources */ = {isa = PBXBuildFile; fileRef = 3CB2E2F71BA7B26800805D4F /* main.m */; };
		3CB2E2FB1BA7B26800805D4F /* AppDelegate.m in Sources */ = {isa = PBXBuildFile; fileRef = 3CB2E2FA1BA7B26800805D4F /* AppDelegate.m */; };
		3CB2E3031BA7B26800805D4F /* Images.xcassets in Resources */ = {isa = PBXBuildFile; fileRef = 3CB2E3021BA7B26800805D4F /* Images.xcassets */; };
		3CB2E3061BA7B26800805D4F /* LaunchScreen.xib in Resources */ = {isa = PBXBuildFile; fileRef = 3CB2E3041BA7B26800805D4F /* LaunchScreen.xib */; };
		3CB2E3121BA7B26800805D4F /* PoTunesTests.m in Sources */ = {isa = PBXBuildFile; fileRef = 3CB2E3111BA7B26800805D4F /* PoTunesTests.m */; };
		3CB2E3B11BA7CF2200805D4F /* BebasNeue.otf in Resources */ = {isa = PBXBuildFile; fileRef = 3CB2E3B01BA7CF2200805D4F /* BebasNeue.otf */; };
		3CB2E3FC1BA7D18900805D4F /* CFNetwork.framework in Frameworks */ = {isa = PBXBuildFile; fileRef = 3CB2E3FB1BA7D18900805D4F /* CFNetwork.framework */; };
		3CB2E4001BA7D1B300805D4F /* AVFoundation.framework in Frameworks */ = {isa = PBXBuildFile; fileRef = 3CB2E3FF1BA7D1B300805D4F /* AVFoundation.framework */; };
		3CB2E4041BA7D1CB00805D4F /* MediaPlayer.framework in Frameworks */ = {isa = PBXBuildFile; fileRef = 3CB2E4031BA7D1CB00805D4F /* MediaPlayer.framework */; };
		3CB2E45A1BA7D4FA00805D4F /* AddressBook.framework in Frameworks */ = {isa = PBXBuildFile; fileRef = 3CB2E4591BA7D4FA00805D4F /* AddressBook.framework */; };
		3CCFBF2F1DD41DAD00514873 /* PlayerInterface.swift in Sources */ = {isa = PBXBuildFile; fileRef = 3CCFBF2E1DD41DAD00514873 /* PlayerInterface.swift */; };
		3CCFBF381DD41E0300514873 /* LrcCell.swift in Sources */ = {isa = PBXBuildFile; fileRef = 3CCFBF321DD41E0300514873 /* LrcCell.swift */; };
		3CCFBF3B1DD41E0300514873 /* LrcView.swift in Sources */ = {isa = PBXBuildFile; fileRef = 3CCFBF361DD41E0300514873 /* LrcView.swift */; };
		3CCFBF411DD41E6800514873 /* LrcLine.swift in Sources */ = {isa = PBXBuildFile; fileRef = 3CCFBF3F1DD41E6800514873 /* LrcLine.swift */; };
		3CCFBF4D1DD41F1C00514873 /* String+Extension.swift in Sources */ = {isa = PBXBuildFile; fileRef = 3CCFBF441DD41F1C00514873 /* String+Extension.swift */; };
		3CCFBF4E1DD41F1C00514873 /* UIColor+RGBValues.m in Sources */ = {isa = PBXBuildFile; fileRef = 3CCFBF461DD41F1C00514873 /* UIColor+RGBValues.m */; };
		3CCFBF4F1DD41F1C00514873 /* UIImage+BoxBlur.m in Sources */ = {isa = PBXBuildFile; fileRef = 3CCFBF481DD41F1C00514873 /* UIImage+BoxBlur.m */; };
		3CCFBF501DD41F1C00514873 /* UIImage+Reflection.m in Sources */ = {isa = PBXBuildFile; fileRef = 3CCFBF4A1DD41F1C00514873 /* UIImage+Reflection.m */; };
		3CCFBF511DD41F1C00514873 /* UIView+Geometry.m in Sources */ = {isa = PBXBuildFile; fileRef = 3CCFBF4C1DD41F1C00514873 /* UIView+Geometry.m */; };
		3CDFB3931DD76E5D006C0975 /* TrackListController.swift in Sources */ = {isa = PBXBuildFile; fileRef = 3CDFB3911DD76E5D006C0975 /* TrackListController.swift */; };
		3CDFB3981DD776D8006C0975 /* TrackCell.swift in Sources */ = {isa = PBXBuildFile; fileRef = 3CDFB3971DD776D8006C0975 /* TrackCell.swift */; };
		3CDFB39A1DD77CD5006C0975 /* UIColor+RGB.swift in Sources */ = {isa = PBXBuildFile; fileRef = 3CDFB3991DD77CD5006C0975 /* UIColor+RGB.swift */; };
		3CDFB39C1DD83F48006C0975 /* BarItem.swift in Sources */ = {isa = PBXBuildFile; fileRef = 3CDFB39B1DD83F48006C0975 /* BarItem.swift */; };
		3CE18E341E03BF500018AED0 /* SegmentControl.swift in Sources */ = {isa = PBXBuildFile; fileRef = 3CE18E331E03BF500018AED0 /* SegmentControl.swift */; };
		3CE18E361E03C7420018AED0 /* NavButton.swift in Sources */ = {isa = PBXBuildFile; fileRef = 3CE18E351E03C7420018AED0 /* NavButton.swift */; };
		3CE3455B1DF2CB15007EDE5E /* Routes.swift in Sources */ = {isa = PBXBuildFile; fileRef = 3CE3455A1DF2CB15007EDE5E /* Routes.swift */; };
		3CF1E2A61DEB031200DD48DC /* libz.tbd in Frameworks */ = {isa = PBXBuildFile; fileRef = 3CF1E2A51DEB031200DD48DC /* libz.tbd */; };
		3CF1E2A81DEB032400DD48DC /* libstdc++.6.0.9.tbd in Frameworks */ = {isa = PBXBuildFile; fileRef = 3CF1E2A71DEB032400DD48DC /* libstdc++.6.0.9.tbd */; };
		3CF1E2AF1DEB068500DD48DC /* libsqlite3.tbd in Frameworks */ = {isa = PBXBuildFile; fileRef = 3CF1E2AE1DEB068500DD48DC /* libsqlite3.tbd */; };
		3CF1E2B11DEB06B900DD48DC /* libxml2.2.tbd in Frameworks */ = {isa = PBXBuildFile; fileRef = 3CF1E2B01DEB06B900DD48DC /* libxml2.2.tbd */; };
		3CF1E2BF1DEB0ABE00DD48DC /* JavaScriptCore.framework in Frameworks */ = {isa = PBXBuildFile; fileRef = 3CF1E2BE1DEB0ABE00DD48DC /* JavaScriptCore.framework */; };
		3CF1E2C11DEB0AE400DD48DC /* Security.framework in Frameworks */ = {isa = PBXBuildFile; fileRef = 3CF1E2C01DEB0AE400DD48DC /* Security.framework */; };
		3CF1E2C61DEC11E300DD48DC /* MAMapKit.framework in Frameworks */ = {isa = PBXBuildFile; fileRef = 3CF1E2C21DEC11E300DD48DC /* MAMapKit.framework */; };
		3CF1E2C71DEC11E300DD48DC /* AMapSearchKit.framework in Frameworks */ = {isa = PBXBuildFile; fileRef = 3CF1E2C31DEC11E300DD48DC /* AMapSearchKit.framework */; };
		3CF1E2C81DEC11E300DD48DC /* AMapNaviKit.framework in Frameworks */ = {isa = PBXBuildFile; fileRef = 3CF1E2C41DEC11E300DD48DC /* AMapNaviKit.framework */; };
		3CF1E2C91DEC11E300DD48DC /* AMapFoundationKit.framework in Frameworks */ = {isa = PBXBuildFile; fileRef = 3CF1E2C51DEC11E300DD48DC /* AMapFoundationKit.framework */; };
		3CF1E2CB1DEC126200DD48DC /* AMapNavi.bundle in Resources */ = {isa = PBXBuildFile; fileRef = 3CF1E2CA1DEC126200DD48DC /* AMapNavi.bundle */; };
		3CF1E2CD1DEC127900DD48DC /* AMap.bundle in Resources */ = {isa = PBXBuildFile; fileRef = 3CF1E2CC1DEC127900DD48DC /* AMap.bundle */; };
		3CF1E2D11DEC12DC00DD48DC /* SharedMapView.m in Sources */ = {isa = PBXBuildFile; fileRef = 3CF1E2D01DEC12DC00DD48DC /* SharedMapView.m */; };
		3CFA58BD1D6706D700341763 /* audio_queue.cpp in Sources */ = {isa = PBXBuildFile; fileRef = 3CFA58401D6706D700341763 /* audio_queue.cpp */; };
		3CFA58BE1D6706D700341763 /* audio_stream.cpp in Sources */ = {isa = PBXBuildFile; fileRef = 3CFA58421D6706D700341763 /* audio_stream.cpp */; };
		3CFA58BF1D6706D700341763 /* caching_stream.cpp in Sources */ = {isa = PBXBuildFile; fileRef = 3CFA58441D6706D700341763 /* caching_stream.cpp */; };
		3CFA58C01D6706D700341763 /* file_output.cpp in Sources */ = {isa = PBXBuildFile; fileRef = 3CFA58461D6706D700341763 /* file_output.cpp */; };
		3CFA58C11D6706D700341763 /* file_stream.cpp in Sources */ = {isa = PBXBuildFile; fileRef = 3CFA58481D6706D700341763 /* file_stream.cpp */; };
		3CFA58C21D6706D700341763 /* http_stream.cpp in Sources */ = {isa = PBXBuildFile; fileRef = 3CFA584A1D6706D700341763 /* http_stream.cpp */; };
		3CFA58C31D6706D700341763 /* id3_parser.cpp in Sources */ = {isa = PBXBuildFile; fileRef = 3CFA584C1D6706D700341763 /* id3_parser.cpp */; };
		3CFA58C41D6706D700341763 /* input_stream.cpp in Sources */ = {isa = PBXBuildFile; fileRef = 3CFA584E1D6706D700341763 /* input_stream.cpp */; };
		3CFA58C51D6706D700341763 /* stream_configuration.cpp in Sources */ = {isa = PBXBuildFile; fileRef = 3CFA58501D6706D700341763 /* stream_configuration.cpp */; };
		3CFA58C61D6706D700341763 /* FSAudioController.m in Sources */ = {isa = PBXBuildFile; fileRef = 3CFA58541D6706D700341763 /* FSAudioController.m */; };
		3CFA58C71D6706D700341763 /* FSAudioStream.mm in Sources */ = {isa = PBXBuildFile; fileRef = 3CFA58561D6706D700341763 /* FSAudioStream.mm */; };
		3CFA58C81D6706D700341763 /* FSCheckContentTypeRequest.m in Sources */ = {isa = PBXBuildFile; fileRef = 3CFA58581D6706D700341763 /* FSCheckContentTypeRequest.m */; };
		3CFA58C91D6706D700341763 /* FSParsePlaylistRequest.m in Sources */ = {isa = PBXBuildFile; fileRef = 3CFA585A1D6706D700341763 /* FSParsePlaylistRequest.m */; };
		3CFA58CA1D6706D700341763 /* FSParseRssPodcastFeedRequest.m in Sources */ = {isa = PBXBuildFile; fileRef = 3CFA585C1D6706D700341763 /* FSParseRssPodcastFeedRequest.m */; };
		3CFA58CB1D6706D700341763 /* FSPlaylistItem.m in Sources */ = {isa = PBXBuildFile; fileRef = 3CFA585E1D6706D700341763 /* FSPlaylistItem.m */; };
		3CFA58CC1D6706D700341763 /* FSXMLHttpRequest.m in Sources */ = {isa = PBXBuildFile; fileRef = 3CFA58601D6706D700341763 /* FSXMLHttpRequest.m */; };
		3CFA58CD1D6706D700341763 /* Reachability.m in Sources */ = {isa = PBXBuildFile; fileRef = 3CFA58631D6706D700341763 /* Reachability.m */; };
		3CFA58DB1D6706D700341763 /* PoTunes.entitlements in Resources */ = {isa = PBXBuildFile; fileRef = 3CFA587F1D6706D700341763 /* PoTunes.entitlements */; };
		3CFFC8031D5DC65D00696F66 /* Main.storyboard in Resources */ = {isa = PBXBuildFile; fileRef = 3CFFC8021D5DC65D00696F66 /* Main.storyboard */; };
/* End PBXBuildFile section */

/* Begin PBXContainerItemProxy section */
		3CB2E30C1BA7B26800805D4F /* PBXContainerItemProxy */ = {
			isa = PBXContainerItemProxy;
			containerPortal = 3CB2E2EA1BA7B26800805D4F /* Project object */;
			proxyType = 1;
			remoteGlobalIDString = 3CB2E2F11BA7B26800805D4F;
			remoteInfo = PoTunes;
		};
/* End PBXContainerItemProxy section */

/* Begin PBXCopyFilesBuildPhase section */
		3C4835691BB8DFF800FAC481 /* Embed Watch Content */ = {
			isa = PBXCopyFilesBuildPhase;
			buildActionMask = 2147483647;
			dstPath = "$(CONTENTS_FOLDER_PATH)/Watch";
			dstSubfolderSpec = 16;
			files = (
			);
			name = "Embed Watch Content";
			runOnlyForDeploymentPostprocessing = 0;
		};
/* End PBXCopyFilesBuildPhase section */

/* Begin PBXFileReference section */
		0D348453E5A357FD09B587CE /* Pods-破音万里.ad hoc distribution.xcconfig */ = {isa = PBXFileReference; includeInIndex = 1; lastKnownFileType = text.xcconfig; name = "Pods-破音万里.ad hoc distribution.xcconfig"; path = "Pods/Target Support Files/Pods-破音万里/Pods-破音万里.ad hoc distribution.xcconfig"; sourceTree = "<group>"; };
		28F6DD77EB623BF8E85E58B2 /* Pods-破音万里.debug.xcconfig */ = {isa = PBXFileReference; includeInIndex = 1; lastKnownFileType = text.xcconfig; name = "Pods-破音万里.debug.xcconfig"; path = "Pods/Target Support Files/Pods-破音万里/Pods-破音万里.debug.xcconfig"; sourceTree = "<group>"; };
		3C0A1A951DD5B35400E90306 /* MainScrollview.swift */ = {isa = PBXFileReference; fileEncoding = 4; lastKnownFileType = sourcecode.swift; path = MainScrollview.swift; sourceTree = "<group>"; };
		3C0A1A971DD5B5B000E90306 /* MainPageControl.swift */ = {isa = PBXFileReference; fileEncoding = 4; lastKnownFileType = sourcecode.swift; path = MainPageControl.swift; sourceTree = "<group>"; };
		3C0A1A991DD5B72000E90306 /* MainControllers.swift */ = {isa = PBXFileReference; fileEncoding = 4; lastKnownFileType = sourcecode.swift; path = MainControllers.swift; sourceTree = "<group>"; };
		3C12F1D71E0A68B90084753F /* DrivingCalculateController.swift */ = {isa = PBXFileReference; fileEncoding = 4; lastKnownFileType = sourcecode.swift; path = DrivingCalculateController.swift; sourceTree = "<group>"; };
		3C12F1D91E0A711D0084753F /* NaviPointAnnotation.swift */ = {isa = PBXFileReference; fileEncoding = 4; lastKnownFileType = sourcecode.swift; path = NaviPointAnnotation.swift; sourceTree = "<group>"; };
		3C12F1DB1E0A75680084753F /* RouteCollectionViewCell.swift */ = {isa = PBXFileReference; fileEncoding = 4; lastKnownFileType = sourcecode.swift; path = RouteCollectionViewCell.swift; sourceTree = "<group>"; };
		3C12F1DD1E0A7F720084753F /* SelectableOverlay.swift */ = {isa = PBXFileReference; fileEncoding = 4; lastKnownFileType = sourcecode.swift; path = SelectableOverlay.swift; sourceTree = "<group>"; };
		3C12F1DF1E0A83000084753F /* PreferenceView.swift */ = {isa = PBXFileReference; fileEncoding = 4; lastKnownFileType = sourcecode.swift; path = PreferenceView.swift; sourceTree = "<group>"; };
		3C155EA81DD4284000375469 /* PlaylistController.swift */ = {isa = PBXFileReference; fileEncoding = 4; indentWidth = 4; lastKnownFileType = sourcecode.swift; path = PlaylistController.swift; sourceTree = "<group>"; tabWidth = 4; };
		3C155EAA1DD4284000375469 /* Playlist.swift */ = {isa = PBXFileReference; fileEncoding = 4; lastKnownFileType = sourcecode.swift; path = Playlist.swift; sourceTree = "<group>"; };
		3C155EB11DD428A100375469 /* PlaylistCell.swift */ = {isa = PBXFileReference; fileEncoding = 4; lastKnownFileType = sourcecode.swift; path = PlaylistCell.swift; sourceTree = "<group>"; };
		3C155EBC1DD42A1C00375469 /* AlbumDownloadController.swift */ = {isa = PBXFileReference; fileEncoding = 4; indentWidth = 4; lastKnownFileType = sourcecode.swift; path = AlbumDownloadController.swift; sourceTree = "<group>"; tabWidth = 4; };
		3C155EC21DD43A7A00375469 /* DownloadedCell.swift */ = {isa = PBXFileReference; fileEncoding = 4; lastKnownFileType = sourcecode.swift; path = DownloadedCell.swift; sourceTree = "<group>"; };
		3C155ED41DD448F000375469 /* NavigationController.swift */ = {isa = PBXFileReference; fileEncoding = 4; lastKnownFileType = sourcecode.swift; path = NavigationController.swift; sourceTree = "<group>"; };
		3C155ED61DD449AD00375469 /* NaviController.swift */ = {isa = PBXFileReference; fileEncoding = 4; lastKnownFileType = sourcecode.swift; path = NaviController.swift; sourceTree = "<group>"; };
		3C155EDD1DD44A6400375469 /* SettingController.swift */ = {isa = PBXFileReference; fileEncoding = 4; lastKnownFileType = sourcecode.swift; path = SettingController.swift; sourceTree = "<group>"; };
		3C23480E1DF6B4C100D3B915 /* MapController.swift */ = {isa = PBXFileReference; fileEncoding = 4; lastKnownFileType = sourcecode.swift; path = MapController.swift; sourceTree = "<group>"; };
		3C24C5A61E11046000D67545 /* DriveNaviViewController.swift */ = {isa = PBXFileReference; fileEncoding = 4; lastKnownFileType = sourcecode.swift; path = DriveNaviViewController.swift; sourceTree = "<group>"; };
		3C24C5A81E1104A700D67545 /* MoreMenuView.h */ = {isa = PBXFileReference; fileEncoding = 4; lastKnownFileType = sourcecode.c.h; path = MoreMenuView.h; sourceTree = "<group>"; };
		3C24C5A91E1104A700D67545 /* MoreMenuView.m */ = {isa = PBXFileReference; fileEncoding = 4; lastKnownFileType = sourcecode.c.objc; path = MoreMenuView.m; sourceTree = "<group>"; };
		3C24C5AB1E13958900D67545 /* UserGuideController.swift */ = {isa = PBXFileReference; fileEncoding = 4; lastKnownFileType = sourcecode.swift; path = UserGuideController.swift; sourceTree = "<group>"; };
		3C24CED81DD30D2F007C862C /* Main.swift */ = {isa = PBXFileReference; fileEncoding = 4; lastKnownFileType = sourcecode.swift; path = Main.swift; sourceTree = "<group>"; };
		3C24CEEA1DD32038007C862C /* Reflect.swift */ = {isa = PBXFileReference; fileEncoding = 4; lastKnownFileType = sourcecode.swift; path = Reflect.swift; sourceTree = "<group>"; };
		3C2EA2BE1DE5A8F2004AE511 /* DownloadingController.swift */ = {isa = PBXFileReference; fileEncoding = 4; indentWidth = 4; lastKnownFileType = sourcecode.swift; path = DownloadingController.swift; sourceTree = "<group>"; tabWidth = 4; };
		3C2EA2C41DE80AF8004AE511 /* OperationButton.swift */ = {isa = PBXFileReference; fileEncoding = 4; indentWidth = 4; lastKnownFileType = sourcecode.swift; path = OperationButton.swift; sourceTree = "<group>"; tabWidth = 4; };
		3C2EA2C61DE9B7DD004AE511 /* DownloadingCell.swift */ = {isa = PBXFileReference; fileEncoding = 4; indentWidth = 4; lastKnownFileType = sourcecode.swift; path = DownloadingCell.swift; sourceTree = "<group>"; tabWidth = 4; };
		3C2EA2C91DE9CA7C004AE511 /* M13ProgressViewBar.h */ = {isa = PBXFileReference; fileEncoding = 4; lastKnownFileType = sourcecode.c.h; path = M13ProgressViewBar.h; sourceTree = "<group>"; };
		3C2EA2CA1DE9CA7C004AE511 /* M13ProgressViewBar.m */ = {isa = PBXFileReference; fileEncoding = 4; lastKnownFileType = sourcecode.c.objc; path = M13ProgressViewBar.m; sourceTree = "<group>"; };
		3C2EA2CC1DE9CAA8004AE511 /* M13ProgressView.h */ = {isa = PBXFileReference; fileEncoding = 4; lastKnownFileType = sourcecode.c.h; path = M13ProgressView.h; sourceTree = "<group>"; };
		3C2EA2CD1DE9CAA8004AE511 /* M13ProgressView.m */ = {isa = PBXFileReference; fileEncoding = 4; lastKnownFileType = sourcecode.c.objc; path = M13ProgressView.m; sourceTree = "<group>"; };
		3C329A361DF2D7F7001EC10B /* SingleRoute.swift */ = {isa = PBXFileReference; fileEncoding = 4; lastKnownFileType = sourcecode.swift; path = SingleRoute.swift; sourceTree = "<group>"; };
		3C36F44E1E150F6A00BD447F /* LrcLabel.swift */ = {isa = PBXFileReference; fileEncoding = 4; lastKnownFileType = sourcecode.swift; path = LrcLabel.swift; sourceTree = "<group>"; };
		3C3BD3131DDDA264007545DC /* DRNRealTimeBlurView.h */ = {isa = PBXFileReference; fileEncoding = 4; lastKnownFileType = sourcecode.c.h; path = DRNRealTimeBlurView.h; sourceTree = "<group>"; };
		3C3BD3141DDDA264007545DC /* DRNRealTimeBlurView.m */ = {isa = PBXFileReference; fileEncoding = 4; lastKnownFileType = sourcecode.c.objc; path = DRNRealTimeBlurView.m; sourceTree = "<group>"; };
		3C3BD3151DDDA264007545DC /* UIImage+BoxBlur.h */ = {isa = PBXFileReference; fileEncoding = 4; lastKnownFileType = sourcecode.c.h; path = "UIImage+BoxBlur.h"; sourceTree = "<group>"; };
		3C3BD3161DDDA264007545DC /* UIImage+BoxBlur.m */ = {isa = PBXFileReference; fileEncoding = 4; lastKnownFileType = sourcecode.c.objc; path = "UIImage+BoxBlur.m"; sourceTree = "<group>"; };
		3C434E831DEEAFDC00D4D076 /* LrcString.swift */ = {isa = PBXFileReference; fileEncoding = 4; lastKnownFileType = sourcecode.swift; path = LrcString.swift; sourceTree = "<group>"; };
		3C4A41B81DD9A508008CE37F /* PlayerController.swift */ = {isa = PBXFileReference; fileEncoding = 4; lastKnownFileType = sourcecode.swift; path = PlayerController.swift; sourceTree = "<group>"; };
		3C4A41BA1DD9D350008CE37F /* TrackLabel.swift */ = {isa = PBXFileReference; fileEncoding = 4; lastKnownFileType = sourcecode.swift; path = TrackLabel.swift; sourceTree = "<group>"; };
		3C57B7691DE448F200306ACB /* DownloadController.swift */ = {isa = PBXFileReference; fileEncoding = 4; indentWidth = 4; lastKnownFileType = sourcecode.swift; path = DownloadController.swift; sourceTree = "<group>"; tabWidth = 4; };
		3C5813701BE4BFEA0012C689 /* guide.plist */ = {isa = PBXFileReference; fileEncoding = 4; lastKnownFileType = text.plist.xml; path = guide.plist; sourceTree = "<group>"; };
		3C77D2421BE3BD8C0029AB70 /* CoreTelephony.framework */ = {isa = PBXFileReference; lastKnownFileType = wrapper.framework; name = CoreTelephony.framework; path = System/Library/Frameworks/CoreTelephony.framework; sourceTree = SDKROOT; };
		3C77D2441BE3BD940029AB70 /* SystemConfiguration.framework */ = {isa = PBXFileReference; lastKnownFileType = wrapper.framework; name = SystemConfiguration.framework; path = System/Library/Frameworks/SystemConfiguration.framework; sourceTree = SDKROOT; };
		3C77D2461BE3BDAF0029AB70 /* OpenGLES.framework */ = {isa = PBXFileReference; lastKnownFileType = wrapper.framework; name = OpenGLES.framework; path = System/Library/Frameworks/OpenGLES.framework; sourceTree = SDKROOT; };
		3C77D2481BE3BDBC0029AB70 /* CoreMotion.framework */ = {isa = PBXFileReference; lastKnownFileType = wrapper.framework; name = CoreMotion.framework; path = System/Library/Frameworks/CoreMotion.framework; sourceTree = SDKROOT; };
		3C84DCCA1DD4909E0029D2E6 /* Track.swift */ = {isa = PBXFileReference; fileEncoding = 4; lastKnownFileType = sourcecode.swift; path = Track.swift; sourceTree = "<group>"; };
		3C8E35271DEAD3DC002D3AC7 /* TrackEncoding.swift */ = {isa = PBXFileReference; fileEncoding = 4; lastKnownFileType = sourcecode.swift; path = TrackEncoding.swift; sourceTree = "<group>"; };
		3C9641E21D670DCE00386ABB /* DarwinNotificationHelper.h */ = {isa = PBXFileReference; fileEncoding = 4; lastKnownFileType = sourcecode.c.h; path = DarwinNotificationHelper.h; sourceTree = "<group>"; };
		3C9641E31D670DCE00386ABB /* DarwinNotificationHelper.m */ = {isa = PBXFileReference; fileEncoding = 4; lastKnownFileType = sourcecode.c.objc; path = DarwinNotificationHelper.m; sourceTree = "<group>"; };
		3C9641E61D670E2200386ABB /* libWeChatSDK.a */ = {isa = PBXFileReference; lastKnownFileType = archive.ar; path = libWeChatSDK.a; sourceTree = "<group>"; };
		3C9641E71D670E2200386ABB /* WXApi.h */ = {isa = PBXFileReference; fileEncoding = 4; lastKnownFileType = sourcecode.c.h; path = WXApi.h; sourceTree = "<group>"; };
		3C9641E81D670E2200386ABB /* WXApiObject.h */ = {isa = PBXFileReference; fileEncoding = 4; lastKnownFileType = sourcecode.c.h; path = WXApiObject.h; sourceTree = "<group>"; };
		3C9641F61D670FB800386ABB /* GeocodeAnnotation.h */ = {isa = PBXFileReference; fileEncoding = 4; lastKnownFileType = sourcecode.c.h; path = GeocodeAnnotation.h; sourceTree = "<group>"; };
		3C9641F71D670FB800386ABB /* GeocodeAnnotation.m */ = {isa = PBXFileReference; fileEncoding = 4; lastKnownFileType = sourcecode.c.objc; path = GeocodeAnnotation.m; sourceTree = "<group>"; };
		3C9641FC1D6712C500386ABB /* BPush.h */ = {isa = PBXFileReference; fileEncoding = 4; lastKnownFileType = sourcecode.c.h; path = BPush.h; sourceTree = "<group>"; };
		3C9641FD1D6712C500386ABB /* libBPush.a */ = {isa = PBXFileReference; lastKnownFileType = archive.ar; path = libBPush.a; sourceTree = "<group>"; };
		3CA224FD1BAFDCDC0028387F /* CoreMedia.framework */ = {isa = PBXFileReference; lastKnownFileType = wrapper.framework; name = CoreMedia.framework; path = System/Library/Frameworks/CoreMedia.framework; sourceTree = SDKROOT; };
		3CA3E5D01DE2AB5300CB36ED /* DBHelper.swift */ = {isa = PBXFileReference; fileEncoding = 4; lastKnownFileType = sourcecode.swift; path = DBHelper.swift; sourceTree = "<group>"; };
		3CB09B761D5F661500DEAEDA /* 破音万里-Bridging-Header.h */ = {isa = PBXFileReference; fileEncoding = 4; lastKnownFileType = sourcecode.c.h; path = "破音万里-Bridging-Header.h"; sourceTree = "<group>"; };
		3CB2E2F21BA7B26800805D4F /* PoTunes.app */ = {isa = PBXFileReference; explicitFileType = wrapper.application; includeInIndex = 0; path = PoTunes.app; sourceTree = BUILT_PRODUCTS_DIR; };
		3CB2E2F61BA7B26800805D4F /* Info.plist */ = {isa = PBXFileReference; lastKnownFileType = text.plist.xml; path = Info.plist; sourceTree = "<group>"; };
		3CB2E2F71BA7B26800805D4F /* main.m */ = {isa = PBXFileReference; lastKnownFileType = sourcecode.c.objc; path = main.m; sourceTree = "<group>"; };
		3CB2E2F91BA7B26800805D4F /* AppDelegate.h */ = {isa = PBXFileReference; lastKnownFileType = sourcecode.c.h; path = AppDelegate.h; sourceTree = "<group>"; };
		3CB2E2FA1BA7B26800805D4F /* AppDelegate.m */ = {isa = PBXFileReference; lastKnownFileType = sourcecode.c.objc; path = AppDelegate.m; sourceTree = "<group>"; };
		3CB2E3021BA7B26800805D4F /* Images.xcassets */ = {isa = PBXFileReference; lastKnownFileType = folder.assetcatalog; path = Images.xcassets; sourceTree = "<group>"; };
		3CB2E3051BA7B26800805D4F /* Base */ = {isa = PBXFileReference; lastKnownFileType = file.xib; name = Base; path = Base.lproj/LaunchScreen.xib; sourceTree = "<group>"; };
		3CB2E30B1BA7B26800805D4F /* 破音万里.xctest */ = {isa = PBXFileReference; explicitFileType = wrapper.cfbundle; includeInIndex = 0; path = "破音万里.xctest"; sourceTree = BUILT_PRODUCTS_DIR; };
		3CB2E3101BA7B26800805D4F /* Info.plist */ = {isa = PBXFileReference; lastKnownFileType = text.plist.xml; path = Info.plist; sourceTree = "<group>"; };
		3CB2E3111BA7B26800805D4F /* PoTunesTests.m */ = {isa = PBXFileReference; lastKnownFileType = sourcecode.c.objc; path = PoTunesTests.m; sourceTree = "<group>"; };
		3CB2E3B01BA7CF2200805D4F /* BebasNeue.otf */ = {isa = PBXFileReference; lastKnownFileType = file; path = BebasNeue.otf; sourceTree = "<group>"; };
		3CB2E3FB1BA7D18900805D4F /* CFNetwork.framework */ = {isa = PBXFileReference; lastKnownFileType = wrapper.framework; name = CFNetwork.framework; path = System/Library/Frameworks/CFNetwork.framework; sourceTree = SDKROOT; };
		3CB2E3FD1BA7D19300805D4F /* AudioToolbox.framework */ = {isa = PBXFileReference; lastKnownFileType = wrapper.framework; name = AudioToolbox.framework; path = System/Library/Frameworks/AudioToolbox.framework; sourceTree = SDKROOT; };
		3CB2E3FF1BA7D1B300805D4F /* AVFoundation.framework */ = {isa = PBXFileReference; lastKnownFileType = wrapper.framework; name = AVFoundation.framework; path = System/Library/Frameworks/AVFoundation.framework; sourceTree = SDKROOT; };
		3CB2E4031BA7D1CB00805D4F /* MediaPlayer.framework */ = {isa = PBXFileReference; lastKnownFileType = wrapper.framework; name = MediaPlayer.framework; path = System/Library/Frameworks/MediaPlayer.framework; sourceTree = SDKROOT; };
		3CB2E4061BA7D28600805D4F /* FreeStreamerMobile-Prefix.pch */ = {isa = PBXFileReference; fileEncoding = 4; lastKnownFileType = sourcecode.c.h; path = "FreeStreamerMobile-Prefix.pch"; sourceTree = "<group>"; };
		3CB2E4591BA7D4FA00805D4F /* AddressBook.framework */ = {isa = PBXFileReference; lastKnownFileType = wrapper.framework; name = AddressBook.framework; path = System/Library/Frameworks/AddressBook.framework; sourceTree = SDKROOT; };
		3CCFBF2E1DD41DAD00514873 /* PlayerInterface.swift */ = {isa = PBXFileReference; fileEncoding = 4; indentWidth = 4; lastKnownFileType = sourcecode.swift; path = PlayerInterface.swift; sourceTree = "<group>"; tabWidth = 4; };
		3CCFBF321DD41E0300514873 /* LrcCell.swift */ = {isa = PBXFileReference; fileEncoding = 4; lastKnownFileType = sourcecode.swift; path = LrcCell.swift; sourceTree = "<group>"; };
		3CCFBF361DD41E0300514873 /* LrcView.swift */ = {isa = PBXFileReference; fileEncoding = 4; lastKnownFileType = sourcecode.swift; path = LrcView.swift; sourceTree = "<group>"; };
		3CCFBF3F1DD41E6800514873 /* LrcLine.swift */ = {isa = PBXFileReference; fileEncoding = 4; lastKnownFileType = sourcecode.swift; path = LrcLine.swift; sourceTree = "<group>"; };
		3CCFBF441DD41F1C00514873 /* String+Extension.swift */ = {isa = PBXFileReference; fileEncoding = 4; lastKnownFileType = sourcecode.swift; path = "String+Extension.swift"; sourceTree = "<group>"; };
		3CCFBF451DD41F1C00514873 /* UIColor+RGBValues.h */ = {isa = PBXFileReference; fileEncoding = 4; lastKnownFileType = sourcecode.c.h; path = "UIColor+RGBValues.h"; sourceTree = "<group>"; };
		3CCFBF461DD41F1C00514873 /* UIColor+RGBValues.m */ = {isa = PBXFileReference; fileEncoding = 4; lastKnownFileType = sourcecode.c.objc; path = "UIColor+RGBValues.m"; sourceTree = "<group>"; };
		3CCFBF471DD41F1C00514873 /* UIImage+BoxBlur.h */ = {isa = PBXFileReference; fileEncoding = 4; lastKnownFileType = sourcecode.c.h; path = "UIImage+BoxBlur.h"; sourceTree = "<group>"; };
		3CCFBF481DD41F1C00514873 /* UIImage+BoxBlur.m */ = {isa = PBXFileReference; fileEncoding = 4; lastKnownFileType = sourcecode.c.objc; path = "UIImage+BoxBlur.m"; sourceTree = "<group>"; };
		3CCFBF491DD41F1C00514873 /* UIImage+Reflection.h */ = {isa = PBXFileReference; fileEncoding = 4; lastKnownFileType = sourcecode.c.h; path = "UIImage+Reflection.h"; sourceTree = "<group>"; };
		3CCFBF4A1DD41F1C00514873 /* UIImage+Reflection.m */ = {isa = PBXFileReference; fileEncoding = 4; lastKnownFileType = sourcecode.c.objc; path = "UIImage+Reflection.m"; sourceTree = "<group>"; };
		3CCFBF4B1DD41F1C00514873 /* UIView+Geometry.h */ = {isa = PBXFileReference; fileEncoding = 4; lastKnownFileType = sourcecode.c.h; path = "UIView+Geometry.h"; sourceTree = "<group>"; };
		3CCFBF4C1DD41F1C00514873 /* UIView+Geometry.m */ = {isa = PBXFileReference; fileEncoding = 4; lastKnownFileType = sourcecode.c.objc; path = "UIView+Geometry.m"; sourceTree = "<group>"; };
		3CDFB3911DD76E5D006C0975 /* TrackListController.swift */ = {isa = PBXFileReference; fileEncoding = 4; indentWidth = 4; lastKnownFileType = sourcecode.swift; path = TrackListController.swift; sourceTree = "<group>"; tabWidth = 4; };
		3CDFB3971DD776D8006C0975 /* TrackCell.swift */ = {isa = PBXFileReference; fileEncoding = 4; lastKnownFileType = sourcecode.swift; path = TrackCell.swift; sourceTree = "<group>"; };
		3CDFB3991DD77CD5006C0975 /* UIColor+RGB.swift */ = {isa = PBXFileReference; fileEncoding = 4; lastKnownFileType = sourcecode.swift; path = "UIColor+RGB.swift"; sourceTree = "<group>"; };
		3CDFB39B1DD83F48006C0975 /* BarItem.swift */ = {isa = PBXFileReference; fileEncoding = 4; lastKnownFileType = sourcecode.swift; path = BarItem.swift; sourceTree = "<group>"; };
		3CE18E331E03BF500018AED0 /* SegmentControl.swift */ = {isa = PBXFileReference; fileEncoding = 4; lastKnownFileType = sourcecode.swift; path = SegmentControl.swift; sourceTree = "<group>"; };
		3CE18E351E03C7420018AED0 /* NavButton.swift */ = {isa = PBXFileReference; fileEncoding = 4; lastKnownFileType = sourcecode.swift; path = NavButton.swift; sourceTree = "<group>"; };
		3CE3455A1DF2CB15007EDE5E /* Routes.swift */ = {isa = PBXFileReference; fileEncoding = 4; lastKnownFileType = sourcecode.swift; path = Routes.swift; sourceTree = "<group>"; };
		3CF1E2A51DEB031200DD48DC /* libz.tbd */ = {isa = PBXFileReference; lastKnownFileType = "sourcecode.text-based-dylib-definition"; name = libz.tbd; path = usr/lib/libz.tbd; sourceTree = SDKROOT; };
		3CF1E2A71DEB032400DD48DC /* libstdc++.6.0.9.tbd */ = {isa = PBXFileReference; lastKnownFileType = "sourcecode.text-based-dylib-definition"; name = "libstdc++.6.0.9.tbd"; path = "usr/lib/libstdc++.6.0.9.tbd"; sourceTree = SDKROOT; };
		3CF1E2AC1DEB047700DD48DC /* MAMapKit.framework */ = {isa = PBXFileReference; lastKnownFileType = wrapper.framework; name = MAMapKit.framework; path = Pods/AMap3DMap/MAMapKit.framework; sourceTree = "<group>"; };
		3CF1E2AE1DEB068500DD48DC /* libsqlite3.tbd */ = {isa = PBXFileReference; lastKnownFileType = "sourcecode.text-based-dylib-definition"; name = libsqlite3.tbd; path = usr/lib/libsqlite3.tbd; sourceTree = SDKROOT; };
		3CF1E2B01DEB06B900DD48DC /* libxml2.2.tbd */ = {isa = PBXFileReference; lastKnownFileType = "sourcecode.text-based-dylib-definition"; name = libxml2.2.tbd; path = usr/lib/libxml2.2.tbd; sourceTree = SDKROOT; };
		3CF1E2BE1DEB0ABE00DD48DC /* JavaScriptCore.framework */ = {isa = PBXFileReference; lastKnownFileType = wrapper.framework; name = JavaScriptCore.framework; path = System/Library/Frameworks/JavaScriptCore.framework; sourceTree = SDKROOT; };
		3CF1E2C01DEB0AE400DD48DC /* Security.framework */ = {isa = PBXFileReference; lastKnownFileType = wrapper.framework; name = Security.framework; path = System/Library/Frameworks/Security.framework; sourceTree = SDKROOT; };
		3CF1E2C21DEC11E300DD48DC /* MAMapKit.framework */ = {isa = PBXFileReference; lastKnownFileType = wrapper.framework; path = MAMapKit.framework; sourceTree = "<group>"; };
		3CF1E2C31DEC11E300DD48DC /* AMapSearchKit.framework */ = {isa = PBXFileReference; lastKnownFileType = wrapper.framework; path = AMapSearchKit.framework; sourceTree = "<group>"; };
		3CF1E2C41DEC11E300DD48DC /* AMapNaviKit.framework */ = {isa = PBXFileReference; lastKnownFileType = wrapper.framework; path = AMapNaviKit.framework; sourceTree = "<group>"; };
		3CF1E2C51DEC11E300DD48DC /* AMapFoundationKit.framework */ = {isa = PBXFileReference; lastKnownFileType = wrapper.framework; path = AMapFoundationKit.framework; sourceTree = "<group>"; };
		3CF1E2CA1DEC126200DD48DC /* AMapNavi.bundle */ = {isa = PBXFileReference; lastKnownFileType = "wrapper.plug-in"; name = AMapNavi.bundle; path = AMapNaviKit.framework/AMapNavi.bundle; sourceTree = "<group>"; };
		3CF1E2CC1DEC127900DD48DC /* AMap.bundle */ = {isa = PBXFileReference; lastKnownFileType = "wrapper.plug-in"; name = AMap.bundle; path = MAMapKit.framework/AMap.bundle; sourceTree = "<group>"; };
		3CF1E2CF1DEC12DC00DD48DC /* SharedMapView.h */ = {isa = PBXFileReference; fileEncoding = 4; lastKnownFileType = sourcecode.c.h; path = SharedMapView.h; sourceTree = "<group>"; };
		3CF1E2D01DEC12DC00DD48DC /* SharedMapView.m */ = {isa = PBXFileReference; fileEncoding = 4; lastKnownFileType = sourcecode.c.objc; path = SharedMapView.m; sourceTree = "<group>"; };
		3CFA58401D6706D700341763 /* audio_queue.cpp */ = {isa = PBXFileReference; fileEncoding = 4; lastKnownFileType = sourcecode.cpp.cpp; path = audio_queue.cpp; sourceTree = "<group>"; };
		3CFA58411D6706D700341763 /* audio_queue.h */ = {isa = PBXFileReference; fileEncoding = 4; lastKnownFileType = sourcecode.c.h; path = audio_queue.h; sourceTree = "<group>"; };
		3CFA58421D6706D700341763 /* audio_stream.cpp */ = {isa = PBXFileReference; fileEncoding = 4; lastKnownFileType = sourcecode.cpp.cpp; path = audio_stream.cpp; sourceTree = "<group>"; };
		3CFA58431D6706D700341763 /* audio_stream.h */ = {isa = PBXFileReference; fileEncoding = 4; lastKnownFileType = sourcecode.c.h; path = audio_stream.h; sourceTree = "<group>"; };
		3CFA58441D6706D700341763 /* caching_stream.cpp */ = {isa = PBXFileReference; fileEncoding = 4; lastKnownFileType = sourcecode.cpp.cpp; path = caching_stream.cpp; sourceTree = "<group>"; };
		3CFA58451D6706D700341763 /* caching_stream.h */ = {isa = PBXFileReference; fileEncoding = 4; lastKnownFileType = sourcecode.c.h; path = caching_stream.h; sourceTree = "<group>"; };
		3CFA58461D6706D700341763 /* file_output.cpp */ = {isa = PBXFileReference; fileEncoding = 4; lastKnownFileType = sourcecode.cpp.cpp; path = file_output.cpp; sourceTree = "<group>"; };
		3CFA58471D6706D700341763 /* file_output.h */ = {isa = PBXFileReference; fileEncoding = 4; lastKnownFileType = sourcecode.c.h; path = file_output.h; sourceTree = "<group>"; };
		3CFA58481D6706D700341763 /* file_stream.cpp */ = {isa = PBXFileReference; fileEncoding = 4; lastKnownFileType = sourcecode.cpp.cpp; path = file_stream.cpp; sourceTree = "<group>"; };
		3CFA58491D6706D700341763 /* file_stream.h */ = {isa = PBXFileReference; fileEncoding = 4; lastKnownFileType = sourcecode.c.h; path = file_stream.h; sourceTree = "<group>"; };
		3CFA584A1D6706D700341763 /* http_stream.cpp */ = {isa = PBXFileReference; fileEncoding = 4; lastKnownFileType = sourcecode.cpp.cpp; path = http_stream.cpp; sourceTree = "<group>"; };
		3CFA584B1D6706D700341763 /* http_stream.h */ = {isa = PBXFileReference; fileEncoding = 4; lastKnownFileType = sourcecode.c.h; path = http_stream.h; sourceTree = "<group>"; };
		3CFA584C1D6706D700341763 /* id3_parser.cpp */ = {isa = PBXFileReference; fileEncoding = 4; lastKnownFileType = sourcecode.cpp.cpp; path = id3_parser.cpp; sourceTree = "<group>"; };
		3CFA584D1D6706D700341763 /* id3_parser.h */ = {isa = PBXFileReference; fileEncoding = 4; lastKnownFileType = sourcecode.c.h; path = id3_parser.h; sourceTree = "<group>"; };
		3CFA584E1D6706D700341763 /* input_stream.cpp */ = {isa = PBXFileReference; fileEncoding = 4; lastKnownFileType = sourcecode.cpp.cpp; path = input_stream.cpp; sourceTree = "<group>"; };
		3CFA584F1D6706D700341763 /* input_stream.h */ = {isa = PBXFileReference; fileEncoding = 4; lastKnownFileType = sourcecode.c.h; path = input_stream.h; sourceTree = "<group>"; };
		3CFA58501D6706D700341763 /* stream_configuration.cpp */ = {isa = PBXFileReference; fileEncoding = 4; lastKnownFileType = sourcecode.cpp.cpp; path = stream_configuration.cpp; sourceTree = "<group>"; };
		3CFA58511D6706D700341763 /* stream_configuration.h */ = {isa = PBXFileReference; fileEncoding = 4; lastKnownFileType = sourcecode.c.h; path = stream_configuration.h; sourceTree = "<group>"; };
		3CFA58531D6706D700341763 /* FSAudioController.h */ = {isa = PBXFileReference; fileEncoding = 4; lastKnownFileType = sourcecode.c.h; path = FSAudioController.h; sourceTree = "<group>"; };
		3CFA58541D6706D700341763 /* FSAudioController.m */ = {isa = PBXFileReference; fileEncoding = 4; lastKnownFileType = sourcecode.c.objc; path = FSAudioController.m; sourceTree = "<group>"; };
		3CFA58551D6706D700341763 /* FSAudioStream.h */ = {isa = PBXFileReference; fileEncoding = 4; lastKnownFileType = sourcecode.c.h; path = FSAudioStream.h; sourceTree = "<group>"; };
		3CFA58561D6706D700341763 /* FSAudioStream.mm */ = {isa = PBXFileReference; fileEncoding = 4; lastKnownFileType = sourcecode.cpp.objcpp; path = FSAudioStream.mm; sourceTree = "<group>"; };
		3CFA58571D6706D700341763 /* FSCheckContentTypeRequest.h */ = {isa = PBXFileReference; fileEncoding = 4; lastKnownFileType = sourcecode.c.h; path = FSCheckContentTypeRequest.h; sourceTree = "<group>"; };
		3CFA58581D6706D700341763 /* FSCheckContentTypeRequest.m */ = {isa = PBXFileReference; fileEncoding = 4; lastKnownFileType = sourcecode.c.objc; path = FSCheckContentTypeRequest.m; sourceTree = "<group>"; };
		3CFA58591D6706D700341763 /* FSParsePlaylistRequest.h */ = {isa = PBXFileReference; fileEncoding = 4; lastKnownFileType = sourcecode.c.h; path = FSParsePlaylistRequest.h; sourceTree = "<group>"; };
		3CFA585A1D6706D700341763 /* FSParsePlaylistRequest.m */ = {isa = PBXFileReference; fileEncoding = 4; lastKnownFileType = sourcecode.c.objc; path = FSParsePlaylistRequest.m; sourceTree = "<group>"; };
		3CFA585B1D6706D700341763 /* FSParseRssPodcastFeedRequest.h */ = {isa = PBXFileReference; fileEncoding = 4; lastKnownFileType = sourcecode.c.h; path = FSParseRssPodcastFeedRequest.h; sourceTree = "<group>"; };
		3CFA585C1D6706D700341763 /* FSParseRssPodcastFeedRequest.m */ = {isa = PBXFileReference; fileEncoding = 4; lastKnownFileType = sourcecode.c.objc; path = FSParseRssPodcastFeedRequest.m; sourceTree = "<group>"; };
		3CFA585D1D6706D700341763 /* FSPlaylistItem.h */ = {isa = PBXFileReference; fileEncoding = 4; lastKnownFileType = sourcecode.c.h; path = FSPlaylistItem.h; sourceTree = "<group>"; };
		3CFA585E1D6706D700341763 /* FSPlaylistItem.m */ = {isa = PBXFileReference; fileEncoding = 4; lastKnownFileType = sourcecode.c.objc; path = FSPlaylistItem.m; sourceTree = "<group>"; };
		3CFA585F1D6706D700341763 /* FSXMLHttpRequest.h */ = {isa = PBXFileReference; fileEncoding = 4; lastKnownFileType = sourcecode.c.h; path = FSXMLHttpRequest.h; sourceTree = "<group>"; };
		3CFA58601D6706D700341763 /* FSXMLHttpRequest.m */ = {isa = PBXFileReference; fileEncoding = 4; lastKnownFileType = sourcecode.c.objc; path = FSXMLHttpRequest.m; sourceTree = "<group>"; };
		3CFA58621D6706D700341763 /* Reachability.h */ = {isa = PBXFileReference; fileEncoding = 4; lastKnownFileType = sourcecode.c.h; path = Reachability.h; sourceTree = "<group>"; };
		3CFA58631D6706D700341763 /* Reachability.m */ = {isa = PBXFileReference; fileEncoding = 4; lastKnownFileType = sourcecode.c.objc; path = Reachability.m; sourceTree = "<group>"; };
		3CFA587F1D6706D700341763 /* PoTunes.entitlements */ = {isa = PBXFileReference; fileEncoding = 4; lastKnownFileType = text.xml; path = PoTunes.entitlements; sourceTree = "<group>"; };
		3CFFC7F61D5DBF3500696F66 /* 破音万里-Bridging-Header.h */ = {isa = PBXFileReference; fileEncoding = 4; lastKnownFileType = sourcecode.c.h; path = "破音万里-Bridging-Header.h"; sourceTree = "<group>"; };
		3CFFC8021D5DC65D00696F66 /* Main.storyboard */ = {isa = PBXFileReference; fileEncoding = 4; lastKnownFileType = file.storyboard; path = Main.storyboard; sourceTree = "<group>"; };
		5ACE65060298DC83FD3A5186 /* Pods-破音万里.release.xcconfig */ = {isa = PBXFileReference; includeInIndex = 1; lastKnownFileType = text.xcconfig; name = "Pods-破音万里.release.xcconfig"; path = "Pods/Target Support Files/Pods-破音万里/Pods-破音万里.release.xcconfig"; sourceTree = "<group>"; };
		AEEF67891B1F3F39F233DA7F /* Pods_____.framework */ = {isa = PBXFileReference; explicitFileType = wrapper.framework; includeInIndex = 0; path = "Pods_____.framework"; sourceTree = BUILT_PRODUCTS_DIR; };
/* End PBXFileReference section */

/* Begin PBXFrameworksBuildPhase section */
		3CB2E2EF1BA7B26800805D4F /* Frameworks */ = {
			isa = PBXFrameworksBuildPhase;
			buildActionMask = 2147483647;
			files = (
				3CF1E2C11DEB0AE400DD48DC /* Security.framework in Frameworks */,
				3CF1E2BF1DEB0ABE00DD48DC /* JavaScriptCore.framework in Frameworks */,
				3CF1E2B11DEB06B900DD48DC /* libxml2.2.tbd in Frameworks */,
				3CF1E2AF1DEB068500DD48DC /* libsqlite3.tbd in Frameworks */,
				3CF1E2C91DEC11E300DD48DC /* AMapFoundationKit.framework in Frameworks */,
				3CF1E2A81DEB032400DD48DC /* libstdc++.6.0.9.tbd in Frameworks */,
				3CF1E2A61DEB031200DD48DC /* libz.tbd in Frameworks */,
				3C26B5721C4FD2AA0037893F /* AudioToolbox.framework in Frameworks */,
				3C77D24E1BE3D1110029AB70 /* SystemConfiguration.framework in Frameworks */,
				3CF1E2C71DEC11E300DD48DC /* AMapSearchKit.framework in Frameworks */,
				3C9641FE1D6712C500386ABB /* libBPush.a in Frameworks */,
				3CF1E2C81DEC11E300DD48DC /* AMapNaviKit.framework in Frameworks */,
				3C9641E91D670E2200386ABB /* libWeChatSDK.a in Frameworks */,
				3C77D24D1BE3D0F00029AB70 /* CoreTelephony.framework in Frameworks */,
				3CA224FE1BAFDCDC0028387F /* CoreMedia.framework in Frameworks */,
				3CF1E2C61DEC11E300DD48DC /* MAMapKit.framework in Frameworks */,
				3CB2E45A1BA7D4FA00805D4F /* AddressBook.framework in Frameworks */,
				3CB2E4041BA7D1CB00805D4F /* MediaPlayer.framework in Frameworks */,
				3CB2E4001BA7D1B300805D4F /* AVFoundation.framework in Frameworks */,
				3CB2E3FC1BA7D18900805D4F /* CFNetwork.framework in Frameworks */,
				17E37971ECD9FCACBAFB3599 /* Pods_____.framework in Frameworks */,
			);
			runOnlyForDeploymentPostprocessing = 0;
		};
		3CB2E3081BA7B26800805D4F /* Frameworks */ = {
			isa = PBXFrameworksBuildPhase;
			buildActionMask = 2147483647;
			files = (
			);
			runOnlyForDeploymentPostprocessing = 0;
		};
/* End PBXFrameworksBuildPhase section */

/* Begin PBXGroup section */
		31321375A15BEF4D8BE98A62 /* Pods */ = {
			isa = PBXGroup;
			children = (
				28F6DD77EB623BF8E85E58B2 /* Pods-破音万里.debug.xcconfig */,
				5ACE65060298DC83FD3A5186 /* Pods-破音万里.release.xcconfig */,
				0D348453E5A357FD09B587CE /* Pods-破音万里.ad hoc distribution.xcconfig */,
			);
			name = Pods;
			sourceTree = "<group>";
		};
		3C155EA21DD427E800375469 /* 已下载专辑页 */ = {
			isa = PBXGroup;
			children = (
				3C155EBE1DD439F700375469 /* V */,
				3C155EA31DD427E800375469 /* C */,
			);
			path = "已下载专辑页";
			sourceTree = "<group>";
		};
		3C155EA31DD427E800375469 /* C */ = {
			isa = PBXGroup;
			children = (
				3C155EBC1DD42A1C00375469 /* AlbumDownloadController.swift */,
			);
			path = C;
			sourceTree = "<group>";
		};
		3C155EA41DD4284000375469 /* 播放列表页 */ = {
			isa = PBXGroup;
			children = (
				3C155EA51DD4284000375469 /* C */,
				3C155EA91DD4284000375469 /* M */,
				3C155EAB1DD4284000375469 /* V */,
			);
			path = "播放列表页";
			sourceTree = "<group>";
		};
		3C155EA51DD4284000375469 /* C */ = {
			isa = PBXGroup;
			children = (
				3C155EA81DD4284000375469 /* PlaylistController.swift */,
			);
			path = C;
			sourceTree = "<group>";
		};
		3C155EA91DD4284000375469 /* M */ = {
			isa = PBXGroup;
			children = (
				3C155EAA1DD4284000375469 /* Playlist.swift */,
				3C84DCCA1DD4909E0029D2E6 /* Track.swift */,
				3C8E35271DEAD3DC002D3AC7 /* TrackEncoding.swift */,
			);
			path = M;
			sourceTree = "<group>";
		};
		3C155EAB1DD4284000375469 /* V */ = {
			isa = PBXGroup;
			children = (
				3C155EB11DD428A100375469 /* PlaylistCell.swift */,
			);
			path = V;
			sourceTree = "<group>";
		};
		3C155EBE1DD439F700375469 /* V */ = {
			isa = PBXGroup;
			children = (
				3C155EC21DD43A7A00375469 /* DownloadedCell.swift */,
			);
			path = V;
			sourceTree = "<group>";
		};
		3C155EC41DD441A400375469 /* V */ = {
			isa = PBXGroup;
			children = (
				3CDFB39B1DD83F48006C0975 /* BarItem.swift */,
				3C0A1A951DD5B35400E90306 /* MainScrollview.swift */,
				3C0A1A971DD5B5B000E90306 /* MainPageControl.swift */,
				3C0A1A991DD5B72000E90306 /* MainControllers.swift */,
			);
			path = V;
			sourceTree = "<group>";
		};
		3C155EC71DD4437C00375469 /* 导航页 */ = {
			isa = PBXGroup;
			children = (
				3CE345591DF2CAFD007EDE5E /* V */,
				3C155EC81DD4437C00375469 /* C */,
			);
			path = "导航页";
			sourceTree = "<group>";
		};
		3C155EC81DD4437C00375469 /* C */ = {
			isa = PBXGroup;
			children = (
				3C155ED61DD449AD00375469 /* NaviController.swift */,
				3C23480E1DF6B4C100D3B915 /* MapController.swift */,
				3C12F1D71E0A68B90084753F /* DrivingCalculateController.swift */,
				3C24C5A61E11046000D67545 /* DriveNaviViewController.swift */,
			);
			path = C;
			sourceTree = "<group>";
		};
		3C155ED81DD44A4700375469 /* 设置页 */ = {
			isa = PBXGroup;
			children = (
				3C155ED91DD44A4700375469 /* C */,
			);
			path = "设置页";
			sourceTree = "<group>";
		};
		3C155ED91DD44A4700375469 /* C */ = {
			isa = PBXGroup;
			children = (
				3C155EDD1DD44A6400375469 /* SettingController.swift */,
				3C24C5AB1E13958900D67545 /* UserGuideController.swift */,
			);
			path = C;
			sourceTree = "<group>";
		};
		3C24CED61DD30D2F007C862C /* 首页 */ = {
			isa = PBXGroup;
			children = (
				3C155EC41DD441A400375469 /* V */,
				3C24CED71DD30D2F007C862C /* C */,
			);
			path = "首页";
			sourceTree = "<group>";
		};
		3C24CED71DD30D2F007C862C /* C */ = {
			isa = PBXGroup;
			children = (
				3C155ED41DD448F000375469 /* NavigationController.swift */,
				3C24CED81DD30D2F007C862C /* Main.swift */,
			);
			path = C;
			sourceTree = "<group>";
		};
		3C24CEE91DD31FE3007C862C /* 3rdParty-Swift */ = {
			isa = PBXGroup;
			children = (
				3C24CEEA1DD32038007C862C /* Reflect.swift */,
			);
			path = "3rdParty-Swift";
			sourceTree = "<group>";
		};
		3C2EA2BC1DE5A8C5004AE511 /* 正在下载歌曲页 */ = {
			isa = PBXGroup;
			children = (
				3C2EA2C31DE80ACE004AE511 /* V */,
				3C2EA2BD1DE5A8C5004AE511 /* C */,
			);
			path = "正在下载歌曲页";
			sourceTree = "<group>";
		};
		3C2EA2BD1DE5A8C5004AE511 /* C */ = {
			isa = PBXGroup;
			children = (
				3C2EA2BE1DE5A8F2004AE511 /* DownloadingController.swift */,
			);
			path = C;
			sourceTree = "<group>";
		};
		3C2EA2C31DE80ACE004AE511 /* V */ = {
			isa = PBXGroup;
			children = (
				3C2EA2C41DE80AF8004AE511 /* OperationButton.swift */,
				3C2EA2C61DE9B7DD004AE511 /* DownloadingCell.swift */,
			);
			path = V;
			sourceTree = "<group>";
		};
		3C2EA2C81DE9CA7C004AE511 /* ProgressViewBar */ = {
			isa = PBXGroup;
			children = (
				3C2EA2CC1DE9CAA8004AE511 /* M13ProgressView.h */,
				3C2EA2CD1DE9CAA8004AE511 /* M13ProgressView.m */,
				3C2EA2C91DE9CA7C004AE511 /* M13ProgressViewBar.h */,
				3C2EA2CA1DE9CA7C004AE511 /* M13ProgressViewBar.m */,
			);
			path = ProgressViewBar;
			sourceTree = "<group>";
		};
		3C3BD3111DDDA264007545DC /* DRNRealTimeBlurView */ = {
			isa = PBXGroup;
			children = (
				3C3BD3131DDDA264007545DC /* DRNRealTimeBlurView.h */,
				3C3BD3141DDDA264007545DC /* DRNRealTimeBlurView.m */,
				3C3BD3151DDDA264007545DC /* UIImage+BoxBlur.h */,
				3C3BD3161DDDA264007545DC /* UIImage+BoxBlur.m */,
			);
			path = DRNRealTimeBlurView;
			sourceTree = "<group>";
		};
		3C4A41B71DD9A4EA008CE37F /* C */ = {
			isa = PBXGroup;
			children = (
				3C4A41B81DD9A508008CE37F /* PlayerController.swift */,
			);
			path = C;
			sourceTree = "<group>";
		};
		3C57B7671DE4488B00306ACB /* 已下载歌曲页 */ = {
			isa = PBXGroup;
			children = (
				3C57B7681DE4489800306ACB /* C */,
			);
			path = "已下载歌曲页";
			sourceTree = "<group>";
		};
		3C57B7681DE4489800306ACB /* C */ = {
			isa = PBXGroup;
			children = (
				3C57B7691DE448F200306ACB /* DownloadController.swift */,
			);
			path = C;
			sourceTree = "<group>";
		};
		3C9641E11D670DCE00386ABB /* DarwinNotificationHelper */ = {
			isa = PBXGroup;
			children = (
				3C9641E21D670DCE00386ABB /* DarwinNotificationHelper.h */,
				3C9641E31D670DCE00386ABB /* DarwinNotificationHelper.m */,
			);
			path = DarwinNotificationHelper;
			sourceTree = "<group>";
		};
		3C9641E51D670E2200386ABB /* Wechat */ = {
			isa = PBXGroup;
			children = (
				3C9641E61D670E2200386ABB /* libWeChatSDK.a */,
				3C9641E71D670E2200386ABB /* WXApi.h */,
				3C9641E81D670E2200386ABB /* WXApiObject.h */,
			);
			path = Wechat;
			sourceTree = "<group>";
		};
		3C9641F31D670FB800386ABB /* AutoNavi */ = {
			isa = PBXGroup;
			children = (
				3CF1E2CC1DEC127900DD48DC /* AMap.bundle */,
				3CF1E2CA1DEC126200DD48DC /* AMapNavi.bundle */,
				3CF1E2CE1DEC12DC00DD48DC /* SharedMapView */,
				3CF1E2C21DEC11E300DD48DC /* MAMapKit.framework */,
				3CF1E2C31DEC11E300DD48DC /* AMapSearchKit.framework */,
				3CF1E2C41DEC11E300DD48DC /* AMapNaviKit.framework */,
				3CF1E2C51DEC11E300DD48DC /* AMapFoundationKit.framework */,
				3C9641F61D670FB800386ABB /* GeocodeAnnotation.h */,
				3C9641F71D670FB800386ABB /* GeocodeAnnotation.m */,
			);
			path = AutoNavi;
			sourceTree = "<group>";
		};
		3C9641FB1D6712C500386ABB /* BaiduPush */ = {
			isa = PBXGroup;
			children = (
				3C9641FC1D6712C500386ABB /* BPush.h */,
				3C9641FD1D6712C500386ABB /* libBPush.a */,
			);
			path = BaiduPush;
			sourceTree = "<group>";
		};
		3CB2E2E91BA7B26800805D4F = {
			isa = PBXGroup;
			children = (
				3CB2E2F41BA7B26800805D4F /* PoTunes */,
				3CB2E30E1BA7B26800805D4F /* PoTunesTests */,
				3CB2E2F31BA7B26800805D4F /* Products */,
				31321375A15BEF4D8BE98A62 /* Pods */,
				4F9130A802A7CD39C1715976 /* Frameworks */,
			);
			sourceTree = "<group>";
		};
		3CB2E2F31BA7B26800805D4F /* Products */ = {
			isa = PBXGroup;
			children = (
				3CB2E2F21BA7B26800805D4F /* PoTunes.app */,
				3CB2E30B1BA7B26800805D4F /* 破音万里.xctest */,
			);
			name = Products;
			sourceTree = "<group>";
		};
		3CB2E2F41BA7B26800805D4F /* PoTunes */ = {
			isa = PBXGroup;
			children = (
				3C2EA2BC1DE5A8C5004AE511 /* 正在下载歌曲页 */,
				3C57B7671DE4488B00306ACB /* 已下载歌曲页 */,
				3CDFB38D1DD76C95006C0975 /* 歌曲列表页 */,
				3C155ED81DD44A4700375469 /* 设置页 */,
				3C155EC71DD4437C00375469 /* 导航页 */,
				3C155EA41DD4284000375469 /* 播放列表页 */,
				3C155EA21DD427E800375469 /* 已下载专辑页 */,
				3CCFBF2C1DD41D5A00514873 /* 播放器页 */,
				3C24CEE91DD31FE3007C862C /* 3rdParty-Swift */,
				3C24CED61DD30D2F007C862C /* 首页 */,
				3CFA580F1D6706D700341763 /* 3rdParty */,
				3CB2E4051BA7D1D200805D4F /* 框架 */,
				3CB2E31B1BA7C92300805D4F /* Others */,
				3CB2E2F91BA7B26800805D4F /* AppDelegate.h */,
				3CB2E2FA1BA7B26800805D4F /* AppDelegate.m */,
				3CFFC8021D5DC65D00696F66 /* Main.storyboard */,
				3C5813701BE4BFEA0012C689 /* guide.plist */,
				3CB2E2F51BA7B26800805D4F /* Supporting Files */,
				3CB2E4061BA7D28600805D4F /* FreeStreamerMobile-Prefix.pch */,
				3CB09B761D5F661500DEAEDA /* 破音万里-Bridging-Header.h */,
				3CB2E3021BA7B26800805D4F /* Images.xcassets */,
				3CB2E3041BA7B26800805D4F /* LaunchScreen.xib */,
			);
			path = PoTunes;
			sourceTree = "<group>";
		};
		3CB2E2F51BA7B26800805D4F /* Supporting Files */ = {
			isa = PBXGroup;
			children = (
				3CFFC7F61D5DBF3500696F66 /* 破音万里-Bridging-Header.h */,
				3CB2E2F61BA7B26800805D4F /* Info.plist */,
				3CB2E2F71BA7B26800805D4F /* main.m */,
			);
			name = "Supporting Files";
			sourceTree = "<group>";
		};
		3CB2E30E1BA7B26800805D4F /* PoTunesTests */ = {
			isa = PBXGroup;
			children = (
				3CB2E3111BA7B26800805D4F /* PoTunesTests.m */,
				3CB2E30F1BA7B26800805D4F /* Supporting Files */,
			);
			path = PoTunesTests;
			sourceTree = "<group>";
		};
		3CB2E30F1BA7B26800805D4F /* Supporting Files */ = {
			isa = PBXGroup;
			children = (
				3CB2E3101BA7B26800805D4F /* Info.plist */,
			);
			name = "Supporting Files";
			sourceTree = "<group>";
		};
		3CB2E31B1BA7C92300805D4F /* Others */ = {
			isa = PBXGroup;
			children = (
				3CCFBF421DD41F1C00514873 /* Category */,
				3CB2E3B01BA7CF2200805D4F /* BebasNeue.otf */,
			);
			name = Others;
			sourceTree = "<group>";
		};
		3CB2E4051BA7D1D200805D4F /* 框架 */ = {
			isa = PBXGroup;
			children = (
				3C77D2481BE3BDBC0029AB70 /* CoreMotion.framework */,
				3C77D2461BE3BDAF0029AB70 /* OpenGLES.framework */,
				3C77D2441BE3BD940029AB70 /* SystemConfiguration.framework */,
				3C77D2421BE3BD8C0029AB70 /* CoreTelephony.framework */,
				3CA224FD1BAFDCDC0028387F /* CoreMedia.framework */,
				3CB2E4591BA7D4FA00805D4F /* AddressBook.framework */,
				3CB2E4031BA7D1CB00805D4F /* MediaPlayer.framework */,
				3CB2E3FF1BA7D1B300805D4F /* AVFoundation.framework */,
				3CB2E3FD1BA7D19300805D4F /* AudioToolbox.framework */,
				3CB2E3FB1BA7D18900805D4F /* CFNetwork.framework */,
			);
			name = "框架";
			sourceTree = "<group>";
		};
		3CCFBF2C1DD41D5A00514873 /* 播放器页 */ = {
			isa = PBXGroup;
			children = (
				3C4A41B71DD9A4EA008CE37F /* C */,
				3CCFBF3C1DD41E6800514873 /* M */,
				3CCFBF2D1DD41D6B00514873 /* V */,
			);
			path = "播放器页";
			sourceTree = "<group>";
		};
		3CCFBF2D1DD41D6B00514873 /* V */ = {
			isa = PBXGroup;
			children = (
				3C4A41BA1DD9D350008CE37F /* TrackLabel.swift */,
				3CCFBF321DD41E0300514873 /* LrcCell.swift */,
				3CCFBF361DD41E0300514873 /* LrcView.swift */,
				3CCFBF2E1DD41DAD00514873 /* PlayerInterface.swift */,
				3C36F44E1E150F6A00BD447F /* LrcLabel.swift */,
			);
			path = V;
			sourceTree = "<group>";
		};
		3CCFBF3C1DD41E6800514873 /* M */ = {
			isa = PBXGroup;
			children = (
				3CCFBF3F1DD41E6800514873 /* LrcLine.swift */,
				3C434E831DEEAFDC00D4D076 /* LrcString.swift */,
			);
			path = M;
			sourceTree = "<group>";
		};
		3CCFBF421DD41F1C00514873 /* Category */ = {
			isa = PBXGroup;
			children = (
				3CCFBF441DD41F1C00514873 /* String+Extension.swift */,
				3CDFB3991DD77CD5006C0975 /* UIColor+RGB.swift */,
				3CCFBF451DD41F1C00514873 /* UIColor+RGBValues.h */,
				3CCFBF461DD41F1C00514873 /* UIColor+RGBValues.m */,
				3CCFBF471DD41F1C00514873 /* UIImage+BoxBlur.h */,
				3CCFBF481DD41F1C00514873 /* UIImage+BoxBlur.m */,
				3CCFBF491DD41F1C00514873 /* UIImage+Reflection.h */,
				3CCFBF4A1DD41F1C00514873 /* UIImage+Reflection.m */,
				3CCFBF4B1DD41F1C00514873 /* UIView+Geometry.h */,
				3CCFBF4C1DD41F1C00514873 /* UIView+Geometry.m */,
				3CA3E5D01DE2AB5300CB36ED /* DBHelper.swift */,
			);
			path = Category;
			sourceTree = "<group>";
		};
		3CDFB38D1DD76C95006C0975 /* 歌曲列表页 */ = {
			isa = PBXGroup;
			children = (
				3CDFB3961DD776AE006C0975 /* V */,
				3CDFB3901DD76E5D006C0975 /* C */,
				3CDFB3921DD76E5D006C0975 /* M */,
			);
			path = "歌曲列表页";
			sourceTree = "<group>";
		};
		3CDFB3901DD76E5D006C0975 /* C */ = {
			isa = PBXGroup;
			children = (
				3CDFB3911DD76E5D006C0975 /* TrackListController.swift */,
			);
			path = C;
			sourceTree = "<group>";
		};
		3CDFB3921DD76E5D006C0975 /* M */ = {
			isa = PBXGroup;
			children = (
			);
			path = M;
			sourceTree = "<group>";
		};
		3CDFB3961DD776AE006C0975 /* V */ = {
			isa = PBXGroup;
			children = (
				3CDFB3971DD776D8006C0975 /* TrackCell.swift */,
			);
			path = V;
			sourceTree = "<group>";
		};
		3CE345591DF2CAFD007EDE5E /* V */ = {
			isa = PBXGroup;
			children = (
				3C24C5A81E1104A700D67545 /* MoreMenuView.h */,
				3C24C5A91E1104A700D67545 /* MoreMenuView.m */,
				3CE3455A1DF2CB15007EDE5E /* Routes.swift */,
				3C329A361DF2D7F7001EC10B /* SingleRoute.swift */,
				3CE18E331E03BF500018AED0 /* SegmentControl.swift */,
				3CE18E351E03C7420018AED0 /* NavButton.swift */,
				3C12F1D91E0A711D0084753F /* NaviPointAnnotation.swift */,
				3C12F1DB1E0A75680084753F /* RouteCollectionViewCell.swift */,
				3C12F1DD1E0A7F720084753F /* SelectableOverlay.swift */,
				3C12F1DF1E0A83000084753F /* PreferenceView.swift */,
			);
			path = V;
			sourceTree = "<group>";
		};
		3CF1E2CE1DEC12DC00DD48DC /* SharedMapView */ = {
			isa = PBXGroup;
			children = (
				3CF1E2CF1DEC12DC00DD48DC /* SharedMapView.h */,
				3CF1E2D01DEC12DC00DD48DC /* SharedMapView.m */,
			);
			path = SharedMapView;
			sourceTree = "<group>";
		};
		3CFA580F1D6706D700341763 /* 3rdParty */ = {
			isa = PBXGroup;
			children = (
				3C2EA2C81DE9CA7C004AE511 /* ProgressViewBar */,
				3C3BD3111DDDA264007545DC /* DRNRealTimeBlurView */,
				3C9641FB1D6712C500386ABB /* BaiduPush */,
				3C9641F31D670FB800386ABB /* AutoNavi */,
				3C9641E51D670E2200386ABB /* Wechat */,
				3C9641E11D670DCE00386ABB /* DarwinNotificationHelper */,
				3CFA583E1D6706D700341763 /* FSAudioStreamer */,
				3CFA587F1D6706D700341763 /* PoTunes.entitlements */,
			);
			path = 3rdParty;
			sourceTree = "<group>";
		};
		3CFA583E1D6706D700341763 /* FSAudioStreamer */ = {
			isa = PBXGroup;
			children = (
				3CFA583F1D6706D700341763 /* astreamer */,
				3CFA58521D6706D700341763 /* Common */,
				3CFA58611D6706D700341763 /* Reachability */,
			);
			path = FSAudioStreamer;
			sourceTree = "<group>";
		};
		3CFA583F1D6706D700341763 /* astreamer */ = {
			isa = PBXGroup;
			children = (
				3CFA58401D6706D700341763 /* audio_queue.cpp */,
				3CFA58411D6706D700341763 /* audio_queue.h */,
				3CFA58421D6706D700341763 /* audio_stream.cpp */,
				3CFA58431D6706D700341763 /* audio_stream.h */,
				3CFA58441D6706D700341763 /* caching_stream.cpp */,
				3CFA58451D6706D700341763 /* caching_stream.h */,
				3CFA58461D6706D700341763 /* file_output.cpp */,
				3CFA58471D6706D700341763 /* file_output.h */,
				3CFA58481D6706D700341763 /* file_stream.cpp */,
				3CFA58491D6706D700341763 /* file_stream.h */,
				3CFA584A1D6706D700341763 /* http_stream.cpp */,
				3CFA584B1D6706D700341763 /* http_stream.h */,
				3CFA584C1D6706D700341763 /* id3_parser.cpp */,
				3CFA584D1D6706D700341763 /* id3_parser.h */,
				3CFA584E1D6706D700341763 /* input_stream.cpp */,
				3CFA584F1D6706D700341763 /* input_stream.h */,
				3CFA58501D6706D700341763 /* stream_configuration.cpp */,
				3CFA58511D6706D700341763 /* stream_configuration.h */,
			);
			path = astreamer;
			sourceTree = "<group>";
		};
		3CFA58521D6706D700341763 /* Common */ = {
			isa = PBXGroup;
			children = (
				3CFA58531D6706D700341763 /* FSAudioController.h */,
				3CFA58541D6706D700341763 /* FSAudioController.m */,
				3CFA58551D6706D700341763 /* FSAudioStream.h */,
				3CFA58561D6706D700341763 /* FSAudioStream.mm */,
				3CFA58571D6706D700341763 /* FSCheckContentTypeRequest.h */,
				3CFA58581D6706D700341763 /* FSCheckContentTypeRequest.m */,
				3CFA58591D6706D700341763 /* FSParsePlaylistRequest.h */,
				3CFA585A1D6706D700341763 /* FSParsePlaylistRequest.m */,
				3CFA585B1D6706D700341763 /* FSParseRssPodcastFeedRequest.h */,
				3CFA585C1D6706D700341763 /* FSParseRssPodcastFeedRequest.m */,
				3CFA585D1D6706D700341763 /* FSPlaylistItem.h */,
				3CFA585E1D6706D700341763 /* FSPlaylistItem.m */,
				3CFA585F1D6706D700341763 /* FSXMLHttpRequest.h */,
				3CFA58601D6706D700341763 /* FSXMLHttpRequest.m */,
			);
			path = Common;
			sourceTree = "<group>";
		};
		3CFA58611D6706D700341763 /* Reachability */ = {
			isa = PBXGroup;
			children = (
				3CFA58621D6706D700341763 /* Reachability.h */,
				3CFA58631D6706D700341763 /* Reachability.m */,
			);
			path = Reachability;
			sourceTree = "<group>";
		};
		4F9130A802A7CD39C1715976 /* Frameworks */ = {
			isa = PBXGroup;
			children = (
				3CF1E2C01DEB0AE400DD48DC /* Security.framework */,
				3CF1E2BE1DEB0ABE00DD48DC /* JavaScriptCore.framework */,
				3CF1E2B01DEB06B900DD48DC /* libxml2.2.tbd */,
				3CF1E2AE1DEB068500DD48DC /* libsqlite3.tbd */,
				3CF1E2AC1DEB047700DD48DC /* MAMapKit.framework */,
				3CF1E2A71DEB032400DD48DC /* libstdc++.6.0.9.tbd */,
				3CF1E2A51DEB031200DD48DC /* libz.tbd */,
				AEEF67891B1F3F39F233DA7F /* Pods_____.framework */,
			);
			name = Frameworks;
			sourceTree = "<group>";
		};
/* End PBXGroup section */

/* Begin PBXNativeTarget section */
		3CB2E2F11BA7B26800805D4F /* 破音万里 */ = {
			isa = PBXNativeTarget;
			buildConfigurationList = 3CB2E3151BA7B26800805D4F /* Build configuration list for PBXNativeTarget "破音万里" */;
			buildPhases = (
				7EE5935B1BE81D435FDC23C7 /* [CP] Check Pods Manifest.lock */,
				3CB2E2EE1BA7B26800805D4F /* Sources */,
				3CB2E2EF1BA7B26800805D4F /* Frameworks */,
				3CB2E2F01BA7B26800805D4F /* Resources */,
				3C4835691BB8DFF800FAC481 /* Embed Watch Content */,
				3C77D24F1BE3D6FD0029AB70 /* ShellScript */,
				AB8B251DAEDD7EAAD0DB3130 /* [CP] Embed Pods Frameworks */,
				DE0CC367A410652EA072BC2C /* [CP] Copy Pods Resources */,
			);
			buildRules = (
			);
			dependencies = (
			);
			name = "破音万里";
			productName = PoTunes;
			productReference = 3CB2E2F21BA7B26800805D4F /* PoTunes.app */;
			productType = "com.apple.product-type.application";
		};
		3CB2E30A1BA7B26800805D4F /* 破音万里Tests */ = {
			isa = PBXNativeTarget;
			buildConfigurationList = 3CB2E3181BA7B26800805D4F /* Build configuration list for PBXNativeTarget "破音万里Tests" */;
			buildPhases = (
				3CB2E3071BA7B26800805D4F /* Sources */,
				3CB2E3081BA7B26800805D4F /* Frameworks */,
				3CB2E3091BA7B26800805D4F /* Resources */,
			);
			buildRules = (
			);
			dependencies = (
				3CB2E30D1BA7B26800805D4F /* PBXTargetDependency */,
			);
			name = "破音万里Tests";
			productName = PoTunesTests;
			productReference = 3CB2E30B1BA7B26800805D4F /* 破音万里.xctest */;
			productType = "com.apple.product-type.bundle.unit-test";
		};
/* End PBXNativeTarget section */

/* Begin PBXProject section */
		3CB2E2EA1BA7B26800805D4F /* Project object */ = {
			isa = PBXProject;
			attributes = {
				LastUpgradeCheck = 0820;
				ORGANIZATIONNAME = Purchas;
				TargetAttributes = {
					3CB2E2F11BA7B26800805D4F = {
						CreatedOnToolsVersion = 6.4;
						DevelopmentTeam = 7LKFCH3GR5;
						LastSwiftMigration = 0800;
						ProvisioningStyle = Automatic;
						SystemCapabilities = {
							com.apple.ApplicationGroups.iOS = {
								enabled = 1;
							};
							com.apple.BackgroundModes = {
								enabled = 1;
							};
						};
					};
					3CB2E30A1BA7B26800805D4F = {
						CreatedOnToolsVersion = 6.4;
						DevelopmentTeam = 7LKFCH3GR5;
						TestTargetID = 3CB2E2F11BA7B26800805D4F;
					};
				};
			};
			buildConfigurationList = 3CB2E2ED1BA7B26800805D4F /* Build configuration list for PBXProject "破音万里" */;
			compatibilityVersion = "Xcode 3.2";
			developmentRegion = English;
			hasScannedForEncodings = 0;
			knownRegions = (
				en,
				Base,
			);
			mainGroup = 3CB2E2E91BA7B26800805D4F;
			productRefGroup = 3CB2E2F31BA7B26800805D4F /* Products */;
			projectDirPath = "";
			projectRoot = "";
			targets = (
				3CB2E2F11BA7B26800805D4F /* 破音万里 */,
				3CB2E30A1BA7B26800805D4F /* 破音万里Tests */,
			);
		};
/* End PBXProject section */

/* Begin PBXResourcesBuildPhase section */
		3CB2E2F01BA7B26800805D4F /* Resources */ = {
			isa = PBXResourcesBuildPhase;
			buildActionMask = 2147483647;
			files = (
				3CF1E2CD1DEC127900DD48DC /* AMap.bundle in Resources */,
				3CF1E2CB1DEC126200DD48DC /* AMapNavi.bundle in Resources */,
				3CFA58DB1D6706D700341763 /* PoTunes.entitlements in Resources */,
				3CB2E3061BA7B26800805D4F /* LaunchScreen.xib in Resources */,
				3CFFC8031D5DC65D00696F66 /* Main.storyboard in Resources */,
				3CB2E3B11BA7CF2200805D4F /* BebasNeue.otf in Resources */,
				3C5813711BE4BFEA0012C689 /* guide.plist in Resources */,
				3CB2E3031BA7B26800805D4F /* Images.xcassets in Resources */,
			);
			runOnlyForDeploymentPostprocessing = 0;
		};
		3CB2E3091BA7B26800805D4F /* Resources */ = {
			isa = PBXResourcesBuildPhase;
			buildActionMask = 2147483647;
			files = (
			);
			runOnlyForDeploymentPostprocessing = 0;
		};
/* End PBXResourcesBuildPhase section */

/* Begin PBXShellScriptBuildPhase section */
		3C77D24F1BE3D6FD0029AB70 /* ShellScript */ = {
			isa = PBXShellScriptBuildPhase;
			buildActionMask = 8;
			files = (
			);
			inputPaths = (
			);
			outputPaths = (
			);
			runOnlyForDeploymentPostprocessing = 1;
			shellPath = /bin/sh;
			shellScript = "#!/bin/bash\nbuildNumber=$(/usr/libexec/PlistBuddy -c \"Print CFBundleVersion\" \"$INFOPLIST_FILE\")\nbuildNumber=$(($buildNumber + 1))\n/usr/libexec/PlistBuddy -c \"Set :CFBundleVersion $buildNumber\" \"$INFOPLIST_FILE\"";
		};
		7EE5935B1BE81D435FDC23C7 /* [CP] Check Pods Manifest.lock */ = {
			isa = PBXShellScriptBuildPhase;
			buildActionMask = 2147483647;
			files = (
			);
			inputPaths = (
			);
			name = "[CP] Check Pods Manifest.lock";
			outputPaths = (
			);
			runOnlyForDeploymentPostprocessing = 0;
			shellPath = /bin/sh;
			shellScript = "diff \"${PODS_ROOT}/../Podfile.lock\" \"${PODS_ROOT}/Manifest.lock\" > /dev/null\nif [ $? != 0 ] ; then\n    # print error to STDERR\n    echo \"error: The sandbox is not in sync with the Podfile.lock. Run 'pod install' or update your CocoaPods installation.\" >&2\n    exit 1\nfi\n";
			showEnvVarsInLog = 0;
		};
		AB8B251DAEDD7EAAD0DB3130 /* [CP] Embed Pods Frameworks */ = {
			isa = PBXShellScriptBuildPhase;
			buildActionMask = 2147483647;
			files = (
			);
			inputPaths = (
			);
			name = "[CP] Embed Pods Frameworks";
			outputPaths = (
			);
			runOnlyForDeploymentPostprocessing = 0;
			shellPath = /bin/sh;
			shellScript = "\"${SRCROOT}/Pods/Target Support Files/Pods-破音万里/Pods-破音万里-frameworks.sh\"\n";
			showEnvVarsInLog = 0;
		};
		DE0CC367A410652EA072BC2C /* [CP] Copy Pods Resources */ = {
			isa = PBXShellScriptBuildPhase;
			buildActionMask = 2147483647;
			files = (
			);
			inputPaths = (
			);
			name = "[CP] Copy Pods Resources";
			outputPaths = (
			);
			runOnlyForDeploymentPostprocessing = 0;
			shellPath = /bin/sh;
			shellScript = "\"${SRCROOT}/Pods/Target Support Files/Pods-破音万里/Pods-破音万里-resources.sh\"\n";
			showEnvVarsInLog = 0;
		};
/* End PBXShellScriptBuildPhase section */

/* Begin PBXSourcesBuildPhase section */
		3CB2E2EE1BA7B26800805D4F /* Sources */ = {
			isa = PBXSourcesBuildPhase;
			buildActionMask = 2147483647;
			files = (
				3C2EA2CE1DE9CAA8004AE511 /* M13ProgressView.m in Sources */,
				3C155EDE1DD44A6400375469 /* SettingController.swift in Sources */,
				3C36F44F1E150F6A00BD447F /* LrcLabel.swift in Sources */,
				3CCFBF411DD41E6800514873 /* LrcLine.swift in Sources */,
				3CCFBF3B1DD41E0300514873 /* LrcView.swift in Sources */,
				3C434E841DEEAFDC00D4D076 /* LrcString.swift in Sources */,
				3C4A41B91DD9A508008CE37F /* PlayerController.swift in Sources */,
				3C24C5A71E11046000D67545 /* DriveNaviViewController.swift in Sources */,
				3CCFBF4D1DD41F1C00514873 /* String+Extension.swift in Sources */,
				3C4A41BB1DD9D350008CE37F /* TrackLabel.swift in Sources */,
				3CFA58C11D6706D700341763 /* file_stream.cpp in Sources */,
				3C0A1A981DD5B5B000E90306 /* MainPageControl.swift in Sources */,
				3C155EB21DD428A100375469 /* PlaylistCell.swift in Sources */,
				3CCFBF2F1DD41DAD00514873 /* PlayerInterface.swift in Sources */,
				3CFA58CC1D6706D700341763 /* FSXMLHttpRequest.m in Sources */,
				3CFA58C91D6706D700341763 /* FSParsePlaylistRequest.m in Sources */,
				3C12F1E01E0A83000084753F /* PreferenceView.swift in Sources */,
				3CFA58C61D6706D700341763 /* FSAudioController.m in Sources */,
				3C155EBD1DD42A1C00375469 /* AlbumDownloadController.swift in Sources */,
				3C24C5AA1E1104A700D67545 /* MoreMenuView.m in Sources */,
				3CDFB3981DD776D8006C0975 /* TrackCell.swift in Sources */,
				3CFA58C01D6706D700341763 /* file_output.cpp in Sources */,
				3C155EAF1DD4284000375469 /* Playlist.swift in Sources */,
				3C155ED51DD448F000375469 /* NavigationController.swift in Sources */,
				3C155EC31DD43A7A00375469 /* DownloadedCell.swift in Sources */,
				3CDFB39C1DD83F48006C0975 /* BarItem.swift in Sources */,
				3CDFB39A1DD77CD5006C0975 /* UIColor+RGB.swift in Sources */,
				3CFA58C31D6706D700341763 /* id3_parser.cpp in Sources */,
				3C12F1DE1E0A7F720084753F /* SelectableOverlay.swift in Sources */,
				3CFA58CA1D6706D700341763 /* FSParseRssPodcastFeedRequest.m in Sources */,
				3C9641E41D670DCE00386ABB /* DarwinNotificationHelper.m in Sources */,
				3CCFBF381DD41E0300514873 /* LrcCell.swift in Sources */,
				3C57B76A1DE448F200306ACB /* DownloadController.swift in Sources */,
				3C12F1DC1E0A75680084753F /* RouteCollectionViewCell.swift in Sources */,
				3CFA58BD1D6706D700341763 /* audio_queue.cpp in Sources */,
				3C12F1DA1E0A711D0084753F /* NaviPointAnnotation.swift in Sources */,
				3CCFBF511DD41F1C00514873 /* UIView+Geometry.m in Sources */,
				3CFA58C81D6706D700341763 /* FSCheckContentTypeRequest.m in Sources */,
				3C155ED71DD449AD00375469 /* NaviController.swift in Sources */,
				3C9641FA1D670FB800386ABB /* GeocodeAnnotation.m in Sources */,
				3C24CEDB1DD30D2F007C862C /* Main.swift in Sources */,
				3C3BD3191DDDA264007545DC /* UIImage+BoxBlur.m in Sources */,
				3C155EAE1DD4284000375469 /* PlaylistController.swift in Sources */,
				3C12F1D81E0A68B90084753F /* DrivingCalculateController.swift in Sources */,
				3CFA58C51D6706D700341763 /* stream_configuration.cpp in Sources */,
				3C2EA2CB1DE9CA7C004AE511 /* M13ProgressViewBar.m in Sources */,
				3CFA58CB1D6706D700341763 /* FSPlaylistItem.m in Sources */,
				3CCFBF4E1DD41F1C00514873 /* UIColor+RGBValues.m in Sources */,
				3CA3E5D11DE2AB5300CB36ED /* DBHelper.swift in Sources */,
				3CE18E341E03BF500018AED0 /* SegmentControl.swift in Sources */,
				3CE3455B1DF2CB15007EDE5E /* Routes.swift in Sources */,
				3CFA58C41D6706D700341763 /* input_stream.cpp in Sources */,
				3CDFB3931DD76E5D006C0975 /* TrackListController.swift in Sources */,
				3C2EA2C51DE80AF8004AE511 /* OperationButton.swift in Sources */,
				3C3BD3181DDDA264007545DC /* DRNRealTimeBlurView.m in Sources */,
				3C0A1A9A1DD5B72000E90306 /* MainControllers.swift in Sources */,
				3C329A371DF2D7F7001EC10B /* SingleRoute.swift in Sources */,
				3CFA58BF1D6706D700341763 /* caching_stream.cpp in Sources */,
				3C24CEEB1DD32038007C862C /* Reflect.swift in Sources */,
				3CFA58C71D6706D700341763 /* FSAudioStream.mm in Sources */,
				3C8E35281DEAD3DC002D3AC7 /* TrackEncoding.swift in Sources */,
				3CCFBF501DD41F1C00514873 /* UIImage+Reflection.m in Sources */,
				3C84DCCB1DD4909E0029D2E6 /* Track.swift in Sources */,
				3CFA58BE1D6706D700341763 /* audio_stream.cpp in Sources */,
				3CFA58C21D6706D700341763 /* http_stream.cpp in Sources */,
				3C24C5AC1E13958900D67545 /* UserGuideController.swift in Sources */,
				3CB2E2FB1BA7B26800805D4F /* AppDelegate.m in Sources */,
				3C23480F1DF6B4C100D3B915 /* MapController.swift in Sources */,
				3CFA58CD1D6706D700341763 /* Reachability.m in Sources */,
				3CF1E2D11DEC12DC00DD48DC /* SharedMapView.m in Sources */,
				3C2EA2BF1DE5A8F2004AE511 /* DownloadingController.swift in Sources */,
				3CE18E361E03C7420018AED0 /* NavButton.swift in Sources */,
				3CCFBF4F1DD41F1C00514873 /* UIImage+BoxBlur.m in Sources */,
				3C2EA2C71DE9B7DD004AE511 /* DownloadingCell.swift in Sources */,
				3C0A1A961DD5B35400E90306 /* MainScrollview.swift in Sources */,
				3CB2E2F81BA7B26800805D4F /* main.m in Sources */,
			);
			runOnlyForDeploymentPostprocessing = 0;
		};
		3CB2E3071BA7B26800805D4F /* Sources */ = {
			isa = PBXSourcesBuildPhase;
			buildActionMask = 2147483647;
			files = (
				3CB2E3121BA7B26800805D4F /* PoTunesTests.m in Sources */,
			);
			runOnlyForDeploymentPostprocessing = 0;
		};
/* End PBXSourcesBuildPhase section */

/* Begin PBXTargetDependency section */
		3CB2E30D1BA7B26800805D4F /* PBXTargetDependency */ = {
			isa = PBXTargetDependency;
			target = 3CB2E2F11BA7B26800805D4F /* 破音万里 */;
			targetProxy = 3CB2E30C1BA7B26800805D4F /* PBXContainerItemProxy */;
		};
/* End PBXTargetDependency section */

/* Begin PBXVariantGroup section */
		3CB2E3041BA7B26800805D4F /* LaunchScreen.xib */ = {
			isa = PBXVariantGroup;
			children = (
				3CB2E3051BA7B26800805D4F /* Base */,
			);
			name = LaunchScreen.xib;
			sourceTree = "<group>";
		};
/* End PBXVariantGroup section */

/* Begin XCBuildConfiguration section */
		3C947D4A1BB7BBBA008039B9 /* ad hoc distribution */ = {
			isa = XCBuildConfiguration;
			buildSettings = {
				ALWAYS_SEARCH_USER_PATHS = NO;
				CLANG_CXX_LANGUAGE_STANDARD = "gnu++0x";
				CLANG_CXX_LIBRARY = "libc++";
				CLANG_ENABLE_MODULES = YES;
				CLANG_ENABLE_OBJC_ARC = YES;
				CLANG_WARN_BOOL_CONVERSION = YES;
				CLANG_WARN_CONSTANT_CONVERSION = YES;
				CLANG_WARN_DIRECT_OBJC_ISA_USAGE = YES_ERROR;
				CLANG_WARN_EMPTY_BODY = YES;
				CLANG_WARN_ENUM_CONVERSION = YES;
				CLANG_WARN_INFINITE_RECURSION = YES;
				CLANG_WARN_INT_CONVERSION = YES;
				CLANG_WARN_OBJC_ROOT_CLASS = YES_ERROR;
				CLANG_WARN_SUSPICIOUS_MOVE = YES;
				CLANG_WARN_UNREACHABLE_CODE = YES;
				CLANG_WARN__DUPLICATE_METHOD_MATCH = YES;
				CODE_SIGN_IDENTITY = "iPhone Developer: PengCheng Zhao (2P9E2Y5942)";
				"CODE_SIGN_IDENTITY[sdk=iphoneos*]" = "iPhone Distribution: PengCheng Zhao (7LKFCH3GR5)";
				COPY_PHASE_STRIP = NO;
				DEBUG_INFORMATION_FORMAT = dwarf;
				ENABLE_NS_ASSERTIONS = NO;
				ENABLE_STRICT_OBJC_MSGSEND = YES;
				GCC_C_LANGUAGE_STANDARD = gnu99;
				GCC_NO_COMMON_BLOCKS = YES;
				GCC_WARN_64_TO_32_BIT_CONVERSION = YES;
				GCC_WARN_ABOUT_RETURN_TYPE = YES_ERROR;
				GCC_WARN_UNDECLARED_SELECTOR = YES;
				GCC_WARN_UNINITIALIZED_AUTOS = YES_AGGRESSIVE;
				GCC_WARN_UNUSED_FUNCTION = YES;
				GCC_WARN_UNUSED_VARIABLE = YES;
				IPHONEOS_DEPLOYMENT_TARGET = 8.0;
				MTL_ENABLE_DEBUG_INFO = NO;
				OTHER_LDFLAGS = "$(inherited)";
				PROVISIONING_PROFILE = "";
				SDKROOT = iphoneos;
				VALIDATE_PRODUCT = YES;
			};
			name = "ad hoc distribution";
		};
		3C947D4B1BB7BBBA008039B9 /* ad hoc distribution */ = {
			isa = XCBuildConfiguration;
			baseConfigurationReference = 0D348453E5A357FD09B587CE /* Pods-破音万里.ad hoc distribution.xcconfig */;
			buildSettings = {
				ALWAYS_EMBED_SWIFT_STANDARD_LIBRARIES = YES;
				ASSETCATALOG_COMPILER_APPICON_NAME = AppIcon;
				ASSETCATALOG_COMPILER_LAUNCHIMAGE_NAME = LaunchImage;
				CLANG_ENABLE_MODULES = YES;
				CODE_SIGN_ENTITLEMENTS = PoTunes/3rdParty/PoTunes.entitlements;
				CODE_SIGN_IDENTITY = "iPhone Developer: PengCheng Zhao (2P9E2Y5942)";
				"CODE_SIGN_IDENTITY[sdk=iphoneos*]" = "iPhone Developer";
				DEFINES_MODULE = YES;
				DEVELOPMENT_TEAM = 7LKFCH3GR5;
				ENABLE_BITCODE = YES;
				FRAMEWORK_SEARCH_PATHS = (
					"$(inherited)",
					"$(PROJECT_DIR)/PoTunes",
					"$(PROJECT_DIR)/PoTunes/3rdParty/AutoNavi",
					"$(PROJECT_DIR)/Pods/AMap3DMap",
				);
				GCC_PRECOMPILE_PREFIX_HEADER = YES;
				GCC_PREFIX_HEADER = "$(SRCROOT)/PoTunes/FreeStreamerMobile-Prefix.pch";
				GCC_PREPROCESSOR_DEFINITIONS = "$(inherited)";
				HEADER_SEARCH_PATHS = (
					/Applications/Xcode.app/Contents/Developer/Toolchains/XcodeDefault.xctoolchain/usr/include,
					"$(SDKROOT)/usr/include/libxml2",
					"$(inherited)",
				);
				INFOPLIST_FILE = PoTunes/Info.plist;
				IPHONEOS_DEPLOYMENT_TARGET = 9.0;
				LD_RUNPATH_SEARCH_PATHS = "$(inherited) @executable_path/Frameworks";
				LIBRARY_SEARCH_PATHS = (
					"$(inherited)",
					"$(PROJECT_DIR)/PoTunes",
					"$(PROJECT_DIR)/PoTunes/3rdParty",
					"$(PROJECT_DIR)/PoTunes/3rdParty/Wechat",
					"$(PROJECT_DIR)/PoTunes/3rdParty/BaiduPush",
				);
				OTHER_LDFLAGS = (
					"$(OTHER_LDFLAGS)",
					"-ObjC",
				);
				PRODUCT_BUNDLE_IDENTIFIER = fm.poche.PoTunes;
				PRODUCT_MODULE_NAME = PotunesRemix;
				PRODUCT_NAME = PoTunes;
				PROVISIONING_PROFILE = "";
				PROVISIONING_PROFILE_SPECIFIER = "";
				SWIFT_OBJC_BRIDGING_HEADER = "PoTunes/破音万里-Bridging-Header.h";
				SWIFT_VERSION = 3.0;
			};
			name = "ad hoc distribution";
		};
		3C947D4C1BB7BBBA008039B9 /* ad hoc distribution */ = {
			isa = XCBuildConfiguration;
			buildSettings = {
				BUNDLE_LOADER = "$(TEST_HOST)";
				CODE_SIGN_IDENTITY = "iPhone Distribution: PengCheng Zhao (7LKFCH3GR5)";
				"CODE_SIGN_IDENTITY[sdk=iphoneos*]" = "iPhone Distribution: PengCheng Zhao (7LKFCH3GR5)";
				FRAMEWORK_SEARCH_PATHS = "";
				INFOPLIST_FILE = PoTunesTests/Info.plist;
				LD_RUNPATH_SEARCH_PATHS = "$(inherited) @executable_path/Frameworks @loader_path/Frameworks";
				PRODUCT_BUNDLE_IDENTIFIER = "fm.poche.$(PRODUCT_NAME:rfc1034identifier)";
				PRODUCT_NAME = "破音万里";
				PROVISIONING_PROFILE = "";
				TEST_HOST = "$(BUILT_PRODUCTS_DIR)/破音万里.app/破音万里";
			};
			name = "ad hoc distribution";
		};
		3CB2E3131BA7B26800805D4F /* Debug */ = {
			isa = XCBuildConfiguration;
			buildSettings = {
				ALWAYS_SEARCH_USER_PATHS = NO;
				CLANG_CXX_LANGUAGE_STANDARD = "gnu++0x";
				CLANG_CXX_LIBRARY = "libc++";
				CLANG_ENABLE_MODULES = YES;
				CLANG_ENABLE_OBJC_ARC = YES;
				CLANG_WARN_BOOL_CONVERSION = YES;
				CLANG_WARN_CONSTANT_CONVERSION = YES;
				CLANG_WARN_DIRECT_OBJC_ISA_USAGE = YES_ERROR;
				CLANG_WARN_EMPTY_BODY = YES;
				CLANG_WARN_ENUM_CONVERSION = YES;
				CLANG_WARN_INFINITE_RECURSION = YES;
				CLANG_WARN_INT_CONVERSION = YES;
				CLANG_WARN_OBJC_ROOT_CLASS = YES_ERROR;
				CLANG_WARN_SUSPICIOUS_MOVE = YES;
				CLANG_WARN_UNREACHABLE_CODE = YES;
				CLANG_WARN__DUPLICATE_METHOD_MATCH = YES;
				CODE_SIGN_IDENTITY = "iPhone Developer: PengCheng Zhao (2P9E2Y5942)";
				"CODE_SIGN_IDENTITY[sdk=iphoneos*]" = "iPhone Developer: PengCheng Zhao (2P9E2Y5942)";
				COPY_PHASE_STRIP = NO;
				DEBUG_INFORMATION_FORMAT = dwarf;
				ENABLE_STRICT_OBJC_MSGSEND = YES;
				ENABLE_TESTABILITY = YES;
				GCC_C_LANGUAGE_STANDARD = gnu99;
				GCC_DYNAMIC_NO_PIC = NO;
				GCC_NO_COMMON_BLOCKS = YES;
				GCC_OPTIMIZATION_LEVEL = 0;
				GCC_PREPROCESSOR_DEFINITIONS = (
					"DEBUG=1",
					"$(inherited)",
				);
				GCC_SYMBOLS_PRIVATE_EXTERN = NO;
				GCC_WARN_64_TO_32_BIT_CONVERSION = YES;
				GCC_WARN_ABOUT_RETURN_TYPE = YES_ERROR;
				GCC_WARN_UNDECLARED_SELECTOR = YES;
				GCC_WARN_UNINITIALIZED_AUTOS = YES_AGGRESSIVE;
				GCC_WARN_UNUSED_FUNCTION = YES;
				GCC_WARN_UNUSED_VARIABLE = YES;
				IPHONEOS_DEPLOYMENT_TARGET = 8.0;
				MTL_ENABLE_DEBUG_INFO = YES;
				ONLY_ACTIVE_ARCH = YES;
				OTHER_LDFLAGS = "$(inherited)";
				PROVISIONING_PROFILE = "";
				SDKROOT = iphoneos;
			};
			name = Debug;
		};
		3CB2E3141BA7B26800805D4F /* Release */ = {
			isa = XCBuildConfiguration;
			buildSettings = {
				ALWAYS_SEARCH_USER_PATHS = NO;
				CLANG_CXX_LANGUAGE_STANDARD = "gnu++0x";
				CLANG_CXX_LIBRARY = "libc++";
				CLANG_ENABLE_MODULES = YES;
				CLANG_ENABLE_OBJC_ARC = YES;
				CLANG_WARN_BOOL_CONVERSION = YES;
				CLANG_WARN_CONSTANT_CONVERSION = YES;
				CLANG_WARN_DIRECT_OBJC_ISA_USAGE = YES_ERROR;
				CLANG_WARN_EMPTY_BODY = YES;
				CLANG_WARN_ENUM_CONVERSION = YES;
				CLANG_WARN_INFINITE_RECURSION = YES;
				CLANG_WARN_INT_CONVERSION = YES;
				CLANG_WARN_OBJC_ROOT_CLASS = YES_ERROR;
				CLANG_WARN_SUSPICIOUS_MOVE = YES;
				CLANG_WARN_UNREACHABLE_CODE = YES;
				CLANG_WARN__DUPLICATE_METHOD_MATCH = YES;
				CODE_SIGN_IDENTITY = "iPhone Distribution: PengCheng Zhao (7LKFCH3GR5)";
				"CODE_SIGN_IDENTITY[sdk=iphoneos*]" = "iPhone Distribution: PengCheng Zhao (7LKFCH3GR5)";
				COPY_PHASE_STRIP = NO;
				DEBUG_INFORMATION_FORMAT = dwarf;
				ENABLE_NS_ASSERTIONS = NO;
				ENABLE_STRICT_OBJC_MSGSEND = YES;
				GCC_C_LANGUAGE_STANDARD = gnu99;
				GCC_NO_COMMON_BLOCKS = YES;
				GCC_WARN_64_TO_32_BIT_CONVERSION = YES;
				GCC_WARN_ABOUT_RETURN_TYPE = YES_ERROR;
				GCC_WARN_UNDECLARED_SELECTOR = YES;
				GCC_WARN_UNINITIALIZED_AUTOS = YES_AGGRESSIVE;
				GCC_WARN_UNUSED_FUNCTION = YES;
				GCC_WARN_UNUSED_VARIABLE = YES;
				IPHONEOS_DEPLOYMENT_TARGET = 8.0;
				MTL_ENABLE_DEBUG_INFO = NO;
				OTHER_LDFLAGS = "$(inherited)";
				PROVISIONING_PROFILE = "";
				SDKROOT = iphoneos;
				SWIFT_OPTIMIZATION_LEVEL = "-Owholemodule";
				VALIDATE_PRODUCT = YES;
			};
			name = Release;
		};
		3CB2E3161BA7B26800805D4F /* Debug */ = {
			isa = XCBuildConfiguration;
			baseConfigurationReference = 28F6DD77EB623BF8E85E58B2 /* Pods-破音万里.debug.xcconfig */;
			buildSettings = {
				ALWAYS_EMBED_SWIFT_STANDARD_LIBRARIES = YES;
				ASSETCATALOG_COMPILER_APPICON_NAME = AppIcon;
				ASSETCATALOG_COMPILER_LAUNCHIMAGE_NAME = LaunchImage;
				CLANG_ENABLE_MODULES = YES;
				CODE_SIGN_ENTITLEMENTS = PoTunes/3rdParty/PoTunes.entitlements;
				CODE_SIGN_IDENTITY = "iPhone Developer: PengCheng Zhao (2P9E2Y5942)";
				"CODE_SIGN_IDENTITY[sdk=iphoneos*]" = "iPhone Developer";
				DEFINES_MODULE = YES;
				DEVELOPMENT_TEAM = 7LKFCH3GR5;
				ENABLE_BITCODE = YES;
				FRAMEWORK_SEARCH_PATHS = (
					"$(inherited)",
					"$(PROJECT_DIR)/PoTunes",
					"$(PROJECT_DIR)/PoTunes/3rdParty/AutoNavi",
					"$(PROJECT_DIR)/Pods/AMap3DMap",
				);
				GCC_PRECOMPILE_PREFIX_HEADER = YES;
				GCC_PREFIX_HEADER = "$(SRCROOT)/PoTunes/FreeStreamerMobile-Prefix.pch";
				GCC_PREPROCESSOR_DEFINITIONS = "$(inherited)";
				HEADER_SEARCH_PATHS = (
					/Applications/Xcode.app/Contents/Developer/Toolchains/XcodeDefault.xctoolchain/usr/include,
					"$(SDKROOT)/usr/include/libxml2",
					"$(inherited)",
				);
				INFOPLIST_FILE = PoTunes/Info.plist;
				IPHONEOS_DEPLOYMENT_TARGET = 9.0;
				LD_RUNPATH_SEARCH_PATHS = "$(inherited) @executable_path/Frameworks";
				LIBRARY_SEARCH_PATHS = (
					"$(inherited)",
					"$(PROJECT_DIR)/PoTunes",
					"$(PROJECT_DIR)/PoTunes/3rdParty",
					"$(PROJECT_DIR)/PoTunes/3rdParty/Wechat",
					"$(PROJECT_DIR)/PoTunes/3rdParty/BaiduPush",
				);
				OTHER_LDFLAGS = (
					"$(OTHER_LDFLAGS)",
					"-ObjC",
				);
				PRODUCT_BUNDLE_IDENTIFIER = fm.poche.PoTunes;
				PRODUCT_MODULE_NAME = PotunesRemix;
				PRODUCT_NAME = PoTunes;
				PROVISIONING_PROFILE = "";
				PROVISIONING_PROFILE_SPECIFIER = "";
				SWIFT_OBJC_BRIDGING_HEADER = "PoTunes/破音万里-Bridging-Header.h";
				SWIFT_OPTIMIZATION_LEVEL = "-Onone";
				SWIFT_VERSION = 3.0;
			};
			name = Debug;
		};
		3CB2E3171BA7B26800805D4F /* Release */ = {
			isa = XCBuildConfiguration;
			baseConfigurationReference = 5ACE65060298DC83FD3A5186 /* Pods-破音万里.release.xcconfig */;
			buildSettings = {
				ALWAYS_EMBED_SWIFT_STANDARD_LIBRARIES = YES;
				ASSETCATALOG_COMPILER_APPICON_NAME = AppIcon;
				ASSETCATALOG_COMPILER_LAUNCHIMAGE_NAME = LaunchImage;
				CLANG_ENABLE_MODULES = YES;
				CODE_SIGN_ENTITLEMENTS = PoTunes/3rdParty/PoTunes.entitlements;
				CODE_SIGN_IDENTITY = "iPhone Distribution: PengCheng Zhao (7LKFCH3GR5)";
				"CODE_SIGN_IDENTITY[sdk=iphoneos*]" = "iPhone Developer";
				DEFINES_MODULE = YES;
				DEVELOPMENT_TEAM = 7LKFCH3GR5;
				ENABLE_BITCODE = YES;
				FRAMEWORK_SEARCH_PATHS = (
					"$(inherited)",
					"$(PROJECT_DIR)/PoTunes",
					"$(PROJECT_DIR)/PoTunes/3rdParty/AutoNavi",
					"$(PROJECT_DIR)/Pods/AMap3DMap",
				);
				GCC_PRECOMPILE_PREFIX_HEADER = YES;
				GCC_PREFIX_HEADER = "$(SRCROOT)/PoTunes/FreeStreamerMobile-Prefix.pch";
				GCC_PREPROCESSOR_DEFINITIONS = "$(inherited)";
				HEADER_SEARCH_PATHS = (
					/Applications/Xcode.app/Contents/Developer/Toolchains/XcodeDefault.xctoolchain/usr/include,
					"$(SDKROOT)/usr/include/libxml2",
					"$(inherited)",
				);
				INFOPLIST_FILE = PoTunes/Info.plist;
				IPHONEOS_DEPLOYMENT_TARGET = 9.0;
				LD_RUNPATH_SEARCH_PATHS = "$(inherited) @executable_path/Frameworks";
				LIBRARY_SEARCH_PATHS = (
					"$(inherited)",
					"$(PROJECT_DIR)/PoTunes",
					"$(PROJECT_DIR)/PoTunes/3rdParty",
					"$(PROJECT_DIR)/PoTunes/3rdParty/Wechat",
					"$(PROJECT_DIR)/PoTunes/3rdParty/BaiduPush",
				);
				OTHER_LDFLAGS = (
					"$(OTHER_LDFLAGS)",
					"-ObjC",
					"$(inherited)",
				);
				PRODUCT_BUNDLE_IDENTIFIER = fm.poche.PoTunes;
				PRODUCT_MODULE_NAME = PotunesRemix;
				PRODUCT_NAME = PoTunes;
				PROVISIONING_PROFILE = "";
				PROVISIONING_PROFILE_SPECIFIER = "";
				SWIFT_OBJC_BRIDGING_HEADER = "PoTunes/破音万里-Bridging-Header.h";
				SWIFT_VERSION = 3.0;
			};
			name = Release;
		};
		3CB2E3191BA7B26800805D4F /* Debug */ = {
			isa = XCBuildConfiguration;
			buildSettings = {
				BUNDLE_LOADER = "$(TEST_HOST)";
				CODE_SIGN_IDENTITY = "iPhone Developer";
				"CODE_SIGN_IDENTITY[sdk=iphoneos*]" = "iPhone Developer";
				FRAMEWORK_SEARCH_PATHS = "";
				GCC_PREPROCESSOR_DEFINITIONS = (
					"DEBUG=1",
					"$(inherited)",
				);
				INFOPLIST_FILE = PoTunesTests/Info.plist;
				LD_RUNPATH_SEARCH_PATHS = "$(inherited) @executable_path/Frameworks @loader_path/Frameworks";
				PRODUCT_BUNDLE_IDENTIFIER = "fm.poche.$(PRODUCT_NAME:rfc1034identifier)";
				PRODUCT_NAME = "破音万里";
				PROVISIONING_PROFILE = "";
				TEST_HOST = "$(BUILT_PRODUCTS_DIR)/破音万里.app/破音万里";
			};
			name = Debug;
		};
		3CB2E31A1BA7B26800805D4F /* Release */ = {
			isa = XCBuildConfiguration;
			buildSettings = {
				BUNDLE_LOADER = "$(TEST_HOST)";
				CODE_SIGN_IDENTITY = "iPhone Developer";
				"CODE_SIGN_IDENTITY[sdk=iphoneos*]" = "iPhone Developer";
				FRAMEWORK_SEARCH_PATHS = "";
				INFOPLIST_FILE = PoTunesTests/Info.plist;
				LD_RUNPATH_SEARCH_PATHS = "$(inherited) @executable_path/Frameworks @loader_path/Frameworks";
				PRODUCT_BUNDLE_IDENTIFIER = "fm.poche.$(PRODUCT_NAME:rfc1034identifier)";
				PRODUCT_NAME = "破音万里";
				PROVISIONING_PROFILE = "";
				TEST_HOST = "$(BUILT_PRODUCTS_DIR)/破音万里.app/破音万里";
			};
			name = Release;
		};
/* End XCBuildConfiguration section */

/* Begin XCConfigurationList section */
		3CB2E2ED1BA7B26800805D4F /* Build configuration list for PBXProject "破音万里" */ = {
			isa = XCConfigurationList;
			buildConfigurations = (
				3CB2E3131BA7B26800805D4F /* Debug */,
				3CB2E3141BA7B26800805D4F /* Release */,
				3C947D4A1BB7BBBA008039B9 /* ad hoc distribution */,
			);
			defaultConfigurationIsVisible = 0;
			defaultConfigurationName = Release;
		};
		3CB2E3151BA7B26800805D4F /* Build configuration list for PBXNativeTarget "破音万里" */ = {
			isa = XCConfigurationList;
			buildConfigurations = (
				3CB2E3161BA7B26800805D4F /* Debug */,
				3CB2E3171BA7B26800805D4F /* Release */,
				3C947D4B1BB7BBBA008039B9 /* ad hoc distribution */,
			);
			defaultConfigurationIsVisible = 0;
			defaultConfigurationName = Release;
		};
		3CB2E3181BA7B26800805D4F /* Build configuration list for PBXNativeTarget "破音万里Tests" */ = {
			isa = XCConfigurationList;
			buildConfigurations = (
				3CB2E3191BA7B26800805D4F /* Debug */,
				3CB2E31A1BA7B26800805D4F /* Release */,
				3C947D4C1BB7BBBA008039B9 /* ad hoc distribution */,
			);
			defaultConfigurationIsVisible = 0;
			defaultConfigurationName = Release;
		};
/* End XCConfigurationList section */
	};
	rootObject = 3CB2E2EA1BA7B26800805D4F /* Project object */;
}
